{
  "object": {
    "pins": [
      {
        "package": "SwiftPM",
        "repositoryURL": "https://github.com/apple/swift-package-manager.git",
        "state": {
          "branch": null,
          "revision": "63a01220e93271dc3bf204b9e13dd1aeb2beefee",
          "version": "0.2.0"
        }
      }
    ]
  },
  "version": 1
}
