PODS:
  - MaterialComponents (1.0.1):
    - MaterialComponents/Buttons (= 1.0.1)
    - MaterialComponents/FlexibleHeader (= 1.0.1)
    - MaterialComponents/HeaderStackView (= 1.0.1)
    - MaterialComponents/Ink (= 1.0.1)
    - MaterialComponents/PageControl (= 1.0.1)
    - MaterialComponents/private (= 1.0.1)
    - MaterialComponents/ScrollViewDelegateMultiplexer (= 1.0.1)
    - MaterialComponents/ShadowElevations (= 1.0.1)
    - MaterialComponents/ShadowLayer (= 1.0.1)
    - MaterialComponents/Slider (= 1.0.1)
    - MaterialComponents/SpritedAnimationView (= 1.0.1)
    - MaterialComponents/Switch (= 1.0.1)
    - MaterialComponents/Typography (= 1.0.1)
  - MaterialComponents/Buttons (1.0.1):
    - MaterialComponents/Ink
    - MaterialComponents/ShadowElevations
    - MaterialComponents/ShadowLayer
    - MaterialComponents/Typography
  - MaterialComponents/FlexibleHeader (1.0.1)
  - MaterialComponents/HeaderStackView (1.0.1)
  - MaterialComponents/Ink (1.0.1)
  - MaterialComponents/PageControl (1.0.1)
  - MaterialComponents/private (1.0.1):
    - MaterialComponents/private/Color (= 1.0.1)
    - MaterialComponents/private/ThumbTrack (= 1.0.1)
  - MaterialComponents/private/Color (1.0.1)
  - MaterialComponents/private/ThumbTrack (1.0.1):
    - MaterialComponents/private/Color
    - MaterialComponents/ShadowElevations
    - MaterialComponents/ShadowLayer
  - MaterialComponents/ScrollViewDelegateMultiplexer (1.0.1)
  - MaterialComponents/ShadowElevations (1.0.1)
  - MaterialComponents/ShadowLayer (1.0.1)
  - MaterialComponents/Slider (1.0.1):
    - MaterialComponents/private/ThumbTrack
  - MaterialComponents/SpritedAnimationView (1.0.1)
  - MaterialComponents/Switch (1.0.1):
    - MaterialComponents/private/ThumbTrack
  - MaterialComponents/Typography (1.0.1)

DEPENDENCIES:
  - MaterialComponents (from `../../`)

EXTERNAL SOURCES:
  MaterialComponents:
    :path: ../../

SPEC CHECKSUMS:
  MaterialComponents: 32b38943bbc69bb9c623f211ba46473e1d4c945b

COCOAPODS: 0.39.0
