PODS:
  - MaterialComponents (2.0.2):
    - MaterialComponents/Buttons (= 2.0.2)
    - MaterialComponents/FlexibleHeader (= 2.0.2)
    - MaterialComponents/HeaderStackView (= 2.0.2)
    - MaterialComponents/Ink (= 2.0.2)
    - MaterialComponents/PageControl (= 2.0.2)
    - MaterialComponents/private (= 2.0.2)
    - MaterialComponents/ScrollViewDelegateMultiplexer (= 2.0.2)
    - MaterialComponents/ShadowElevations (= 2.0.2)
    - MaterialComponents/ShadowLayer (= 2.0.2)
    - MaterialComponents/Slider (= 2.0.2)
    - MaterialComponents/SpritedAnimationView (= 2.0.2)
    - MaterialComponents/Switch (= 2.0.2)
    - MaterialComponents/Typography (= 2.0.2)
  - MaterialComponents/Buttons (2.0.2):
    - MaterialComponents/Ink
    - MaterialComponents/ShadowElevations
    - MaterialComponents/ShadowLayer
    - MaterialComponents/Typography
  - MaterialComponents/FlexibleHeader (2.0.2)
  - MaterialComponents/HeaderStackView (2.0.2)
  - MaterialComponents/Ink (2.0.2)
  - MaterialComponents/PageControl (2.0.2)
  - MaterialComponents/private (2.0.2):
    - MaterialComponents/private/Color (= 2.0.2)
    - MaterialComponents/private/ThumbTrack (= 2.0.2)
  - MaterialComponents/private/Color (2.0.2)
  - MaterialComponents/private/ThumbTrack (2.0.2):
    - MaterialComponents/private/Color
    - MaterialComponents/ShadowElevations
    - MaterialComponents/ShadowLayer
  - MaterialComponents/ScrollViewDelegateMultiplexer (2.0.2)
  - MaterialComponents/ShadowElevations (2.0.2)
  - MaterialComponents/ShadowLayer (2.0.2)
  - MaterialComponents/Slider (2.0.2):
    - MaterialComponents/private/ThumbTrack
  - MaterialComponents/SpritedAnimationView (2.0.2)
  - MaterialComponents/Switch (2.0.2):
    - MaterialComponents/private/ThumbTrack
  - MaterialComponents/Typography (2.0.2)

DEPENDENCIES:
  - MaterialComponents (from `../../`)

EXTERNAL SOURCES:
  MaterialComponents:
    :path: ../../

SPEC CHECKSUMS:
  MaterialComponents: 427d9148084def35e32278cfc5503e42368f604f

COCOAPODS: 0.39.0
