// !$*UTF8*$!
{
	archiveVersion = 1;
	classes = {
	};
	objectVersion = 46;
	objects = {

/* Begin PBXBuildFile section */
		20B947851BEB3051005EE125 /* MDCFontResource.m in Sources */ = {isa = PBXBuildFile; fileRef = 20B947701BEB3051005EE125 /* MDCFontResource.m */; settings = {ASSET_TAGS = (); }; };
		20B947871BEB3051005EE125 /* MDCRobotoFontLoader.m in Sources */ = {isa = PBXBuildFile; fileRef = 20B947741BEB3051005EE125 /* MDCRobotoFontLoader.m */; settings = {ASSET_TAGS = (); }; };
		20B947881BEB3051005EE125 /* MDCTypography.m in Sources */ = {isa = PBXBuildFile; fileRef = 20B947761BEB3051005EE125 /* MDCTypography.m */; settings = {ASSET_TAGS = (); }; };
		20B947891BEB3051005EE125 /* MDCTypography+Deprecated.m in Sources */ = {isa = PBXBuildFile; fileRef = 20B947781BEB3051005EE125 /* MDCTypography+Deprecated.m */; settings = {ASSET_TAGS = (); }; };
		20B9478A1BEB3051005EE125 /* MDCTypography+GoogleAdditions.m in Sources */ = {isa = PBXBuildFile; fileRef = 20B9477A1BEB3051005EE125 /* MDCTypography+GoogleAdditions.m */; settings = {ASSET_TAGS = (); }; };
		20B947931BEB33B9005EE125 /* MDCTypography+Constants.m in Sources */ = {isa = PBXBuildFile; fileRef = 20B9478F1BEB33B9005EE125 /* MDCTypography+Constants.m */; settings = {ASSET_TAGS = (); }; };
		20B947941BEB33B9005EE125 /* MDCTypographyFontLoader.m in Sources */ = {isa = PBXBuildFile; fileRef = 20B947921BEB33B9005EE125 /* MDCTypographyFontLoader.m */; settings = {ASSET_TAGS = (); }; };
		20B947961BEB33D1005EE125 /* MaterialTypography.bundle in Resources */ = {isa = PBXBuildFile; fileRef = 20B947951BEB33D1005EE125 /* MaterialTypography.bundle */; settings = {ASSET_TAGS = (); }; };
		20B9479A1BEB34E2005EE125 /* MDCFontResourceTests.m in Sources */ = {isa = PBXBuildFile; fileRef = 20B947971BEB34E1005EE125 /* MDCFontResourceTests.m */; settings = {ASSET_TAGS = (); }; };
		20B9479B1BEB34E2005EE125 /* MDCRobotoFontLoaderTests.m in Sources */ = {isa = PBXBuildFile; fileRef = 20B947981BEB34E2005EE125 /* MDCRobotoFontLoaderTests.m */; settings = {ASSET_TAGS = (); }; };
		20B9479C1BEB34E2005EE125 /* MDCTypographyTests.m in Sources */ = {isa = PBXBuildFile; fileRef = 20B947991BEB34E2005EE125 /* MDCTypographyTests.m */; settings = {ASSET_TAGS = (); }; };
		20DA31C71BAA01AB00CE11C2 /* main.m in Sources */ = {isa = PBXBuildFile; fileRef = 20DA31C61BAA01AB00CE11C2 /* main.m */; };
		20DA31CA1BAA01AB00CE11C2 /* AppDelegate.m in Sources */ = {isa = PBXBuildFile; fileRef = 20DA31C91BAA01AB00CE11C2 /* AppDelegate.m */; };
		20DA31CD1BAA01AB00CE11C2 /* ViewController.m in Sources */ = {isa = PBXBuildFile; fileRef = 20DA31CC1BAA01AB00CE11C2 /* ViewController.m */; };
		20DA31D01BAA01AB00CE11C2 /* Main.storyboard in Resources */ = {isa = PBXBuildFile; fileRef = 20DA31CE1BAA01AB00CE11C2 /* Main.storyboard */; };
		20DA31D21BAA01AB00CE11C2 /* Assets.xcassets in Resources */ = {isa = PBXBuildFile; fileRef = 20DA31D11BAA01AB00CE11C2 /* Assets.xcassets */; };
		20DA31D51BAA01AB00CE11C2 /* LaunchScreen.storyboard in Resources */ = {isa = PBXBuildFile; fileRef = 20DA31D31BAA01AB00CE11C2 /* LaunchScreen.storyboard */; };
		20DA31E01BAA01AB00CE11C2 /* TypographyExampleTests.m in Sources */ = {isa = PBXBuildFile; fileRef = 20DA31DF1BAA01AB00CE11C2 /* TypographyExampleTests.m */; };
		20DA31EB1BAA01AB00CE11C2 /* TypographyExampleUITests.m in Sources */ = {isa = PBXBuildFile; fileRef = 20DA31EA1BAA01AB00CE11C2 /* TypographyExampleUITests.m */; };
/* End PBXBuildFile section */

/* Begin PBXContainerItemProxy section */
		20DA31DC1BAA01AB00CE11C2 /* PBXContainerItemProxy */ = {
			isa = PBXContainerItemProxy;
			containerPortal = 20DA31BA1BAA01AB00CE11C2 /* Project object */;
			proxyType = 1;
			remoteGlobalIDString = 20DA31C11BAA01AB00CE11C2;
			remoteInfo = TypographyExample;
		};
		20DA31E71BAA01AB00CE11C2 /* PBXContainerItemProxy */ = {
			isa = PBXContainerItemProxy;
			containerPortal = 20DA31BA1BAA01AB00CE11C2 /* Project object */;
			proxyType = 1;
			remoteGlobalIDString = 20DA31C11BAA01AB00CE11C2;
			remoteInfo = TypographyExample;
		};
/* End PBXContainerItemProxy section */

/* Begin PBXFileReference section */
		20B9476F1BEB3051005EE125 /* MDCFontResource.h */ = {isa = PBXFileReference; fileEncoding = 4; lastKnownFileType = sourcecode.c.h; path = MDCFontResource.h; sourceTree = "<group>"; };
		20B947701BEB3051005EE125 /* MDCFontResource.m */ = {isa = PBXFileReference; fileEncoding = 4; lastKnownFileType = sourcecode.c.objc; path = MDCFontResource.m; sourceTree = "<group>"; };
		20B947711BEB3051005EE125 /* MaterialTypography.h */ = {isa = PBXFileReference; fileEncoding = 4; lastKnownFileType = sourcecode.c.h; path = MaterialTypography.h; sourceTree = "<group>"; };
		20B947731BEB3051005EE125 /* MDCRobotoFontLoader.h */ = {isa = PBXFileReference; fileEncoding = 4; lastKnownFileType = sourcecode.c.h; path = MDCRobotoFontLoader.h; sourceTree = "<group>"; };
		20B947741BEB3051005EE125 /* MDCRobotoFontLoader.m */ = {isa = PBXFileReference; fileEncoding = 4; lastKnownFileType = sourcecode.c.objc; path = MDCRobotoFontLoader.m; sourceTree = "<group>"; };
		20B947751BEB3051005EE125 /* MDCTypography.h */ = {isa = PBXFileReference; fileEncoding = 4; lastKnownFileType = sourcecode.c.h; path = MDCTypography.h; sourceTree = "<group>"; };
		20B947761BEB3051005EE125 /* MDCTypography.m */ = {isa = PBXFileReference; fileEncoding = 4; lastKnownFileType = sourcecode.c.objc; path = MDCTypography.m; sourceTree = "<group>"; };
		20B947771BEB3051005EE125 /* MDCTypography+Deprecated.h */ = {isa = PBXFileReference; fileEncoding = 4; lastKnownFileType = sourcecode.c.h; path = "MDCTypography+Deprecated.h"; sourceTree = "<group>"; };
		20B947781BEB3051005EE125 /* MDCTypography+Deprecated.m */ = {isa = PBXFileReference; fileEncoding = 4; lastKnownFileType = sourcecode.c.objc; path = "MDCTypography+Deprecated.m"; sourceTree = "<group>"; };
		20B947791BEB3051005EE125 /* MDCTypography+GoogleAdditions.h */ = {isa = PBXFileReference; fileEncoding = 4; lastKnownFileType = sourcecode.c.h; path = "MDCTypography+GoogleAdditions.h"; sourceTree = "<group>"; };
		20B9477A1BEB3051005EE125 /* MDCTypography+GoogleAdditions.m */ = {isa = PBXFileReference; fileEncoding = 4; lastKnownFileType = sourcecode.c.objc; path = "MDCTypography+GoogleAdditions.m"; sourceTree = "<group>"; };
		20B9478F1BEB33B9005EE125 /* MDCTypography+Constants.m */ = {isa = PBXFileReference; fileEncoding = 4; lastKnownFileType = sourcecode.c.objc; path = "MDCTypography+Constants.m"; sourceTree = "<group>"; };
		20B947901BEB33B9005EE125 /* MDCTypography+Constants.h */ = {isa = PBXFileReference; fileEncoding = 4; lastKnownFileType = sourcecode.c.h; path = "MDCTypography+Constants.h"; sourceTree = "<group>"; };
		20B947911BEB33B9005EE125 /* MDCTypographyFontLoader.h */ = {isa = PBXFileReference; fileEncoding = 4; lastKnownFileType = sourcecode.c.h; path = MDCTypographyFontLoader.h; sourceTree = "<group>"; };
		20B947921BEB33B9005EE125 /* MDCTypographyFontLoader.m */ = {isa = PBXFileReference; fileEncoding = 4; lastKnownFileType = sourcecode.c.objc; path = MDCTypographyFontLoader.m; sourceTree = "<group>"; };
		20B947951BEB33D1005EE125 /* MaterialTypography.bundle */ = {isa = PBXFileReference; lastKnownFileType = "wrapper.plug-in"; path = MaterialTypography.bundle; sourceTree = "<group>"; };
		20B947971BEB34E1005EE125 /* MDCFontResourceTests.m */ = {isa = PBXFileReference; fileEncoding = 4; lastKnownFileType = sourcecode.c.objc; path = MDCFontResourceTests.m; sourceTree = "<group>"; };
		20B947981BEB34E2005EE125 /* MDCRobotoFontLoaderTests.m */ = {isa = PBXFileReference; fileEncoding = 4; lastKnownFileType = sourcecode.c.objc; path = MDCRobotoFontLoaderTests.m; sourceTree = "<group>"; };
		20B947991BEB34E2005EE125 /* MDCTypographyTests.m */ = {isa = PBXFileReference; fileEncoding = 4; lastKnownFileType = sourcecode.c.objc; path = MDCTypographyTests.m; sourceTree = "<group>"; };
		20DA31C21BAA01AB00CE11C2 /* TypographyExample.app */ = {isa = PBXFileReference; explicitFileType = wrapper.application; includeInIndex = 0; path = TypographyExample.app; sourceTree = BUILT_PRODUCTS_DIR; };
		20DA31C61BAA01AB00CE11C2 /* main.m */ = {isa = PBXFileReference; lastKnownFileType = sourcecode.c.objc; path = main.m; sourceTree = "<group>"; };
		20DA31C81BAA01AB00CE11C2 /* AppDelegate.h */ = {isa = PBXFileReference; lastKnownFileType = sourcecode.c.h; path = AppDelegate.h; sourceTree = "<group>"; };
		20DA31C91BAA01AB00CE11C2 /* AppDelegate.m */ = {isa = PBXFileReference; lastKnownFileType = sourcecode.c.objc; path = AppDelegate.m; sourceTree = "<group>"; };
		20DA31CB1BAA01AB00CE11C2 /* ViewController.h */ = {isa = PBXFileReference; lastKnownFileType = sourcecode.c.h; path = ViewController.h; sourceTree = "<group>"; };
		20DA31CC1BAA01AB00CE11C2 /* ViewController.m */ = {isa = PBXFileReference; lastKnownFileType = sourcecode.c.objc; path = ViewController.m; sourceTree = "<group>"; };
		20DA31CF1BAA01AB00CE11C2 /* Base */ = {isa = PBXFileReference; lastKnownFileType = file.storyboard; name = Base; path = Base.lproj/Main.storyboard; sourceTree = "<group>"; };
		20DA31D11BAA01AB00CE11C2 /* Assets.xcassets */ = {isa = PBXFileReference; lastKnownFileType = folder.assetcatalog; path = Assets.xcassets; sourceTree = "<group>"; };
		20DA31D41BAA01AB00CE11C2 /* Base */ = {isa = PBXFileReference; lastKnownFileType = file.storyboard; name = Base; path = Base.lproj/LaunchScreen.storyboard; sourceTree = "<group>"; };
		20DA31D61BAA01AB00CE11C2 /* Info.plist */ = {isa = PBXFileReference; lastKnownFileType = text.plist.xml; path = Info.plist; sourceTree = "<group>"; };
		20DA31DB1BAA01AB00CE11C2 /* TypographyExampleTests.xctest */ = {isa = PBXFileReference; explicitFileType = wrapper.cfbundle; includeInIndex = 0; path = TypographyExampleTests.xctest; sourceTree = BUILT_PRODUCTS_DIR; };
		20DA31DF1BAA01AB00CE11C2 /* TypographyExampleTests.m */ = {isa = PBXFileReference; lastKnownFileType = sourcecode.c.objc; path = TypographyExampleTests.m; sourceTree = "<group>"; };
		20DA31E11BAA01AB00CE11C2 /* Info.plist */ = {isa = PBXFileReference; lastKnownFileType = text.plist.xml; path = Info.plist; sourceTree = "<group>"; };
		20DA31E61BAA01AB00CE11C2 /* TypographyExampleUITests.xctest */ = {isa = PBXFileReference; explicitFileType = wrapper.cfbundle; includeInIndex = 0; path = TypographyExampleUITests.xctest; sourceTree = BUILT_PRODUCTS_DIR; };
		20DA31EA1BAA01AB00CE11C2 /* TypographyExampleUITests.m */ = {isa = PBXFileReference; lastKnownFileType = sourcecode.c.objc; path = TypographyExampleUITests.m; sourceTree = "<group>"; };
		20DA31EC1BAA01AB00CE11C2 /* Info.plist */ = {isa = PBXFileReference; lastKnownFileType = text.plist.xml; path = Info.plist; sourceTree = "<group>"; };
/* End PBXFileReference section */

/* Begin PBXFrameworksBuildPhase section */
		20DA31BF1BAA01AB00CE11C2 /* Frameworks */ = {
			isa = PBXFrameworksBuildPhase;
			buildActionMask = 2147483647;
			files = (
			);
			runOnlyForDeploymentPostprocessing = 0;
		};
		20DA31D81BAA01AB00CE11C2 /* Frameworks */ = {
			isa = PBXFrameworksBuildPhase;
			buildActionMask = 2147483647;
			files = (
			);
			runOnlyForDeploymentPostprocessing = 0;
		};
		20DA31E31BAA01AB00CE11C2 /* Frameworks */ = {
			isa = PBXFrameworksBuildPhase;
			buildActionMask = 2147483647;
			files = (
			);
			runOnlyForDeploymentPostprocessing = 0;
		};
/* End PBXFrameworksBuildPhase section */

/* Begin PBXGroup section */
		20B9477C1BEB3051005EE125 /* Private */ = {
			isa = PBXGroup;
			children = (
				20B9478F1BEB33B9005EE125 /* MDCTypography+Constants.m */,
				20B947901BEB33B9005EE125 /* MDCTypography+Constants.h */,
				20B947911BEB33B9005EE125 /* MDCTypographyFontLoader.h */,
				20B947921BEB33B9005EE125 /* MDCTypographyFontLoader.m */,
			);
			path = Private;
			sourceTree = "<group>";
		};
		20DA31B91BAA01AB00CE11C2 = {
			isa = PBXGroup;
			children = (
				20DA31FA1BAA062000CE11C2 /* Typography */,
				20DA31C41BAA01AB00CE11C2 /* TypographyExample */,
				20DA31DE1BAA01AB00CE11C2 /* TypographyExampleTests */,
				20DA31E91BAA01AB00CE11C2 /* TypographyExampleUITests */,
				20DA31C31BAA01AB00CE11C2 /* Products */,
			);
			sourceTree = "<group>";
		};
		20DA31C31BAA01AB00CE11C2 /* Products */ = {
			isa = PBXGroup;
			children = (
				20DA31C21BAA01AB00CE11C2 /* TypographyExample.app */,
				20DA31DB1BAA01AB00CE11C2 /* TypographyExampleTests.xctest */,
				20DA31E61BAA01AB00CE11C2 /* TypographyExampleUITests.xctest */,
			);
			name = Products;
			sourceTree = "<group>";
		};
		20DA31C41BAA01AB00CE11C2 /* TypographyExample */ = {
			isa = PBXGroup;
			children = (
				20DA31C81BAA01AB00CE11C2 /* AppDelegate.h */,
				20DA31C91BAA01AB00CE11C2 /* AppDelegate.m */,
				20DA31CB1BAA01AB00CE11C2 /* ViewController.h */,
				20DA31CC1BAA01AB00CE11C2 /* ViewController.m */,
				20DA31CE1BAA01AB00CE11C2 /* Main.storyboard */,
				20DA31D11BAA01AB00CE11C2 /* Assets.xcassets */,
				20DA31D31BAA01AB00CE11C2 /* LaunchScreen.storyboard */,
				20DA31D61BAA01AB00CE11C2 /* Info.plist */,
				20DA31C51BAA01AB00CE11C2 /* Supporting Files */,
			);
			path = TypographyExample;
			sourceTree = "<group>";
		};
		20DA31C51BAA01AB00CE11C2 /* Supporting Files */ = {
			isa = PBXGroup;
			children = (
				20DA31C61BAA01AB00CE11C2 /* main.m */,
			);
			name = "Supporting Files";
			sourceTree = "<group>";
		};
		20DA31DE1BAA01AB00CE11C2 /* TypographyExampleTests */ = {
			isa = PBXGroup;
			children = (
				20B947971BEB34E1005EE125 /* MDCFontResourceTests.m */,
				20B947981BEB34E2005EE125 /* MDCRobotoFontLoaderTests.m */,
				20B947991BEB34E2005EE125 /* MDCTypographyTests.m */,
				20DA31DF1BAA01AB00CE11C2 /* TypographyExampleTests.m */,
				20DA31E11BAA01AB00CE11C2 /* Info.plist */,
			);
			path = TypographyExampleTests;
			sourceTree = "<group>";
		};
		20DA31E91BAA01AB00CE11C2 /* TypographyExampleUITests */ = {
			isa = PBXGroup;
			children = (
				20DA31EA1BAA01AB00CE11C2 /* TypographyExampleUITests.m */,
				20DA31EC1BAA01AB00CE11C2 /* Info.plist */,
			);
			path = TypographyExampleUITests;
			sourceTree = "<group>";
		};
		20DA31FA1BAA062000CE11C2 /* Typography */ = {
			isa = PBXGroup;
			children = (
				20B9476F1BEB3051005EE125 /* MDCFontResource.h */,
				20B947701BEB3051005EE125 /* MDCFontResource.m */,
				20B947711BEB3051005EE125 /* MaterialTypography.h */,
				20B947731BEB3051005EE125 /* MDCRobotoFontLoader.h */,
				20B947741BEB3051005EE125 /* MDCRobotoFontLoader.m */,
				20B947751BEB3051005EE125 /* MDCTypography.h */,
				20B947761BEB3051005EE125 /* MDCTypography.m */,
				20B947771BEB3051005EE125 /* MDCTypography+Deprecated.h */,
				20B947781BEB3051005EE125 /* MDCTypography+Deprecated.m */,
				20B947791BEB3051005EE125 /* MDCTypography+GoogleAdditions.h */,
				20B9477A1BEB3051005EE125 /* MDCTypography+GoogleAdditions.m */,
				20B947951BEB33D1005EE125 /* MaterialTypography.bundle */,
				20B9477C1BEB3051005EE125 /* Private */,
			);
			name = Typography;
			path = ../../src;
			sourceTree = "<group>";
		};
/* End PBXGroup section */

/* Begin PBXNativeTarget section */
		20DA31C11BAA01AB00CE11C2 /* TypographyExample */ = {
			isa = PBXNativeTarget;
			buildConfigurationList = 20DA31EF1BAA01AB00CE11C2 /* Build configuration list for PBXNativeTarget "TypographyExample" */;
			buildPhases = (
				20DA31BE1BAA01AB00CE11C2 /* Sources */,
				20DA31BF1BAA01AB00CE11C2 /* Frameworks */,
				20DA31C01BAA01AB00CE11C2 /* Resources */,
			);
			buildRules = (
			);
			dependencies = (
			);
			name = TypographyExample;
			productName = TypographyExample;
			productReference = 20DA31C21BAA01AB00CE11C2 /* TypographyExample.app */;
			productType = "com.apple.product-type.application";
		};
		20DA31DA1BAA01AB00CE11C2 /* TypographyExampleTests */ = {
			isa = PBXNativeTarget;
			buildConfigurationList = 20DA31F21BAA01AB00CE11C2 /* Build configuration list for PBXNativeTarget "TypographyExampleTests" */;
			buildPhases = (
				20DA31D71BAA01AB00CE11C2 /* Sources */,
				20DA31D81BAA01AB00CE11C2 /* Frameworks */,
				20DA31D91BAA01AB00CE11C2 /* Resources */,
			);
			buildRules = (
			);
			dependencies = (
				20DA31DD1BAA01AB00CE11C2 /* PBXTargetDependency */,
			);
			name = TypographyExampleTests;
			productName = TypographyExampleTests;
			productReference = 20DA31DB1BAA01AB00CE11C2 /* TypographyExampleTests.xctest */;
			productType = "com.apple.product-type.bundle.unit-test";
		};
		20DA31E51BAA01AB00CE11C2 /* TypographyExampleUITests */ = {
			isa = PBXNativeTarget;
			buildConfigurationList = 20DA31F51BAA01AB00CE11C2 /* Build configuration list for PBXNativeTarget "TypographyExampleUITests" */;
			buildPhases = (
				20DA31E21BAA01AB00CE11C2 /* Sources */,
				20DA31E31BAA01AB00CE11C2 /* Frameworks */,
				20DA31E41BAA01AB00CE11C2 /* Resources */,
			);
			buildRules = (
			);
			dependencies = (
				20DA31E81BAA01AB00CE11C2 /* PBXTargetDependency */,
			);
			name = TypographyExampleUITests;
			productName = TypographyExampleUITests;
			productReference = 20DA31E61BAA01AB00CE11C2 /* TypographyExampleUITests.xctest */;
			productType = "com.apple.product-type.bundle.ui-testing";
		};
/* End PBXNativeTarget section */

/* Begin PBXProject section */
		20DA31BA1BAA01AB00CE11C2 /* Project object */ = {
			isa = PBXProject;
			attributes = {
				LastUpgradeCheck = 0700;
				ORGANIZATIONNAME = google;
				TargetAttributes = {
					20DA31C11BAA01AB00CE11C2 = {
						CreatedOnToolsVersion = 7.0;
					};
					20DA31DA1BAA01AB00CE11C2 = {
						CreatedOnToolsVersion = 7.0;
						TestTargetID = 20DA31C11BAA01AB00CE11C2;
					};
					20DA31E51BAA01AB00CE11C2 = {
						CreatedOnToolsVersion = 7.0;
						TestTargetID = 20DA31C11BAA01AB00CE11C2;
					};
				};
			};
			buildConfigurationList = 20DA31BD1BAA01AB00CE11C2 /* Build configuration list for PBXProject "TypographyExample" */;
			compatibilityVersion = "Xcode 3.2";
			developmentRegion = English;
			hasScannedForEncodings = 0;
			knownRegions = (
				en,
				Base,
			);
			mainGroup = 20DA31B91BAA01AB00CE11C2;
			productRefGroup = 20DA31C31BAA01AB00CE11C2 /* Products */;
			projectDirPath = "";
			projectRoot = "";
			targets = (
				20DA31C11BAA01AB00CE11C2 /* TypographyExample */,
				20DA31DA1BAA01AB00CE11C2 /* TypographyExampleTests */,
				20DA31E51BAA01AB00CE11C2 /* TypographyExampleUITests */,
			);
		};
/* End PBXProject section */

/* Begin PBXResourcesBuildPhase section */
		20DA31C01BAA01AB00CE11C2 /* Resources */ = {
			isa = PBXResourcesBuildPhase;
			buildActionMask = 2147483647;
			files = (
				20DA31D51BAA01AB00CE11C2 /* LaunchScreen.storyboard in Resources */,
				20DA31D21BAA01AB00CE11C2 /* Assets.xcassets in Resources */,
				20B947961BEB33D1005EE125 /* MaterialTypography.bundle in Resources */,
				20DA31D01BAA01AB00CE11C2 /* Main.storyboard in Resources */,
			);
			runOnlyForDeploymentPostprocessing = 0;
		};
		20DA31D91BAA01AB00CE11C2 /* Resources */ = {
			isa = PBXResourcesBuildPhase;
			buildActionMask = 2147483647;
			files = (
			);
			runOnlyForDeploymentPostprocessing = 0;
		};
		20DA31E41BAA01AB00CE11C2 /* Resources */ = {
			isa = PBXResourcesBuildPhase;
			buildActionMask = 2147483647;
			files = (
			);
			runOnlyForDeploymentPostprocessing = 0;
		};
/* End PBXResourcesBuildPhase section */

/* Begin PBXSourcesBuildPhase section */
		20DA31BE1BAA01AB00CE11C2 /* Sources */ = {
			isa = PBXSourcesBuildPhase;
			buildActionMask = 2147483647;
			files = (
				20DA31CD1BAA01AB00CE11C2 /* ViewController.m in Sources */,
				20B9478A1BEB3051005EE125 /* MDCTypography+GoogleAdditions.m in Sources */,
				20B947941BEB33B9005EE125 /* MDCTypographyFontLoader.m in Sources */,
				20B947871BEB3051005EE125 /* MDCRobotoFontLoader.m in Sources */,
				20B947851BEB3051005EE125 /* MDCFontResource.m in Sources */,
				20DA31CA1BAA01AB00CE11C2 /* AppDelegate.m in Sources */,
				20B947881BEB3051005EE125 /* MDCTypography.m in Sources */,
				20DA31C71BAA01AB00CE11C2 /* main.m in Sources */,
				20B947931BEB33B9005EE125 /* MDCTypography+Constants.m in Sources */,
				20B947891BEB3051005EE125 /* MDCTypography+Deprecated.m in Sources */,
			);
			runOnlyForDeploymentPostprocessing = 0;
		};
		20DA31D71BAA01AB00CE11C2 /* Sources */ = {
			isa = PBXSourcesBuildPhase;
			buildActionMask = 2147483647;
			files = (
				20B9479B1BEB34E2005EE125 /* MDCRobotoFontLoaderTests.m in Sources */,
				20B9479A1BEB34E2005EE125 /* MDCFontResourceTests.m in Sources */,
				20B9479C1BEB34E2005EE125 /* MDCTypographyTests.m in Sources */,
				20DA31E01BAA01AB00CE11C2 /* TypographyExampleTests.m in Sources */,
			);
			runOnlyForDeploymentPostprocessing = 0;
		};
		20DA31E21BAA01AB00CE11C2 /* Sources */ = {
			isa = PBXSourcesBuildPhase;
			buildActionMask = 2147483647;
			files = (
				20DA31EB1BAA01AB00CE11C2 /* TypographyExampleUITests.m in Sources */,
			);
			runOnlyForDeploymentPostprocessing = 0;
		};
/* End PBXSourcesBuildPhase section */

/* Begin PBXTargetDependency section */
		20DA31DD1BAA01AB00CE11C2 /* PBXTargetDependency */ = {
			isa = PBXTargetDependency;
			target = 20DA31C11BAA01AB00CE11C2 /* TypographyExample */;
			targetProxy = 20DA31DC1BAA01AB00CE11C2 /* PBXContainerItemProxy */;
		};
		20DA31E81BAA01AB00CE11C2 /* PBXTargetDependency */ = {
			isa = PBXTargetDependency;
			target = 20DA31C11BAA01AB00CE11C2 /* TypographyExample */;
			targetProxy = 20DA31E71BAA01AB00CE11C2 /* PBXContainerItemProxy */;
		};
/* End PBXTargetDependency section */

/* Begin PBXVariantGroup section */
		20DA31CE1BAA01AB00CE11C2 /* Main.storyboard */ = {
			isa = PBXVariantGroup;
			children = (
				20DA31CF1BAA01AB00CE11C2 /* Base */,
			);
			name = Main.storyboard;
			sourceTree = "<group>";
		};
		20DA31D31BAA01AB00CE11C2 /* LaunchScreen.storyboard */ = {
			isa = PBXVariantGroup;
			children = (
				20DA31D41BAA01AB00CE11C2 /* Base */,
			);
			name = LaunchScreen.storyboard;
			sourceTree = "<group>";
		};
/* End PBXVariantGroup section */

/* Begin XCBuildConfiguration section */
		20DA31ED1BAA01AB00CE11C2 /* Debug */ = {
			isa = XCBuildConfiguration;
			buildSettings = {
				ALWAYS_SEARCH_USER_PATHS = NO;
				CLANG_CXX_LANGUAGE_STANDARD = "gnu++0x";
				CLANG_CXX_LIBRARY = "libc++";
				CLANG_ENABLE_MODULES = YES;
				CLANG_ENABLE_OBJC_ARC = YES;
				CLANG_WARN_BOOL_CONVERSION = YES;
				CLANG_WARN_CONSTANT_CONVERSION = YES;
				CLANG_WARN_DIRECT_OBJC_ISA_USAGE = YES_ERROR;
				CLANG_WARN_EMPTY_BODY = YES;
				CLANG_WARN_ENUM_CONVERSION = YES;
				CLANG_WARN_INT_CONVERSION = YES;
				CLANG_WARN_OBJC_ROOT_CLASS = YES_ERROR;
				CLANG_WARN_UNREACHABLE_CODE = YES;
				CLANG_WARN__DUPLICATE_METHOD_MATCH = YES;
				"CODE_SIGN_IDENTITY[sdk=iphoneos*]" = "iPhone Developer";
				COPY_PHASE_STRIP = NO;
				DEBUG_INFORMATION_FORMAT = dwarf;
				ENABLE_STRICT_OBJC_MSGSEND = YES;
				ENABLE_TESTABILITY = YES;
				GCC_C_LANGUAGE_STANDARD = gnu99;
				GCC_DYNAMIC_NO_PIC = NO;
				GCC_NO_COMMON_BLOCKS = YES;
				GCC_OPTIMIZATION_LEVEL = 0;
				GCC_PREPROCESSOR_DEFINITIONS = (
					"DEBUG=1",
					"$(inherited)",
				);
				GCC_WARN_64_TO_32_BIT_CONVERSION = YES;
				GCC_WARN_ABOUT_RETURN_TYPE = YES_ERROR;
				GCC_WARN_UNDECLARED_SELECTOR = YES;
				GCC_WARN_UNINITIALIZED_AUTOS = YES_AGGRESSIVE;
				GCC_WARN_UNUSED_FUNCTION = YES;
				GCC_WARN_UNUSED_VARIABLE = YES;
				IPHONEOS_DEPLOYMENT_TARGET = 9.0;
				MTL_ENABLE_DEBUG_INFO = YES;
				ONLY_ACTIVE_ARCH = YES;
				SDKROOT = iphoneos;
				TARGETED_DEVICE_FAMILY = "1,2";
			};
			name = Debug;
		};
		20DA31EE1BAA01AB00CE11C2 /* Release */ = {
			isa = XCBuildConfiguration;
			buildSettings = {
				ALWAYS_SEARCH_USER_PATHS = NO;
				CLANG_CXX_LANGUAGE_STANDARD = "gnu++0x";
				CLANG_CXX_LIBRARY = "libc++";
				CLANG_ENABLE_MODULES = YES;
				CLANG_ENABLE_OBJC_ARC = YES;
				CLANG_WARN_BOOL_CONVERSION = YES;
				CLANG_WARN_CONSTANT_CONVERSION = YES;
				CLANG_WARN_DIRECT_OBJC_ISA_USAGE = YES_ERROR;
				CLANG_WARN_EMPTY_BODY = YES;
				CLANG_WARN_ENUM_CONVERSION = YES;
				CLANG_WARN_INT_CONVERSION = YES;
				CLANG_WARN_OBJC_ROOT_CLASS = YES_ERROR;
				CLANG_WARN_UNREACHABLE_CODE = YES;
				CLANG_WARN__DUPLICATE_METHOD_MATCH = YES;
				"CODE_SIGN_IDENTITY[sdk=iphoneos*]" = "iPhone Developer";
				COPY_PHASE_STRIP = NO;
				DEBUG_INFORMATION_FORMAT = "dwarf-with-dsym";
				ENABLE_NS_ASSERTIONS = NO;
				ENABLE_STRICT_OBJC_MSGSEND = YES;
				GCC_C_LANGUAGE_STANDARD = gnu99;
				GCC_NO_COMMON_BLOCKS = YES;
				GCC_WARN_64_TO_32_BIT_CONVERSION = YES;
				GCC_WARN_ABOUT_RETURN_TYPE = YES_ERROR;
				GCC_WARN_UNDECLARED_SELECTOR = YES;
				GCC_WARN_UNINITIALIZED_AUTOS = YES_AGGRESSIVE;
				GCC_WARN_UNUSED_FUNCTION = YES;
				GCC_WARN_UNUSED_VARIABLE = YES;
				IPHONEOS_DEPLOYMENT_TARGET = 9.0;
				MTL_ENABLE_DEBUG_INFO = NO;
				SDKROOT = iphoneos;
				TARGETED_DEVICE_FAMILY = "1,2";
				VALIDATE_PRODUCT = YES;
			};
			name = Release;
		};
		20DA31F01BAA01AB00CE11C2 /* Debug */ = {
			isa = XCBuildConfiguration;
			buildSettings = {
				ASSETCATALOG_COMPILER_APPICON_NAME = AppIcon;
				INFOPLIST_FILE = TypographyExample/Info.plist;
				LD_RUNPATH_SEARCH_PATHS = "$(inherited) @executable_path/Frameworks";
				PRODUCT_BUNDLE_IDENTIFIER = com.google.MaterialComponents.TypographyExample;
				PRODUCT_NAME = "$(TARGET_NAME)";
			};
			name = Debug;
		};
		20DA31F11BAA01AB00CE11C2 /* Release */ = {
			isa = XCBuildConfiguration;
			buildSettings = {
				ASSETCATALOG_COMPILER_APPICON_NAME = AppIcon;
				INFOPLIST_FILE = TypographyExample/Info.plist;
				LD_RUNPATH_SEARCH_PATHS = "$(inherited) @executable_path/Frameworks";
				PRODUCT_BUNDLE_IDENTIFIER = com.google.MaterialComponents.TypographyExample;
				PRODUCT_NAME = "$(TARGET_NAME)";
			};
			name = Release;
		};
		20DA31F31BAA01AB00CE11C2 /* Debug */ = {
			isa = XCBuildConfiguration;
			buildSettings = {
				BUNDLE_LOADER = "$(TEST_HOST)";
				INFOPLIST_FILE = TypographyExampleTests/Info.plist;
				LD_RUNPATH_SEARCH_PATHS = "$(inherited) @executable_path/Frameworks @loader_path/Frameworks";
				PRODUCT_BUNDLE_IDENTIFIER = com.google.MaterialComponents.TypographyExampleTests;
				PRODUCT_NAME = "$(TARGET_NAME)";
				TEST_HOST = "$(BUILT_PRODUCTS_DIR)/TypographyExample.app/TypographyExample";
			};
			name = Debug;
		};
		20DA31F41BAA01AB00CE11C2 /* Release */ = {
			isa = XCBuildConfiguration;
			buildSettings = {
				BUNDLE_LOADER = "$(TEST_HOST)";
				INFOPLIST_FILE = TypographyExampleTests/Info.plist;
				LD_RUNPATH_SEARCH_PATHS = "$(inherited) @executable_path/Frameworks @loader_path/Frameworks";
				PRODUCT_BUNDLE_IDENTIFIER = com.google.MaterialComponents.TypographyExampleTests;
				PRODUCT_NAME = "$(TARGET_NAME)";
				TEST_HOST = "$(BUILT_PRODUCTS_DIR)/TypographyExample.app/TypographyExample";
			};
			name = Release;
		};
		20DA31F61BAA01AB00CE11C2 /* Debug */ = {
			isa = XCBuildConfiguration;
			buildSettings = {
				INFOPLIST_FILE = TypographyExampleUITests/Info.plist;
				LD_RUNPATH_SEARCH_PATHS = "$(inherited) @executable_path/Frameworks @loader_path/Frameworks";
				PRODUCT_BUNDLE_IDENTIFIER = com.google.MaterialComponents.TypographyExampleUITests;
				PRODUCT_NAME = "$(TARGET_NAME)";
				TEST_TARGET_NAME = TypographyExample;
				USES_XCTRUNNER = YES;
			};
			name = Debug;
		};
		20DA31F71BAA01AB00CE11C2 /* Release */ = {
			isa = XCBuildConfiguration;
			buildSettings = {
				INFOPLIST_FILE = TypographyExampleUITests/Info.plist;
				LD_RUNPATH_SEARCH_PATHS = "$(inherited) @executable_path/Frameworks @loader_path/Frameworks";
				PRODUCT_BUNDLE_IDENTIFIER = com.google.MaterialComponents.TypographyExampleUITests;
				PRODUCT_NAME = "$(TARGET_NAME)";
				TEST_TARGET_NAME = TypographyExample;
				USES_XCTRUNNER = YES;
			};
			name = Release;
		};
/* End XCBuildConfiguration section */

/* Begin XCConfigurationList section */
		20DA31BD1BAA01AB00CE11C2 /* Build configuration list for PBXProject "TypographyExample" */ = {
			isa = XCConfigurationList;
			buildConfigurations = (
				20DA31ED1BAA01AB00CE11C2 /* Debug */,
				20DA31EE1BAA01AB00CE11C2 /* Release */,
			);
			defaultConfigurationIsVisible = 0;
			defaultConfigurationName = Release;
		};
		20DA31EF1BAA01AB00CE11C2 /* Build configuration list for PBXNativeTarget "TypographyExample" */ = {
			isa = XCConfigurationList;
			buildConfigurations = (
				20DA31F01BAA01AB00CE11C2 /* Debug */,
				20DA31F11BAA01AB00CE11C2 /* Release */,
			);
			defaultConfigurationIsVisible = 0;
			defaultConfigurationName = Release;
		};
		20DA31F21BAA01AB00CE11C2 /* Build configuration list for PBXNativeTarget "TypographyExampleTests" */ = {
			isa = XCConfigurationList;
			buildConfigurations = (
				20DA31F31BAA01AB00CE11C2 /* Debug */,
				20DA31F41BAA01AB00CE11C2 /* Release */,
			);
			defaultConfigurationIsVisible = 0;
			defaultConfigurationName = Release;
		};
		20DA31F51BAA01AB00CE11C2 /* Build configuration list for PBXNativeTarget "TypographyExampleUITests" */ = {
			isa = XCConfigurationList;
			buildConfigurations = (
				20DA31F61BAA01AB00CE11C2 /* Debug */,
				20DA31F71BAA01AB00CE11C2 /* Release */,
			);
			defaultConfigurationIsVisible = 0;
			defaultConfigurationName = Release;
		};
/* End XCConfigurationList section */
	};
	rootObject = 20DA31BA1BAA01AB00CE11C2 /* Project object */;
}
