PODS:
  - MaterialComponents (28.0.0):
    - MaterialComponents/ActivityIndicator (= 28.0.0)
    - MaterialComponents/AnimationTiming (= 28.0.0)
    - MaterialComponents/AppBar (= 28.0.0)
    - MaterialComponents/BottomSheet (= 28.0.0)
    - MaterialComponents/ButtonBar (= 28.0.0)
    - MaterialComponents/Buttons (= 28.0.0)
    - MaterialComponents/CollectionCells (= 28.0.0)
    - MaterialComponents/CollectionLayoutAttributes (= 28.0.0)
    - MaterialComponents/Collections (= 28.0.0)
    - MaterialComponents/Dialogs (= 28.0.0)
    - MaterialComponents/FeatureHighlight (= 28.0.0)
    - MaterialComponents/FlexibleHeader (= 28.0.0)
    - MaterialComponents/HeaderStackView (= 28.0.0)
    - MaterialComponents/Ink (= 28.0.0)
    - MaterialComponents/NavigationBar (= 28.0.0)
    - MaterialComponents/OverlayWindow (= 28.0.0)
    - MaterialComponents/PageControl (= 28.0.0)
    - MaterialComponents/Palettes (= 28.0.0)
    - MaterialComponents/private (= 28.0.0)
    - MaterialComponents/ProgressView (= 28.0.0)
    - MaterialComponents/ShadowElevations (= 28.0.0)
    - MaterialComponents/ShadowLayer (= 28.0.0)
    - MaterialComponents/Slider (= 28.0.0)
    - MaterialComponents/Snackbar (= 28.0.0)
    - MaterialComponents/Tabs (= 28.0.0)
    - MaterialComponents/TextFields (= 28.0.0)
    - MaterialComponents/Themes (= 28.0.0)
    - MaterialComponents/Typography (= 28.0.0)
  - MaterialComponents/ActivityIndicator (28.0.0):
    - MaterialComponents/ActivityIndicator/ColorThemer (= 28.0.0)
    - MaterialComponents/ActivityIndicator/Component (= 28.0.0)
    - MaterialComponents/private/Application
    - MaterialComponents/private/RTL
  - MaterialComponents/ActivityIndicator/ColorThemer (28.0.0):
    - MaterialComponents/ActivityIndicator/Component
    - MaterialComponents/private/Application
    - MaterialComponents/private/RTL
    - MaterialComponents/Themes
  - MaterialComponents/ActivityIndicator/Component (28.0.0):
    - MaterialComponents/private/Application
    - MaterialComponents/private/RTL
  - MaterialComponents/AnimationTiming (28.0.0)
  - MaterialComponents/AppBar (28.0.0):
    - MaterialComponents/AppBar/ColorThemer (= 28.0.0)
    - MaterialComponents/AppBar/Component (= 28.0.0)
  - MaterialComponents/AppBar/ColorThemer (28.0.0):
    - MaterialComponents/AppBar/Component
    - MaterialComponents/Themes
  - MaterialComponents/AppBar/Component (28.0.0):
    - MaterialComponents/FlexibleHeader
    - MaterialComponents/HeaderStackView
    - MaterialComponents/NavigationBar
    - MaterialComponents/private/Icons/ic_arrow_back
    - MaterialComponents/private/RTL
    - MaterialComponents/ShadowElevations
    - MaterialComponents/ShadowLayer
    - MaterialComponents/Typography
  - MaterialComponents/BottomSheet (28.0.0):
    - MaterialComponents/private/KeyboardWatcher
    - MaterialComponents/private/Math
  - MaterialComponents/ButtonBar (28.0.0):
    - MaterialComponents/ButtonBar/ColorThemer (= 28.0.0)
    - MaterialComponents/ButtonBar/Component (= 28.0.0)
    - MaterialComponents/Buttons
    - MaterialComponents/private/RTL
  - MaterialComponents/ButtonBar/ColorThemer (28.0.0):
    - MaterialComponents/ButtonBar/Component
    - MaterialComponents/Buttons
    - MaterialComponents/NavigationBar/Component
    - MaterialComponents/private/RTL
    - MaterialComponents/Themes
  - MaterialComponents/ButtonBar/Component (28.0.0):
    - MaterialComponents/Buttons
    - MaterialComponents/private/RTL
  - MaterialComponents/Buttons (28.0.0):
    - MaterialComponents/Buttons/ColorThemer (= 28.0.0)
    - MaterialComponents/Buttons/Component (= 28.0.0)
    - MaterialComponents/Buttons/TitleColorAccessibilityMutator (= 28.0.0)
    - MaterialComponents/Ink
    - MaterialComponents/private/Math
    - MaterialComponents/ShadowElevations
    - MaterialComponents/ShadowLayer
    - MaterialComponents/Typography
    - MDFTextAccessibility
  - MaterialComponents/Buttons/ColorThemer (28.0.0):
    - MaterialComponents/Buttons/Component
    - MaterialComponents/Ink
    - MaterialComponents/private/Math
    - MaterialComponents/ShadowElevations
    - MaterialComponents/ShadowLayer
    - MaterialComponents/Themes
    - MaterialComponents/Typography
    - MDFTextAccessibility
  - MaterialComponents/Buttons/Component (28.0.0):
    - MaterialComponents/Ink
    - MaterialComponents/private/Math
    - MaterialComponents/ShadowElevations
    - MaterialComponents/ShadowLayer
    - MaterialComponents/Typography
    - MDFTextAccessibility
  - MaterialComponents/Buttons/TitleColorAccessibilityMutator (28.0.0):
    - MaterialComponents/Buttons/Component
    - MaterialComponents/Ink
    - MaterialComponents/private/Math
    - MaterialComponents/ShadowElevations
    - MaterialComponents/ShadowLayer
    - MaterialComponents/Typography
    - MDFTextAccessibility
  - MaterialComponents/CollectionCells (28.0.0):
    - MaterialComponents/CollectionLayoutAttributes
    - MaterialComponents/Ink
    - MaterialComponents/private/Icons/ic_check
    - MaterialComponents/private/Icons/ic_check_circle
    - MaterialComponents/private/Icons/ic_chevron_right
    - MaterialComponents/private/Icons/ic_info
    - MaterialComponents/private/Icons/ic_radio_button_unchecked
    - MaterialComponents/private/Icons/ic_reorder
    - MaterialComponents/private/Math
    - MaterialComponents/private/RTL
    - MaterialComponents/Typography
  - MaterialComponents/CollectionLayoutAttributes (28.0.0)
  - MaterialComponents/Collections (28.0.0):
    - MaterialComponents/CollectionCells
    - MaterialComponents/CollectionLayoutAttributes
    - MaterialComponents/Ink
    - MaterialComponents/ShadowElevations
    - MaterialComponents/ShadowLayer
    - MaterialComponents/Typography
  - MaterialComponents/Dialogs (28.0.0):
    - MaterialComponents/Dialogs/ColorThemer (= 28.0.0)
    - MaterialComponents/Dialogs/Component (= 28.0.0)
  - MaterialComponents/Dialogs/ColorThemer (28.0.0):
    - MaterialComponents/Dialogs/Component
    - MaterialComponents/Themes
  - MaterialComponents/Dialogs/Component (28.0.0):
    - MaterialComponents/Buttons
    - MaterialComponents/private/KeyboardWatcher
    - MaterialComponents/private/RTL
    - MaterialComponents/ShadowElevations
    - MaterialComponents/ShadowLayer
  - MaterialComponents/FeatureHighlight (28.0.0):
    - MaterialComponents/FeatureHighlight/ColorThemer (= 28.0.0)
    - MaterialComponents/FeatureHighlight/Component (= 28.0.0)
  - MaterialComponents/FeatureHighlight/ColorThemer (28.0.0):
    - MaterialComponents/FeatureHighlight/Component
    - MaterialComponents/Themes
  - MaterialComponents/FeatureHighlight/Component (28.0.0):
    - MaterialComponents/private/Math
    - MaterialComponents/Typography
    - MDFTextAccessibility
  - MaterialComponents/FlexibleHeader (28.0.0):
    - MaterialComponents/FlexibleHeader/ColorThemer (= 28.0.0)
    - MaterialComponents/FlexibleHeader/Component (= 28.0.0)
    - MaterialComponents/private/Application
    - MDFTextAccessibility
  - MaterialComponents/FlexibleHeader/ColorThemer (28.0.0):
    - MaterialComponents/FlexibleHeader/Component
    - MaterialComponents/private/Application
    - MaterialComponents/Themes
    - MDFTextAccessibility
  - MaterialComponents/FlexibleHeader/Component (28.0.0):
    - MaterialComponents/private/Application
    - MDFTextAccessibility
  - MaterialComponents/HeaderStackView (28.0.0):
    - MaterialComponents/HeaderStackView/ColorThemer (= 28.0.0)
    - MaterialComponents/HeaderStackView/Component (= 28.0.0)
  - MaterialComponents/HeaderStackView/ColorThemer (28.0.0):
    - MaterialComponents/HeaderStackView/Component
    - MaterialComponents/Themes
  - MaterialComponents/HeaderStackView/Component (28.0.0)
  - MaterialComponents/Ink (28.0.0):
    - MaterialComponents/Ink/ColorThemer (= 28.0.0)
    - MaterialComponents/Ink/Component (= 28.0.0)
  - MaterialComponents/Ink/ColorThemer (28.0.0):
    - MaterialComponents/Ink/Component
    - MaterialComponents/Themes
  - MaterialComponents/Ink/Component (28.0.0)
  - MaterialComponents/NavigationBar (28.0.0):
    - MaterialComponents/NavigationBar/ColorThemer (= 28.0.0)
    - MaterialComponents/NavigationBar/Component (= 28.0.0)
  - MaterialComponents/NavigationBar/ColorThemer (28.0.0):
    - MaterialComponents/NavigationBar/Component
    - MaterialComponents/Themes
  - MaterialComponents/NavigationBar/Component (28.0.0):
    - MaterialComponents/ButtonBar/Component
    - MaterialComponents/private/Math
    - MaterialComponents/private/RTL
    - MaterialComponents/Typography
    - MDFTextAccessibility
  - MaterialComponents/OverlayWindow (28.0.0):
    - MaterialComponents/private/Application
  - MaterialComponents/PageControl (28.0.0):
    - MaterialComponents/PageControl/ColorThemer (= 28.0.0)
    - MaterialComponents/PageControl/Component (= 28.0.0)
  - MaterialComponents/PageControl/ColorThemer (28.0.0):
    - MaterialComponents/PageControl/Component
    - MaterialComponents/Themes
  - MaterialComponents/PageControl/Component (28.0.0)
  - MaterialComponents/Palettes (28.0.0)
  - MaterialComponents/private (28.0.0):
    - MaterialComponents/private/Application (= 28.0.0)
    - MaterialComponents/private/Icons (= 28.0.0)
    - MaterialComponents/private/KeyboardWatcher (= 28.0.0)
    - MaterialComponents/private/Math (= 28.0.0)
    - MaterialComponents/private/Overlay (= 28.0.0)
    - MaterialComponents/private/RTL (= 28.0.0)
    - MaterialComponents/private/ThumbTrack (= 28.0.0)
  - MaterialComponents/private/Application (28.0.0)
  - MaterialComponents/private/Icons (28.0.0):
    - MaterialComponents/private/Icons/Base (= 28.0.0)
    - MaterialComponents/private/Icons/ic_arrow_back (= 28.0.0)
    - MaterialComponents/private/Icons/ic_check (= 28.0.0)
    - MaterialComponents/private/Icons/ic_check_circle (= 28.0.0)
    - MaterialComponents/private/Icons/ic_chevron_right (= 28.0.0)
    - MaterialComponents/private/Icons/ic_info (= 28.0.0)
    - MaterialComponents/private/Icons/ic_radio_button_unchecked (= 28.0.0)
    - MaterialComponents/private/Icons/ic_reorder (= 28.0.0)
  - MaterialComponents/private/Icons/Base (28.0.0)
  - MaterialComponents/private/Icons/ic_arrow_back (28.0.0):
    - MaterialComponents/private/Icons/Base
  - MaterialComponents/private/Icons/ic_check (28.0.0):
    - MaterialComponents/private/Icons/Base
  - MaterialComponents/private/Icons/ic_check_circle (28.0.0):
    - MaterialComponents/private/Icons/Base
  - MaterialComponents/private/Icons/ic_chevron_right (28.0.0):
    - MaterialComponents/private/Icons/Base
  - MaterialComponents/private/Icons/ic_info (28.0.0):
    - MaterialComponents/private/Icons/Base
  - MaterialComponents/private/Icons/ic_radio_button_unchecked (28.0.0):
    - MaterialComponents/private/Icons/Base
  - MaterialComponents/private/Icons/ic_reorder (28.0.0):
    - MaterialComponents/private/Icons/Base
  - MaterialComponents/private/KeyboardWatcher (28.0.0):
    - MaterialComponents/private/Application
  - MaterialComponents/private/Math (28.0.0)
  - MaterialComponents/private/Overlay (28.0.0)
  - MaterialComponents/private/RTL (28.0.0)
  - MaterialComponents/private/ThumbTrack (28.0.0):
    - MaterialComponents/Ink
    - MaterialComponents/private/Math
    - MaterialComponents/private/RTL
    - MaterialComponents/ShadowElevations
    - MaterialComponents/ShadowLayer
    - MaterialComponents/Typography
  - MaterialComponents/ProgressView (28.0.0):
    - MaterialComponents/ProgressView/ColorThemer (= 28.0.0)
    - MaterialComponents/ProgressView/Component (= 28.0.0)
  - MaterialComponents/ProgressView/ColorThemer (28.0.0):
    - MaterialComponents/ProgressView/Component
    - MaterialComponents/Themes
  - MaterialComponents/ProgressView/Component (28.0.0):
    - MaterialComponents/private/Math
    - MaterialComponents/private/RTL
  - MaterialComponents/ShadowElevations (28.0.0)
  - MaterialComponents/ShadowLayer (28.0.0)
  - MaterialComponents/Slider (28.0.0):
    - MaterialComponents/Slider/ColorThemer (= 28.0.0)
    - MaterialComponents/Slider/Component (= 28.0.0)
  - MaterialComponents/Slider/ColorThemer (28.0.0):
    - MaterialComponents/Slider/Component
    - MaterialComponents/Themes
  - MaterialComponents/Slider/Component (28.0.0):
    - MaterialComponents/private/ThumbTrack
  - MaterialComponents/Snackbar (28.0.0):
    - MaterialComponents/AnimationTiming
    - MaterialComponents/Buttons
    - MaterialComponents/OverlayWindow
    - MaterialComponents/private/Application
    - MaterialComponents/private/KeyboardWatcher
    - MaterialComponents/private/Overlay
    - MaterialComponents/Typography
  - MaterialComponents/Tabs (28.0.0):
    - MaterialComponents/Tabs/ColorThemer (= 28.0.0)
    - MaterialComponents/Tabs/Component (= 28.0.0)
  - MaterialComponents/Tabs/ColorThemer (28.0.0):
    - MaterialComponents/Tabs/Component
    - MaterialComponents/Themes
  - MaterialComponents/Tabs/Component (28.0.0):
    - MaterialComponents/AnimationTiming
    - MaterialComponents/Ink
    - MaterialComponents/private/RTL
    - MaterialComponents/Typography
  - MaterialComponents/TextFields (28.0.0):
    - MaterialComponents/AnimationTiming
    - MaterialComponents/Palettes
    - MaterialComponents/private/Math
    - MaterialComponents/private/RTL
    - MaterialComponents/Typography
  - MaterialComponents/Themes (28.0.0)
  - MaterialComponents/Typography (28.0.0):
    - MaterialComponents/private/Application
  - MDFTextAccessibility (1.2.0)

DEPENDENCIES:
  - MaterialComponents (from `../../`)

EXTERNAL SOURCES:
  MaterialComponents:
    :path: "../../"

SPEC CHECKSUMS:
  MaterialComponents: 8307865c3150da217dabdcf1ad921a7fd6663dd8
  MDFTextAccessibility: 94098925e0853551c5a311ce7c1ecefbe297cdb6

PODFILE CHECKSUM: 8c6ad4fe8e5aa667e06c9b43f3f5d4d6430b1322

COCOAPODS: 1.2.1
