PODS:
  - MaterialComponents (5.0.0):
    - MaterialComponents/AppBar (= 5.0.0)
    - MaterialComponents/ButtonBar (= 5.0.0)
    - MaterialComponents/Buttons (= 5.0.0)
    - MaterialComponents/CollectionCells (= 5.0.0)
    - MaterialComponents/CollectionLayoutAttributes (= 5.0.0)
    - MaterialComponents/Collections (= 5.0.0)
    - MaterialComponents/FlexibleHeader (= 5.0.0)
    - MaterialComponents/FontDiskLoader (= 5.0.0)
    - MaterialComponents/HeaderStackView (= 5.0.0)
    - MaterialComponents/Ink (= 5.0.0)
    - MaterialComponents/NavigationBar (= 5.0.0)
    - MaterialComponents/PageControl (= 5.0.0)
    - MaterialComponents/private (= 5.0.0)
    - MaterialComponents/RobotoFontLoader (= 5.0.0)
    - MaterialComponents/ShadowElevations (= 5.0.0)
    - MaterialComponents/ShadowLayer (= 5.0.0)
    - MaterialComponents/Slider (= 5.0.0)
    - MaterialComponents/SpritedAnimationView (= 5.0.0)
    - MaterialComponents/Switch (= 5.0.0)
    - MaterialComponents/Typography (= 5.0.0)
  - MaterialComponents/AppBar (5.0.0):
    - MaterialComponents/FlexibleHeader
    - MaterialComponents/HeaderStackView
    - MaterialComponents/NavigationBar
    - MaterialComponents/private/Icons/ic_arrow_back
    - MaterialComponents/ShadowElevations
    - MaterialComponents/ShadowLayer
    - MaterialComponents/Typography
  - MaterialComponents/ButtonBar (5.0.0):
    - MaterialComponents/Buttons
  - MaterialComponents/Buttons (5.0.0):
    - MaterialComponents/Ink
    - MaterialComponents/ShadowElevations
    - MaterialComponents/ShadowLayer
    - MaterialComponents/Typography
  - MaterialComponents/CollectionCells (5.0.0):
    - MaterialComponents/CollectionLayoutAttributes
    - MaterialComponents/Ink
    - MaterialComponents/private/Icons/ic_check
    - MaterialComponents/private/Icons/ic_check_circle
    - MaterialComponents/private/Icons/ic_chevron_right
    - MaterialComponents/private/Icons/ic_info
    - MaterialComponents/private/Icons/ic_radio_button_unchecked
    - MaterialComponents/private/Icons/ic_reorder
    - MaterialComponents/Typography
  - MaterialComponents/CollectionLayoutAttributes (5.0.0)
  - MaterialComponents/Collections (5.0.0):
    - MaterialComponents/CollectionCells
    - MaterialComponents/CollectionLayoutAttributes
    - MaterialComponents/Ink
    - MaterialComponents/ShadowElevations
    - MaterialComponents/ShadowLayer
    - MaterialComponents/Typography
  - MaterialComponents/FlexibleHeader (5.0.0)
  - MaterialComponents/FontDiskLoader (5.0.0)
  - MaterialComponents/HeaderStackView (5.0.0)
  - MaterialComponents/Ink (5.0.0)
  - MaterialComponents/NavigationBar (5.0.0):
    - MaterialComponents/ButtonBar
    - MaterialComponents/Typography
  - MaterialComponents/PageControl (5.0.0)
  - MaterialComponents/private (5.0.0):
    - MaterialComponents/private/Color (= 5.0.0)
    - MaterialComponents/private/Icons (= 5.0.0)
    - MaterialComponents/private/ThumbTrack (= 5.0.0)
  - MaterialComponents/private/Color (5.0.0)
  - MaterialComponents/private/Icons (5.0.0):
    - MaterialComponents/private/Icons/Base (= 5.0.0)
    - MaterialComponents/private/Icons/ic_arrow_back (= 5.0.0)
    - MaterialComponents/private/Icons/ic_check (= 5.0.0)
    - MaterialComponents/private/Icons/ic_check_circle (= 5.0.0)
    - MaterialComponents/private/Icons/ic_chevron_right (= 5.0.0)
    - MaterialComponents/private/Icons/ic_info (= 5.0.0)
    - MaterialComponents/private/Icons/ic_radio_button_unchecked (= 5.0.0)
    - MaterialComponents/private/Icons/ic_reorder (= 5.0.0)
  - MaterialComponents/private/Icons/Base (5.0.0)
  - MaterialComponents/private/Icons/ic_arrow_back (5.0.0):
    - MaterialComponents/private/Icons/Base
  - MaterialComponents/private/Icons/ic_check (5.0.0):
    - MaterialComponents/private/Icons/Base
  - MaterialComponents/private/Icons/ic_check_circle (5.0.0):
    - MaterialComponents/private/Icons/Base
  - MaterialComponents/private/Icons/ic_chevron_right (5.0.0):
    - MaterialComponents/private/Icons/Base
  - MaterialComponents/private/Icons/ic_info (5.0.0):
    - MaterialComponents/private/Icons/Base
  - MaterialComponents/private/Icons/ic_radio_button_unchecked (5.0.0):
    - MaterialComponents/private/Icons/Base
  - MaterialComponents/private/Icons/ic_reorder (5.0.0):
    - MaterialComponents/private/Icons/Base
  - MaterialComponents/private/ThumbTrack (5.0.0):
    - MaterialComponents/Ink
    - MaterialComponents/private/Color
    - MaterialComponents/ShadowElevations
    - MaterialComponents/ShadowLayer
  - MaterialComponents/RobotoFontLoader (5.0.0):
    - MaterialComponents/FontDiskLoader
    - MaterialComponents/Typography
  - MaterialComponents/ShadowElevations (5.0.0)
  - MaterialComponents/ShadowLayer (5.0.0)
  - MaterialComponents/Slider (5.0.0):
    - MaterialComponents/private/ThumbTrack
  - MaterialComponents/SpritedAnimationView (5.0.0)
  - MaterialComponents/Switch (5.0.0):
    - MaterialComponents/private/ThumbTrack
  - MaterialComponents/Typography (5.0.0)
  - MaterialComponentsCatalog (5.0.0):
    - MaterialComponents
  - MaterialComponentsUnitTests (5.0.0):
    - MaterialComponents

DEPENDENCIES:
  - MaterialComponents (from `../`)
  - MaterialComponentsCatalog (from `../`)
  - MaterialComponentsUnitTests (from `../`)

EXTERNAL SOURCES:
  MaterialComponents:
    :path: ../
  MaterialComponentsCatalog:
    :path: ../
  MaterialComponentsUnitTests:
    :path: ../

SPEC CHECKSUMS:
  MaterialComponents: 5de833a54f1cd86c5826c605d8fb00db0d5c4626
  MaterialComponentsCatalog: 3c3164b20890756c6701ec09d1420c3d2114c876
  MaterialComponentsUnitTests: 37830e7944154daea9f6aea9664249635e03ce00

COCOAPODS: 0.39.0
