PODS:
  - MaterialComponents (4.0.1):
    - MaterialComponents/AppBar (= 4.0.1)
    - MaterialComponents/ButtonBar (= 4.0.1)
    - MaterialComponents/Buttons (= 4.0.1)
    - MaterialComponents/FlexibleHeader (= 4.0.1)
    - MaterialComponents/FontDiskLoader (= 4.0.1)
    - MaterialComponents/HeaderStackView (= 4.0.1)
    - MaterialComponents/Ink (= 4.0.1)
    - MaterialComponents/NavigationBar (= 4.0.1)
    - MaterialComponents/PageControl (= 4.0.1)
    - MaterialComponents/private (= 4.0.1)
    - MaterialComponents/RobotoFontLoader (= 4.0.1)
    - MaterialComponents/ScrollViewDelegateMultiplexer (= 4.0.1)
    - MaterialComponents/ShadowElevations (= 4.0.1)
    - MaterialComponents/ShadowLayer (= 4.0.1)
    - MaterialComponents/Slider (= 4.0.1)
    - MaterialComponents/SpritedAnimationView (= 4.0.1)
    - MaterialComponents/Switch (= 4.0.1)
    - MaterialComponents/Typography (= 4.0.1)
  - MaterialComponents/AppBar (4.0.1):
    - MaterialComponents/FlexibleHeader
    - MaterialComponents/HeaderStackView
    - MaterialComponents/NavigationBar
    - MaterialComponents/private/Icons/ic_arrow_back
    - MaterialComponents/ShadowElevations
    - MaterialComponents/ShadowLayer
    - MaterialComponents/Typography
  - MaterialComponents/ButtonBar (4.0.1):
    - MaterialComponents/Buttons
  - MaterialComponents/Buttons (4.0.1):
    - MaterialComponents/Ink
    - MaterialComponents/ShadowElevations
    - MaterialComponents/ShadowLayer
    - MaterialComponents/Typography
  - MaterialComponents/FlexibleHeader (4.0.1)
  - MaterialComponents/FontDiskLoader (4.0.1)
  - MaterialComponents/HeaderStackView (4.0.1)
  - MaterialComponents/Ink (4.0.1)
  - MaterialComponents/NavigationBar (4.0.1):
    - MaterialComponents/ButtonBar
    - MaterialComponents/Typography
  - MaterialComponents/PageControl (4.0.1)
  - MaterialComponents/private (4.0.1):
    - MaterialComponents/private/Color (= 4.0.1)
    - MaterialComponents/private/Icons (= 4.0.1)
    - MaterialComponents/private/ThumbTrack (= 4.0.1)
  - MaterialComponents/private/Color (4.0.1)
  - MaterialComponents/private/Icons (4.0.1):
    - MaterialComponents/private/Icons/Base (= 4.0.1)
    - MaterialComponents/private/Icons/ic_arrow_back (= 4.0.1)
  - MaterialComponents/private/Icons/Base (4.0.1)
  - MaterialComponents/private/Icons/ic_arrow_back (4.0.1):
    - MaterialComponents/private/Icons/Base
  - MaterialComponents/private/ThumbTrack (4.0.1):
    - MaterialComponents/Ink
    - MaterialComponents/private/Color
    - MaterialComponents/ShadowElevations
    - MaterialComponents/ShadowLayer
  - MaterialComponents/RobotoFontLoader (4.0.1):
    - MaterialComponents/FontDiskLoader
    - MaterialComponents/Typography
  - MaterialComponents/ScrollViewDelegateMultiplexer (4.0.1)
  - MaterialComponents/ShadowElevations (4.0.1)
  - MaterialComponents/ShadowLayer (4.0.1)
  - MaterialComponents/Slider (4.0.1):
    - MaterialComponents/private/ThumbTrack
  - MaterialComponents/SpritedAnimationView (4.0.1)
  - MaterialComponents/Switch (4.0.1):
    - MaterialComponents/private/ThumbTrack
  - MaterialComponents/Typography (4.0.1)
  - MaterialComponentsCatalog (4.0.1):
    - MaterialComponents
  - MaterialComponentsUnitTests (4.0.1):
    - MaterialComponents

DEPENDENCIES:
  - MaterialComponents (from `../`)
  - MaterialComponentsCatalog (from `../`)
  - MaterialComponentsUnitTests (from `../`)

EXTERNAL SOURCES:
  MaterialComponents:
    :path: ../
  MaterialComponentsCatalog:
    :path: ../
  MaterialComponentsUnitTests:
    :path: ../

SPEC CHECKSUMS:
  MaterialComponents: 0f57dfb792eee175d9c287e6b5778cbeb60fcf0b
  MaterialComponentsCatalog: 4769fcabbbdb4b40373eb428f329dbc4c2b53dac
  MaterialComponentsUnitTests: 8fa9520a8dae5ee0b7962ce449619b5be13445e6

COCOAPODS: 0.39.0
