PODS:
  - material-components-ios (0.2.1):
    - material-components-ios/Buttons (= 0.2.1)
    - material-components-ios/FlexibleHeader (= 0.2.1)
    - material-components-ios/Ink (= 0.2.1)
    - material-components-ios/PageControl (= 0.2.1)
    - material-components-ios/private (= 0.2.1)
    - material-components-ios/ScrollViewDelegateMultiplexer (= 0.2.1)
    - material-components-ios/ShadowElevations (= 0.2.1)
    - material-components-ios/ShadowLayer (= 0.2.1)
    - material-components-ios/Slider (= 0.2.1)
    - material-components-ios/SpritedAnimationView (= 0.2.1)
    - material-components-ios/Switch (= 0.2.1)
    - material-components-ios/Typography (= 0.2.1)
  - material-components-ios/Buttons (0.2.1):
    - material-components-ios/Ink
    - material-components-ios/ShadowElevations
    - material-components-ios/ShadowLayer
    - material-components-ios/Typography
  - material-components-ios/FlexibleHeader (0.2.1)
  - material-components-ios/Ink (0.2.1)
  - material-components-ios/PageControl (0.2.1)
  - material-components-ios/private (0.2.1):
    - material-components-ios/private/Color (= 0.2.1)
    - material-components-ios/private/ThumbTrack (= 0.2.1)
  - material-components-ios/private/Color (0.2.1)
  - material-components-ios/private/ThumbTrack (0.2.1):
    - material-components-ios/private/Color
    - material-components-ios/ShadowElevations
    - material-components-ios/ShadowLayer
  - material-components-ios/ScrollViewDelegateMultiplexer (0.2.1)
  - material-components-ios/ShadowElevations (0.2.1)
  - material-components-ios/ShadowLayer (0.2.1)
  - material-components-ios/Slider (0.2.1):
    - material-components-ios/private/ThumbTrack
  - material-components-ios/SpritedAnimationView (0.2.1)
  - material-components-ios/Switch (0.2.1):
    - material-components-ios/private/ThumbTrack
  - material-components-ios/Typography (0.2.1)

DEPENDENCIES:
  - material-components-ios (from `../../`)

EXTERNAL SOURCES:
  material-components-ios:
    :path: ../../

SPEC CHECKSUMS:
  material-components-ios: b50d9c7d943980c8f9918da0101b0364aade4413

COCOAPODS: 0.39.0
