PODS:
  - MaterialComponents/ShadowElevations (23.3.0)
  - MaterialComponents/ShadowLayer (23.3.0)

DEPENDENCIES:
  - MaterialComponents/ShadowElevations (from `../../`)
  - MaterialComponents/ShadowLayer (from `../../`)

EXTERNAL SOURCES:
  MaterialComponents:
    :path: "../../"

SPEC CHECKSUMS:
  MaterialComponents: 1eeec6cfd05ef6bba14e66b6d36cb893415e5c11

PODFILE CHECKSUM: 238ed9ba58d5e4a3638e6cea92b00109641989f8

COCOAPODS: 1.2.1
