PODS:
  - MaterialComponents/ShadowElevations (30.0.0)
  - MaterialComponents/ShadowLayer (30.0.0)

DEPENDENCIES:
  - MaterialComponents/ShadowElevations (from `../../`)
  - MaterialComponents/ShadowLayer (from `../../`)

EXTERNAL SOURCES:
  MaterialComponents:
    :path: "../../"

SPEC CHECKSUMS:
  MaterialComponents: 0f4bf48b9c53df31aaa5e145cb0beee1dc03bece

PODFILE CHECKSUM: 238ed9ba58d5e4a3638e6cea92b00109641989f8

COCOAPODS: 1.2.1
