PODS:
  - MaterialComponents/ShadowElevations (32.0.0)
  - MaterialComponents/ShadowLayer (32.0.0)

DEPENDENCIES:
  - MaterialComponents/ShadowElevations (from `../../`)
  - MaterialComponents/ShadowLayer (from `../../`)

EXTERNAL SOURCES:
  MaterialComponents:
    :path: "../../"

SPEC CHECKSUMS:
  MaterialComponents: 1f5eef1236301bbe4c4d169b5c8fba44cd57be67

PODFILE CHECKSUM: 238ed9ba58d5e4a3638e6cea92b00109641989f8

COCOAPODS: 1.2.1
