// !$*UTF8*$!
{
	archiveVersion = 1;
	classes = {
	};
	objectVersion = 46;
	objects = {

/* Begin PBXBuildFile section */
		C91F6A4A1C62BC0400EB4BA8 /* PestoAvatarView.m in Sources */ = {isa = PBXBuildFile; fileRef = C91F6A491C62BC0400EB4BA8 /* PestoAvatarView.m */; };
		C91F6A501C63A80F00EB4BA8 /* PestoRemoteImageService.m in Sources */ = {isa = PBXBuildFile; fileRef = C91F6A4F1C63A80F00EB4BA8 /* PestoRemoteImageService.m */; };
		C9A8552B1C4EDFAA003CADF7 /* PestoSettingsViewController.m in Sources */ = {isa = PBXBuildFile; fileRef = C9A8552A1C4EDFAA003CADF7 /* PestoSettingsViewController.m */; };
		CE6A9B25D9A958C060ABB21D /* libPods-Pesto.a in Frameworks */ = {isa = PBXBuildFile; fileRef = B0D8C7972AFCDCD5C9447F8E /* libPods-Pesto.a */; };
		DE3620651C73A0850026DF5D /* PestoCollectionViewController.m in Sources */ = {isa = PBXBuildFile; fileRef = DE3620641C73A0850026DF5D /* PestoCollectionViewController.m */; };
		DE381E1A1C457CEE00019C1D /* PestoCardCollectionViewCell.m in Sources */ = {isa = PBXBuildFile; fileRef = DE381E191C457CEE00019C1D /* PestoCardCollectionViewCell.m */; };
		DE381E401C45A9FB00019C1D /* PestoSideView.m in Sources */ = {isa = PBXBuildFile; fileRef = DE381E3F1C45A9FB00019C1D /* PestoSideView.m */; };
		DE5EF8671C404E0E00D2D4B9 /* PestoDetailViewController.m in Sources */ = {isa = PBXBuildFile; fileRef = DE5EF8661C404E0E00D2D4B9 /* PestoDetailViewController.m */; };
		DEA791031C751D0D006301CC /* PestoData.m in Sources */ = {isa = PBXBuildFile; fileRef = DEA791021C751D0D006301CC /* PestoData.m */; };
		DEA791051C752B6A006301CC /* PestoFlexibleHeaderContainerViewController.m in Sources */ = {isa = PBXBuildFile; fileRef = DEA791041C752B6A006301CC /* PestoFlexibleHeaderContainerViewController.m */; };
		DEBEDF291C3EF5D5004B614B /* main.m in Sources */ = {isa = PBXBuildFile; fileRef = DEBEDF281C3EF5D5004B614B /* main.m */; };
		DEBEDF2C1C3EF5D5004B614B /* PestoAppDelegate.m in Sources */ = {isa = PBXBuildFile; fileRef = DEBEDF2B1C3EF5D5004B614B /* PestoAppDelegate.m */; };
		DEBEDF341C3EF5D5004B614B /* Assets.xcassets in Resources */ = {isa = PBXBuildFile; fileRef = DEBEDF331C3EF5D5004B614B /* Assets.xcassets */; };
		DEBEDF371C3EF5D5004B614B /* LaunchScreen.storyboard in Resources */ = {isa = PBXBuildFile; fileRef = DEBEDF351C3EF5D5004B614B /* LaunchScreen.storyboard */; };
		DEE21BC11C9AF56E0024CB5C /* PestoRecipeCardView.m in Sources */ = {isa = PBXBuildFile; fileRef = DEE21BC01C9AF56E0024CB5C /* PestoRecipeCardView.m */; };
/* End PBXBuildFile section */

/* Begin PBXFileReference section */
		B0D8C7972AFCDCD5C9447F8E /* libPods-Pesto.a */ = {isa = PBXFileReference; explicitFileType = archive.ar; includeInIndex = 0; path = "libPods-Pesto.a"; sourceTree = BUILT_PRODUCTS_DIR; };
		BD25922DF748FCA11BCF30C4 /* Pods-Pesto.release.xcconfig */ = {isa = PBXFileReference; includeInIndex = 1; lastKnownFileType = text.xcconfig; name = "Pods-Pesto.release.xcconfig"; path = "Pods/Target Support Files/Pods-Pesto/Pods-Pesto.release.xcconfig"; sourceTree = "<group>"; };
		C91F6A481C62BC0400EB4BA8 /* PestoAvatarView.h */ = {isa = PBXFileReference; fileEncoding = 4; lastKnownFileType = sourcecode.c.h; path = PestoAvatarView.h; sourceTree = "<group>"; };
		C91F6A491C62BC0400EB4BA8 /* PestoAvatarView.m */ = {isa = PBXFileReference; fileEncoding = 4; lastKnownFileType = sourcecode.c.objc; path = PestoAvatarView.m; sourceTree = "<group>"; };
		C91F6A4E1C63A80F00EB4BA8 /* PestoRemoteImageService.h */ = {isa = PBXFileReference; fileEncoding = 4; lastKnownFileType = sourcecode.c.h; path = PestoRemoteImageService.h; sourceTree = "<group>"; };
		C91F6A4F1C63A80F00EB4BA8 /* PestoRemoteImageService.m */ = {isa = PBXFileReference; fileEncoding = 4; lastKnownFileType = sourcecode.c.objc; path = PestoRemoteImageService.m; sourceTree = "<group>"; };
		C9A855291C4EDFAA003CADF7 /* PestoSettingsViewController.h */ = {isa = PBXFileReference; fileEncoding = 4; lastKnownFileType = sourcecode.c.h; path = PestoSettingsViewController.h; sourceTree = "<group>"; };
		C9A8552A1C4EDFAA003CADF7 /* PestoSettingsViewController.m */ = {isa = PBXFileReference; fileEncoding = 4; lastKnownFileType = sourcecode.c.objc; path = PestoSettingsViewController.m; sourceTree = "<group>"; };
		D36B00D81356A416449940A7 /* Pods-Pesto.debug.xcconfig */ = {isa = PBXFileReference; includeInIndex = 1; lastKnownFileType = text.xcconfig; name = "Pods-Pesto.debug.xcconfig"; path = "Pods/Target Support Files/Pods-Pesto/Pods-Pesto.debug.xcconfig"; sourceTree = "<group>"; };
		DE3620631C73A0710026DF5D /* PestoCollectionViewController.h */ = {isa = PBXFileReference; lastKnownFileType = sourcecode.c.h; path = PestoCollectionViewController.h; sourceTree = "<group>"; };
		DE3620641C73A0850026DF5D /* PestoCollectionViewController.m */ = {isa = PBXFileReference; fileEncoding = 4; lastKnownFileType = sourcecode.c.objc; path = PestoCollectionViewController.m; sourceTree = "<group>"; };
		DE381E181C457CE300019C1D /* PestoCardCollectionViewCell.h */ = {isa = PBXFileReference; lastKnownFileType = sourcecode.c.h; path = PestoCardCollectionViewCell.h; sourceTree = "<group>"; };
		DE381E191C457CEE00019C1D /* PestoCardCollectionViewCell.m */ = {isa = PBXFileReference; fileEncoding = 4; lastKnownFileType = sourcecode.c.objc; path = PestoCardCollectionViewCell.m; sourceTree = "<group>"; };
		DE381E3E1C45A9FB00019C1D /* PestoSideView.h */ = {isa = PBXFileReference; fileEncoding = 4; lastKnownFileType = sourcecode.c.h; path = PestoSideView.h; sourceTree = "<group>"; };
		DE381E3F1C45A9FB00019C1D /* PestoSideView.m */ = {isa = PBXFileReference; fileEncoding = 4; lastKnownFileType = sourcecode.c.objc; path = PestoSideView.m; sourceTree = "<group>"; };
		DE5EF8651C404DFD00D2D4B9 /* PestoDetailViewController.h */ = {isa = PBXFileReference; lastKnownFileType = sourcecode.c.h; path = PestoDetailViewController.h; sourceTree = "<group>"; };
		DE5EF8661C404E0E00D2D4B9 /* PestoDetailViewController.m */ = {isa = PBXFileReference; fileEncoding = 4; lastKnownFileType = sourcecode.c.objc; path = PestoDetailViewController.m; sourceTree = "<group>"; };
		DEA791011C751D00006301CC /* PestoData.h */ = {isa = PBXFileReference; lastKnownFileType = sourcecode.c.h; path = PestoData.h; sourceTree = "<group>"; };
		DEA791021C751D0D006301CC /* PestoData.m */ = {isa = PBXFileReference; fileEncoding = 4; lastKnownFileType = sourcecode.c.objc; path = PestoData.m; sourceTree = "<group>"; };
		DEA791041C752B6A006301CC /* PestoFlexibleHeaderContainerViewController.m */ = {isa = PBXFileReference; fileEncoding = 4; lastKnownFileType = sourcecode.c.objc; path = PestoFlexibleHeaderContainerViewController.m; sourceTree = "<group>"; };
		DEA791061C752B74006301CC /* PestoFlexibleHeaderContainerViewController.h */ = {isa = PBXFileReference; lastKnownFileType = sourcecode.c.h; path = PestoFlexibleHeaderContainerViewController.h; sourceTree = "<group>"; };
		DEBEDF241C3EF5D5004B614B /* Pesto.app */ = {isa = PBXFileReference; explicitFileType = wrapper.application; includeInIndex = 0; path = Pesto.app; sourceTree = BUILT_PRODUCTS_DIR; };
		DEBEDF281C3EF5D5004B614B /* main.m */ = {isa = PBXFileReference; lastKnownFileType = sourcecode.c.objc; path = main.m; sourceTree = "<group>"; };
		DEBEDF2A1C3EF5D5004B614B /* PestoAppDelegate.h */ = {isa = PBXFileReference; lastKnownFileType = sourcecode.c.h; path = PestoAppDelegate.h; sourceTree = "<group>"; };
		DEBEDF2B1C3EF5D5004B614B /* PestoAppDelegate.m */ = {isa = PBXFileReference; lastKnownFileType = sourcecode.c.objc; path = PestoAppDelegate.m; sourceTree = "<group>"; };
		DEBEDF331C3EF5D5004B614B /* Assets.xcassets */ = {isa = PBXFileReference; lastKnownFileType = folder.assetcatalog; path = Assets.xcassets; sourceTree = "<group>"; };
		DEBEDF361C3EF5D5004B614B /* Base */ = {isa = PBXFileReference; lastKnownFileType = file.storyboard; name = Base; path = Base.lproj/LaunchScreen.storyboard; sourceTree = "<group>"; };
		DEBEDF381C3EF5D5004B614B /* Info.plist */ = {isa = PBXFileReference; lastKnownFileType = text.plist.xml; path = Info.plist; sourceTree = "<group>"; };
		DEE21BBF1C9AF5610024CB5C /* PestoRecipeCardView.h */ = {isa = PBXFileReference; lastKnownFileType = sourcecode.c.h; path = PestoRecipeCardView.h; sourceTree = "<group>"; };
		DEE21BC01C9AF56E0024CB5C /* PestoRecipeCardView.m */ = {isa = PBXFileReference; fileEncoding = 4; lastKnownFileType = sourcecode.c.objc; path = PestoRecipeCardView.m; sourceTree = "<group>"; };
/* End PBXFileReference section */

/* Begin PBXFrameworksBuildPhase section */
		DEBEDF211C3EF5D5004B614B /* Frameworks */ = {
			isa = PBXFrameworksBuildPhase;
			buildActionMask = 2147483647;
			files = (
				CE6A9B25D9A958C060ABB21D /* libPods-Pesto.a in Frameworks */,
			);
			runOnlyForDeploymentPostprocessing = 0;
		};
/* End PBXFrameworksBuildPhase section */

/* Begin PBXGroup section */
		3223094C29F5C08CCEE42126 /* Pods */ = {
			isa = PBXGroup;
			children = (
				D36B00D81356A416449940A7 /* Pods-Pesto.debug.xcconfig */,
				BD25922DF748FCA11BCF30C4 /* Pods-Pesto.release.xcconfig */,
			);
			name = Pods;
			sourceTree = "<group>";
		};
		DAFCE01AEA03CE3D02550900 /* Frameworks */ = {
			isa = PBXGroup;
			children = (
				B0D8C7972AFCDCD5C9447F8E /* libPods-Pesto.a */,
			);
			name = Frameworks;
			sourceTree = "<group>";
		};
		DEBEDF1B1C3EF5D5004B614B = {
			isa = PBXGroup;
			children = (
				DEBEDF261C3EF5D5004B614B /* Pesto */,
				DAFCE01AEA03CE3D02550900 /* Frameworks */,
				3223094C29F5C08CCEE42126 /* Pods */,
				DEBEDF251C3EF5D5004B614B /* Products */,
			);
			sourceTree = "<group>";
		};
		DEBEDF251C3EF5D5004B614B /* Products */ = {
			isa = PBXGroup;
			children = (
				DEBEDF241C3EF5D5004B614B /* Pesto.app */,
			);
			name = Products;
			sourceTree = "<group>";
		};
		DEBEDF261C3EF5D5004B614B /* Pesto */ = {
			isa = PBXGroup;
			children = (
				DEBEDF331C3EF5D5004B614B /* Assets.xcassets */,
				DEBEDF381C3EF5D5004B614B /* Info.plist */,
				DEBEDF351C3EF5D5004B614B /* LaunchScreen.storyboard */,
				DEBEDF2A1C3EF5D5004B614B /* PestoAppDelegate.h */,
				DEBEDF2B1C3EF5D5004B614B /* PestoAppDelegate.m */,
				C91F6A481C62BC0400EB4BA8 /* PestoAvatarView.h */,
				C91F6A491C62BC0400EB4BA8 /* PestoAvatarView.m */,
				DE381E181C457CE300019C1D /* PestoCardCollectionViewCell.h */,
				DE381E191C457CEE00019C1D /* PestoCardCollectionViewCell.m */,
				DE3620631C73A0710026DF5D /* PestoCollectionViewController.h */,
				DE3620641C73A0850026DF5D /* PestoCollectionViewController.m */,
				DEA791011C751D00006301CC /* PestoData.h */,
				DEA791021C751D0D006301CC /* PestoData.m */,
				DE5EF8651C404DFD00D2D4B9 /* PestoDetailViewController.h */,
				DE5EF8661C404E0E00D2D4B9 /* PestoDetailViewController.m */,
				DEA791061C752B74006301CC /* PestoFlexibleHeaderContainerViewController.h */,
				DEA791041C752B6A006301CC /* PestoFlexibleHeaderContainerViewController.m */,
				DEE21BBF1C9AF5610024CB5C /* PestoRecipeCardView.h */,
				DEE21BC01C9AF56E0024CB5C /* PestoRecipeCardView.m */,
				C91F6A4E1C63A80F00EB4BA8 /* PestoRemoteImageService.h */,
				C91F6A4F1C63A80F00EB4BA8 /* PestoRemoteImageService.m */,
				C9A855291C4EDFAA003CADF7 /* PestoSettingsViewController.h */,
				C9A8552A1C4EDFAA003CADF7 /* PestoSettingsViewController.m */,
				DE381E3E1C45A9FB00019C1D /* PestoSideView.h */,
				DE381E3F1C45A9FB00019C1D /* PestoSideView.m */,
				DEBEDF271C3EF5D5004B614B /* Supporting Files */,
			);
			path = Pesto;
			sourceTree = "<group>";
		};
		DEBEDF271C3EF5D5004B614B /* Supporting Files */ = {
			isa = PBXGroup;
			children = (
				DEBEDF281C3EF5D5004B614B /* main.m */,
			);
			name = "Supporting Files";
			sourceTree = "<group>";
		};
/* End PBXGroup section */

/* Begin PBXNativeTarget section */
		DEBEDF231C3EF5D5004B614B /* Pesto */ = {
			isa = PBXNativeTarget;
			buildConfigurationList = DEBEDF3B1C3EF5D5004B614B /* Build configuration list for PBXNativeTarget "Pesto" */;
			buildPhases = (
				CDE92B8D00F0F7A027987FDE /* Check Pods Manifest.lock */,
				DEBEDF201C3EF5D5004B614B /* Sources */,
				DEBEDF211C3EF5D5004B614B /* Frameworks */,
				DEBEDF221C3EF5D5004B614B /* Resources */,
				B9DCEDAFB70F8E34F906DDD1 /* Embed Pods Frameworks */,
				A1555531D8666D08E760BE49 /* Copy Pods Resources */,
			);
			buildRules = (
			);
			dependencies = (
			);
			name = Pesto;
			productName = Pesto;
			productReference = DEBEDF241C3EF5D5004B614B /* Pesto.app */;
			productType = "com.apple.product-type.application";
		};
/* End PBXNativeTarget section */

/* Begin PBXProject section */
		DEBEDF1C1C3EF5D5004B614B /* Project object */ = {
			isa = PBXProject;
			attributes = {
				LastUpgradeCheck = 0720;
				ORGANIZATIONNAME = Google;
				TargetAttributes = {
					DEBEDF231C3EF5D5004B614B = {
						CreatedOnToolsVersion = 7.2;
					};
				};
			};
			buildConfigurationList = DEBEDF1F1C3EF5D5004B614B /* Build configuration list for PBXProject "Pesto" */;
			compatibilityVersion = "Xcode 3.2";
			developmentRegion = English;
			hasScannedForEncodings = 0;
			knownRegions = (
				en,
				Base,
			);
			mainGroup = DEBEDF1B1C3EF5D5004B614B;
			productRefGroup = DEBEDF251C3EF5D5004B614B /* Products */;
			projectDirPath = "";
			projectRoot = "";
			targets = (
				DEBEDF231C3EF5D5004B614B /* Pesto */,
			);
		};
/* End PBXProject section */

/* Begin PBXResourcesBuildPhase section */
		DEBEDF221C3EF5D5004B614B /* Resources */ = {
			isa = PBXResourcesBuildPhase;
			buildActionMask = 2147483647;
			files = (
				DEBEDF371C3EF5D5004B614B /* LaunchScreen.storyboard in Resources */,
				DEBEDF341C3EF5D5004B614B /* Assets.xcassets in Resources */,
			);
			runOnlyForDeploymentPostprocessing = 0;
		};
/* End PBXResourcesBuildPhase section */

/* Begin PBXShellScriptBuildPhase section */
		A1555531D8666D08E760BE49 /* Copy Pods Resources */ = {
			isa = PBXShellScriptBuildPhase;
			buildActionMask = 2147483647;
			files = (
			);
			inputPaths = (
			);
			name = "Copy Pods Resources";
			outputPaths = (
			);
			runOnlyForDeploymentPostprocessing = 0;
			shellPath = /bin/sh;
			shellScript = "\"${SRCROOT}/Pods/Target Support Files/Pods-Pesto/Pods-Pesto-resources.sh\"\n";
			showEnvVarsInLog = 0;
		};
		B9DCEDAFB70F8E34F906DDD1 /* Embed Pods Frameworks */ = {
			isa = PBXShellScriptBuildPhase;
			buildActionMask = 2147483647;
			files = (
			);
			inputPaths = (
			);
			name = "Embed Pods Frameworks";
			outputPaths = (
			);
			runOnlyForDeploymentPostprocessing = 0;
			shellPath = /bin/sh;
			shellScript = "\"${SRCROOT}/Pods/Target Support Files/Pods-Pesto/Pods-Pesto-frameworks.sh\"\n";
			showEnvVarsInLog = 0;
		};
		CDE92B8D00F0F7A027987FDE /* Check Pods Manifest.lock */ = {
			isa = PBXShellScriptBuildPhase;
			buildActionMask = 2147483647;
			files = (
			);
			inputPaths = (
			);
			name = "Check Pods Manifest.lock";
			outputPaths = (
			);
			runOnlyForDeploymentPostprocessing = 0;
			shellPath = /bin/sh;
			shellScript = "diff \"${PODS_ROOT}/../Podfile.lock\" \"${PODS_ROOT}/Manifest.lock\" > /dev/null\nif [[ $? != 0 ]] ; then\n    cat << EOM\nerror: The sandbox is not in sync with the Podfile.lock. Run 'pod install' or update your CocoaPods installation.\nEOM\n    exit 1\nfi\n";
			showEnvVarsInLog = 0;
		};
/* End PBXShellScriptBuildPhase section */

/* Begin PBXSourcesBuildPhase section */
		DEBEDF201C3EF5D5004B614B /* Sources */ = {
			isa = PBXSourcesBuildPhase;
			buildActionMask = 2147483647;
			files = (
				DE3620651C73A0850026DF5D /* PestoCollectionViewController.m in Sources */,
				C91F6A501C63A80F00EB4BA8 /* PestoRemoteImageService.m in Sources */,
				DEA791051C752B6A006301CC /* PestoFlexibleHeaderContainerViewController.m in Sources */,
				C9A8552B1C4EDFAA003CADF7 /* PestoSettingsViewController.m in Sources */,
				DEE21BC11C9AF56E0024CB5C /* PestoRecipeCardView.m in Sources */,
				C91F6A4A1C62BC0400EB4BA8 /* PestoAvatarView.m in Sources */,
				DE381E1A1C457CEE00019C1D /* PestoCardCollectionViewCell.m in Sources */,
				DE5EF8671C404E0E00D2D4B9 /* PestoDetailViewController.m in Sources */,
				DEBEDF2C1C3EF5D5004B614B /* PestoAppDelegate.m in Sources */,
				DE381E401C45A9FB00019C1D /* PestoSideView.m in Sources */,
				DEBEDF291C3EF5D5004B614B /* main.m in Sources */,
				DEA791031C751D0D006301CC /* PestoData.m in Sources */,
			);
			runOnlyForDeploymentPostprocessing = 0;
		};
/* End PBXSourcesBuildPhase section */

/* Begin PBXVariantGroup section */
		DEBEDF351C3EF5D5004B614B /* LaunchScreen.storyboard */ = {
			isa = PBXVariantGroup;
			children = (
				DEBEDF361C3EF5D5004B614B /* Base */,
			);
			name = LaunchScreen.storyboard;
			sourceTree = "<group>";
		};
/* End PBXVariantGroup section */

/* Begin XCBuildConfiguration section */
		DEBEDF391C3EF5D5004B614B /* Debug */ = {
			isa = XCBuildConfiguration;
			buildSettings = {
				ALWAYS_SEARCH_USER_PATHS = NO;
				CLANG_CXX_LANGUAGE_STANDARD = "gnu++0x";
				CLANG_CXX_LIBRARY = "libc++";
				CLANG_ENABLE_MODULES = YES;
				CLANG_ENABLE_OBJC_ARC = YES;
				CLANG_WARN_BOOL_CONVERSION = YES;
				CLANG_WARN_CONSTANT_CONVERSION = YES;
				CLANG_WARN_DIRECT_OBJC_ISA_USAGE = YES_ERROR;
				CLANG_WARN_EMPTY_BODY = YES;
				CLANG_WARN_ENUM_CONVERSION = YES;
				CLANG_WARN_INT_CONVERSION = YES;
				CLANG_WARN_OBJC_ROOT_CLASS = YES_ERROR;
				CLANG_WARN_UNREACHABLE_CODE = YES;
				CLANG_WARN__DUPLICATE_METHOD_MATCH = YES;
				"CODE_SIGN_IDENTITY[sdk=iphoneos*]" = "iPhone Developer";
				COPY_PHASE_STRIP = NO;
				DEBUG_INFORMATION_FORMAT = dwarf;
				ENABLE_STRICT_OBJC_MSGSEND = YES;
				ENABLE_TESTABILITY = YES;
				GCC_C_LANGUAGE_STANDARD = gnu99;
				GCC_DYNAMIC_NO_PIC = NO;
				GCC_NO_COMMON_BLOCKS = YES;
				GCC_OPTIMIZATION_LEVEL = 0;
				GCC_PREPROCESSOR_DEFINITIONS = (
					"DEBUG=1",
					"$(inherited)",
				);
				GCC_WARN_64_TO_32_BIT_CONVERSION = YES;
				GCC_WARN_ABOUT_RETURN_TYPE = YES_ERROR;
				GCC_WARN_UNDECLARED_SELECTOR = YES;
				GCC_WARN_UNINITIALIZED_AUTOS = YES_AGGRESSIVE;
				GCC_WARN_UNUSED_FUNCTION = YES;
				GCC_WARN_UNUSED_VARIABLE = YES;
				IPHONEOS_DEPLOYMENT_TARGET = 9.2;
				MTL_ENABLE_DEBUG_INFO = YES;
				ONLY_ACTIVE_ARCH = YES;
				SDKROOT = iphoneos;
			};
			name = Debug;
		};
		DEBEDF3A1C3EF5D5004B614B /* Release */ = {
			isa = XCBuildConfiguration;
			buildSettings = {
				ALWAYS_SEARCH_USER_PATHS = NO;
				CLANG_CXX_LANGUAGE_STANDARD = "gnu++0x";
				CLANG_CXX_LIBRARY = "libc++";
				CLANG_ENABLE_MODULES = YES;
				CLANG_ENABLE_OBJC_ARC = YES;
				CLANG_WARN_BOOL_CONVERSION = YES;
				CLANG_WARN_CONSTANT_CONVERSION = YES;
				CLANG_WARN_DIRECT_OBJC_ISA_USAGE = YES_ERROR;
				CLANG_WARN_EMPTY_BODY = YES;
				CLANG_WARN_ENUM_CONVERSION = YES;
				CLANG_WARN_INT_CONVERSION = YES;
				CLANG_WARN_OBJC_ROOT_CLASS = YES_ERROR;
				CLANG_WARN_UNREACHABLE_CODE = YES;
				CLANG_WARN__DUPLICATE_METHOD_MATCH = YES;
				"CODE_SIGN_IDENTITY[sdk=iphoneos*]" = "iPhone Developer";
				COPY_PHASE_STRIP = NO;
				DEBUG_INFORMATION_FORMAT = "dwarf-with-dsym";
				ENABLE_NS_ASSERTIONS = NO;
				ENABLE_STRICT_OBJC_MSGSEND = YES;
				GCC_C_LANGUAGE_STANDARD = gnu99;
				GCC_NO_COMMON_BLOCKS = YES;
				GCC_WARN_64_TO_32_BIT_CONVERSION = YES;
				GCC_WARN_ABOUT_RETURN_TYPE = YES_ERROR;
				GCC_WARN_UNDECLARED_SELECTOR = YES;
				GCC_WARN_UNINITIALIZED_AUTOS = YES_AGGRESSIVE;
				GCC_WARN_UNUSED_FUNCTION = YES;
				GCC_WARN_UNUSED_VARIABLE = YES;
				IPHONEOS_DEPLOYMENT_TARGET = 9.2;
				MTL_ENABLE_DEBUG_INFO = NO;
				SDKROOT = iphoneos;
				VALIDATE_PRODUCT = YES;
			};
			name = Release;
		};
		DEBEDF3C1C3EF5D5004B614B /* Debug */ = {
			isa = XCBuildConfiguration;
			baseConfigurationReference = D36B00D81356A416449940A7 /* Pods-Pesto.debug.xcconfig */;
			buildSettings = {
				ASSETCATALOG_COMPILER_APPICON_NAME = AppIcon;
				CLANG_ANALYZER_SECURITY_FLOATLOOPCOUNTER = YES;
				CLANG_ANALYZER_SECURITY_INSECUREAPI_RAND = YES;
				CLANG_WARN_ASSIGN_ENUM = YES;
				CLANG_WARN_DEPRECATED_OBJC_IMPLEMENTATIONS = YES;
				CLANG_WARN_IMPLICIT_SIGN_CONVERSION = YES;
				CLANG_WARN_OBJC_IMPLICIT_RETAIN_SELF = YES;
				CLANG_WARN_SUSPICIOUS_IMPLICIT_CONVERSION = YES;
				GCC_WARN_ABOUT_MISSING_FIELD_INITIALIZERS = YES;
				GCC_WARN_ABOUT_MISSING_NEWLINE = YES;
				GCC_WARN_INITIALIZER_NOT_FULLY_BRACKETED = YES;
				GCC_WARN_SHADOW = YES;
				GCC_WARN_SIGN_COMPARE = YES;
				GCC_WARN_UNUSED_LABEL = YES;
				INFOPLIST_FILE = Pesto/Info.plist;
				IPHONEOS_DEPLOYMENT_TARGET = 9.0;
				LD_RUNPATH_SEARCH_PATHS = "$(inherited) @executable_path/Frameworks";
				PRODUCT_BUNDLE_IDENTIFIER = com.google.Pesto;
				PRODUCT_NAME = "$(TARGET_NAME)";
				TARGETED_DEVICE_FAMILY = "1,2";
			};
			name = Debug;
		};
		DEBEDF3D1C3EF5D5004B614B /* Release */ = {
			isa = XCBuildConfiguration;
			baseConfigurationReference = BD25922DF748FCA11BCF30C4 /* Pods-Pesto.release.xcconfig */;
			buildSettings = {
				ASSETCATALOG_COMPILER_APPICON_NAME = AppIcon;
				CLANG_ANALYZER_SECURITY_FLOATLOOPCOUNTER = YES;
				CLANG_ANALYZER_SECURITY_INSECUREAPI_RAND = YES;
				CLANG_WARN_ASSIGN_ENUM = YES;
				CLANG_WARN_DEPRECATED_OBJC_IMPLEMENTATIONS = YES;
				CLANG_WARN_IMPLICIT_SIGN_CONVERSION = YES;
				CLANG_WARN_OBJC_IMPLICIT_RETAIN_SELF = YES;
				CLANG_WARN_SUSPICIOUS_IMPLICIT_CONVERSION = YES;
				GCC_WARN_ABOUT_MISSING_FIELD_INITIALIZERS = YES;
				GCC_WARN_ABOUT_MISSING_NEWLINE = YES;
				GCC_WARN_INITIALIZER_NOT_FULLY_BRACKETED = YES;
				GCC_WARN_SHADOW = YES;
				GCC_WARN_SIGN_COMPARE = YES;
				GCC_WARN_UNUSED_LABEL = YES;
				INFOPLIST_FILE = Pesto/Info.plist;
				IPHONEOS_DEPLOYMENT_TARGET = 9.0;
				LD_RUNPATH_SEARCH_PATHS = "$(inherited) @executable_path/Frameworks";
				PRODUCT_BUNDLE_IDENTIFIER = com.google.Pesto;
				PRODUCT_NAME = "$(TARGET_NAME)";
				TARGETED_DEVICE_FAMILY = "1,2";
			};
			name = Release;
		};
/* End XCBuildConfiguration section */

/* Begin XCConfigurationList section */
		DEBEDF1F1C3EF5D5004B614B /* Build configuration list for PBXProject "Pesto" */ = {
			isa = XCConfigurationList;
			buildConfigurations = (
				DEBEDF391C3EF5D5004B614B /* Debug */,
				DEBEDF3A1C3EF5D5004B614B /* Release */,
			);
			defaultConfigurationIsVisible = 0;
			defaultConfigurationName = Release;
		};
		DEBEDF3B1C3EF5D5004B614B /* Build configuration list for PBXNativeTarget "Pesto" */ = {
			isa = XCConfigurationList;
			buildConfigurations = (
				DEBEDF3C1C3EF5D5004B614B /* Debug */,
				DEBEDF3D1C3EF5D5004B614B /* Release */,
			);
			defaultConfigurationIsVisible = 0;
			defaultConfigurationName = Release;
		};
/* End XCConfigurationList section */
	};
	rootObject = DEBEDF1C1C3EF5D5004B614B /* Project object */;
}
