// !$*UTF8*$!
{
	archiveVersion = 1;
	classes = {
	};
	objectVersion = 46;
	objects = {

/* Begin PBXBuildFile section */
		0B4A5E6D1CC9307A00D2AC5D /* MDCCatalogWindow.swift in Sources */ = {isa = PBXBuildFile; fileRef = 0B4A5E6C1CC9307A00D2AC5D /* MDCCatalogWindow.swift */; };
		360D6F7F1DDE4C5200DF8DB7 /* RobotoMono-Regular.ttf in Resources */ = {isa = PBXBuildFile; fileRef = 360D6F7E1DDE4C5200DF8DB7 /* RobotoMono-Regular.ttf */; };
		36C870B81E8AD6A20032EA7D /* RobotoMono-Medium.ttf in Resources */ = {isa = PBXBuildFile; fileRef = 36C870B71E8AD6A20032EA7D /* RobotoMono-Medium.ttf */; };
		404564F21E007C5E004C9D0A /* Roboto-Medium.ttf in Resources */ = {isa = PBXBuildFile; fileRef = 404564F11E007C5E004C9D0A /* Roboto-Medium.ttf */; };
		4097C8B59D0DD1F00845D250 /* Pods_MDCActionExtension.framework in Frameworks */ = {isa = PBXBuildFile; fileRef = 88AB955E76304B684707293E /* Pods_MDCActionExtension.framework */; };
		5CBA08372090E4DF009EA9D0 /* MDCMenuViewController.swift in Sources */ = {isa = PBXBuildFile; fileRef = 5CBA08362090E4DF009EA9D0 /* MDCMenuViewController.swift */; };
		5D090E571C9AEB8D0061344A /* Localizable.strings in Resources */ = {isa = PBXBuildFile; fileRef = 5D090E341C9AEB8C0061344A /* Localizable.strings */; };
		64307B3C1DF74FEF004AE4AC /* MDCActionViewController.m in Sources */ = {isa = PBXBuildFile; fileRef = 64307B3B1DF74FEF004AE4AC /* MDCActionViewController.m */; };
		64307B3F1DF74FEF004AE4AC /* MainInterface.storyboard in Resources */ = {isa = PBXBuildFile; fileRef = 64307B3D1DF74FEF004AE4AC /* MainInterface.storyboard */; };
		64307B431DF74FEF004AE4AC /* MDCActionExtension.appex in Embed App Extensions */ = {isa = PBXBuildFile; fileRef = 64307B381DF74FEF004AE4AC /* MDCActionExtension.appex */; settings = {ATTRIBUTES = (RemoveHeadersOnCopy, ); }; };
		64307B4A1DF76198004AE4AC /* Assets.xcassets in Resources */ = {isa = PBXBuildFile; fileRef = 64307B491DF76198004AE4AC /* Assets.xcassets */; };
		64F6D8811F91522A00AA4B24 /* MDCCatalogDebugAlert.swift in Sources */ = {isa = PBXBuildFile; fileRef = 64F6D8801F91522A00AA4B24 /* MDCCatalogDebugAlert.swift */; };
		64F6D8831F915CA600AA4B24 /* MDCDebugSafeAreaInsetsView.swift in Sources */ = {isa = PBXBuildFile; fileRef = 64F6D8821F915CA600AA4B24 /* MDCDebugSafeAreaInsetsView.swift */; };
		664524B71C6BA62A001ADBF8 /* AppDelegate.swift in Sources */ = {isa = PBXBuildFile; fileRef = 664524B61C6BA62A001ADBF8 /* AppDelegate.swift */; };
		664524B91C6BA62A001ADBF8 /* MDCNodeListViewController.swift in Sources */ = {isa = PBXBuildFile; fileRef = 664524B81C6BA62A001ADBF8 /* MDCNodeListViewController.swift */; };
		664524BE1C6BA62A001ADBF8 /* Assets.xcassets in Resources */ = {isa = PBXBuildFile; fileRef = 664524BD1C6BA62A001ADBF8 /* Assets.xcassets */; };
		664524C11C6BA62A001ADBF8 /* LaunchScreen.storyboard in Resources */ = {isa = PBXBuildFile; fileRef = 664524BF1C6BA62A001ADBF8 /* LaunchScreen.storyboard */; };
		6681FDFD1CC586660013A0C7 /* MDCCatalogTileView.swift in Sources */ = {isa = PBXBuildFile; fileRef = 6681FDFC1CC586660013A0C7 /* MDCCatalogTileView.swift */; };
		66CD19292072A54000DE6340 /* AppTheme.swift in Sources */ = {isa = PBXBuildFile; fileRef = 66CD19282072A54000DE6340 /* AppTheme.swift */; };
		66D3389520730A3E00FFA1AB /* MDCThemePickerViewController.swift in Sources */ = {isa = PBXBuildFile; fileRef = 66D3389420730A3E00FFA1AB /* MDCThemePickerViewController.swift */; };
		75F4516F2130AB879A7EDBD5 /* Pods_MDCCatalog.framework in Frameworks */ = {isa = PBXBuildFile; fileRef = 1A55EA1CC69E40D5EF866144 /* Pods_MDCCatalog.framework */; };
		DE309CF31C8DEB8400E73247 /* MDCCatalogComponentsController.swift in Sources */ = {isa = PBXBuildFile; fileRef = DE309CF21C8DEB8400E73247 /* MDCCatalogComponentsController.swift */; };
		DEF64EA41C8DEE83007C4EA0 /* MDCCatalogCollectionViewCell.swift in Sources */ = {isa = PBXBuildFile; fileRef = DEF64EA31C8DEE83007C4EA0 /* MDCCatalogCollectionViewCell.swift */; };
/* End PBXBuildFile section */

/* Begin PBXContainerItemProxy section */
		64307B411DF74FEF004AE4AC /* PBXContainerItemProxy */ = {
			isa = PBXContainerItemProxy;
			containerPortal = 664524AB1C6BA62A001ADBF8 /* Project object */;
			proxyType = 1;
			remoteGlobalIDString = 64307B371DF74FEF004AE4AC;
			remoteInfo = MDCActionExtension;
		};
/* End PBXContainerItemProxy section */

/* Begin PBXCopyFilesBuildPhase section */
		64307B471DF74FEF004AE4AC /* Embed App Extensions */ = {
			isa = PBXCopyFilesBuildPhase;
			buildActionMask = 2147483647;
			dstPath = "";
			dstSubfolderSpec = 13;
			files = (
				64307B431DF74FEF004AE4AC /* MDCActionExtension.appex in Embed App Extensions */,
			);
			name = "Embed App Extensions";
			runOnlyForDeploymentPostprocessing = 0;
		};
/* End PBXCopyFilesBuildPhase section */

/* Begin PBXFileReference section */
		0B4A5E6C1CC9307A00D2AC5D /* MDCCatalogWindow.swift */ = {isa = PBXFileReference; fileEncoding = 4; lastKnownFileType = sourcecode.swift; path = MDCCatalogWindow.swift; sourceTree = "<group>"; };
		0C98A248D8EC59DB853B8611 /* Pods_MDCEarlGreyTests.framework */ = {isa = PBXFileReference; explicitFileType = wrapper.framework; includeInIndex = 0; path = Pods_MDCEarlGreyTests.framework; sourceTree = BUILT_PRODUCTS_DIR; };
		1259AD212C335B693CDA9EEA /* Pods-MDCActionExtension.release.xcconfig */ = {isa = PBXFileReference; includeInIndex = 1; lastKnownFileType = text.xcconfig; name = "Pods-MDCActionExtension.release.xcconfig"; path = "Pods/Target Support Files/Pods-MDCActionExtension/Pods-MDCActionExtension.release.xcconfig"; sourceTree = "<group>"; };
		183654B47DCDF28C315C006B /* Pods-MDCActionExtension.debug.xcconfig */ = {isa = PBXFileReference; includeInIndex = 1; lastKnownFileType = text.xcconfig; name = "Pods-MDCActionExtension.debug.xcconfig"; path = "Pods/Target Support Files/Pods-MDCActionExtension/Pods-MDCActionExtension.debug.xcconfig"; sourceTree = "<group>"; };
		1A55EA1CC69E40D5EF866144 /* Pods_MDCCatalog.framework */ = {isa = PBXFileReference; explicitFileType = wrapper.framework; includeInIndex = 0; path = Pods_MDCCatalog.framework; sourceTree = BUILT_PRODUCTS_DIR; };
		218B9E562C16EA9D989710F1 /* Pods-MDCSnapshotTests.release.xcconfig */ = {isa = PBXFileReference; includeInIndex = 1; lastKnownFileType = text.xcconfig; name = "Pods-MDCSnapshotTests.release.xcconfig"; path = "Pods/Target Support Files/Pods-MDCSnapshotTests/Pods-MDCSnapshotTests.release.xcconfig"; sourceTree = "<group>"; };
		360D6F7E1DDE4C5200DF8DB7 /* RobotoMono-Regular.ttf */ = {isa = PBXFileReference; lastKnownFileType = file; path = "RobotoMono-Regular.ttf"; sourceTree = "<group>"; };
		36C870B71E8AD6A20032EA7D /* RobotoMono-Medium.ttf */ = {isa = PBXFileReference; lastKnownFileType = file; path = "RobotoMono-Medium.ttf"; sourceTree = "<group>"; };
		404564F11E007C5E004C9D0A /* Roboto-Medium.ttf */ = {isa = PBXFileReference; lastKnownFileType = file; path = "Roboto-Medium.ttf"; sourceTree = "<group>"; };
		5CBA08362090E4DF009EA9D0 /* MDCMenuViewController.swift */ = {isa = PBXFileReference; lastKnownFileType = sourcecode.swift; path = MDCMenuViewController.swift; sourceTree = "<group>"; };
		5D090E351C9AEB8C0061344A /* ar */ = {isa = PBXFileReference; lastKnownFileType = text.plist.strings; name = ar; path = ar.lproj/Localizable.strings; sourceTree = "<group>"; };
		5D090E361C9AEB8C0061344A /* ca */ = {isa = PBXFileReference; lastKnownFileType = text.plist.strings; name = ca; path = ca.lproj/Localizable.strings; sourceTree = "<group>"; };
		5D090E371C9AEB8C0061344A /* cs */ = {isa = PBXFileReference; lastKnownFileType = text.plist.strings; name = cs; path = cs.lproj/Localizable.strings; sourceTree = "<group>"; };
		5D090E381C9AEB8C0061344A /* da */ = {isa = PBXFileReference; lastKnownFileType = text.plist.strings; name = da; path = da.lproj/Localizable.strings; sourceTree = "<group>"; };
		5D090E391C9AEB8D0061344A /* de */ = {isa = PBXFileReference; lastKnownFileType = text.plist.strings; name = de; path = de.lproj/Localizable.strings; sourceTree = "<group>"; };
		5D090E3A1C9AEB8D0061344A /* el */ = {isa = PBXFileReference; lastKnownFileType = text.plist.strings; name = el; path = el.lproj/Localizable.strings; sourceTree = "<group>"; };
		5D090E3B1C9AEB8D0061344A /* en */ = {isa = PBXFileReference; lastKnownFileType = text.plist.strings; name = en; path = en.lproj/Localizable.strings; sourceTree = "<group>"; };
		5D090E3C1C9AEB8D0061344A /* en_GB */ = {isa = PBXFileReference; lastKnownFileType = text.plist.strings; name = en_GB; path = en_GB.lproj/Localizable.strings; sourceTree = "<group>"; };
		5D090E3D1C9AEB8D0061344A /* es */ = {isa = PBXFileReference; lastKnownFileType = text.plist.strings; name = es; path = es.lproj/Localizable.strings; sourceTree = "<group>"; };
		5D090E3E1C9AEB8D0061344A /* fi */ = {isa = PBXFileReference; lastKnownFileType = text.plist.strings; name = fi; path = fi.lproj/Localizable.strings; sourceTree = "<group>"; };
		5D090E3F1C9AEB8D0061344A /* fr */ = {isa = PBXFileReference; lastKnownFileType = text.plist.strings; name = fr; path = fr.lproj/Localizable.strings; sourceTree = "<group>"; };
		5D090E401C9AEB8D0061344A /* he */ = {isa = PBXFileReference; lastKnownFileType = text.plist.strings; name = he; path = he.lproj/Localizable.strings; sourceTree = "<group>"; };
		5D090E411C9AEB8D0061344A /* hr */ = {isa = PBXFileReference; lastKnownFileType = text.plist.strings; name = hr; path = hr.lproj/Localizable.strings; sourceTree = "<group>"; };
		5D090E421C9AEB8D0061344A /* hu */ = {isa = PBXFileReference; lastKnownFileType = text.plist.strings; name = hu; path = hu.lproj/Localizable.strings; sourceTree = "<group>"; };
		5D090E431C9AEB8D0061344A /* id */ = {isa = PBXFileReference; lastKnownFileType = text.plist.strings; name = id; path = id.lproj/Localizable.strings; sourceTree = "<group>"; };
		5D090E441C9AEB8D0061344A /* it */ = {isa = PBXFileReference; lastKnownFileType = text.plist.strings; name = it; path = it.lproj/Localizable.strings; sourceTree = "<group>"; };
		5D090E451C9AEB8D0061344A /* ja */ = {isa = PBXFileReference; lastKnownFileType = text.plist.strings; name = ja; path = ja.lproj/Localizable.strings; sourceTree = "<group>"; };
		5D090E461C9AEB8D0061344A /* ko */ = {isa = PBXFileReference; lastKnownFileType = text.plist.strings; name = ko; path = ko.lproj/Localizable.strings; sourceTree = "<group>"; };
		5D090E471C9AEB8D0061344A /* ms */ = {isa = PBXFileReference; lastKnownFileType = text.plist.strings; name = ms; path = ms.lproj/Localizable.strings; sourceTree = "<group>"; };
		5D090E481C9AEB8D0061344A /* nl */ = {isa = PBXFileReference; lastKnownFileType = text.plist.strings; name = nl; path = nl.lproj/Localizable.strings; sourceTree = "<group>"; };
		5D090E491C9AEB8D0061344A /* no */ = {isa = PBXFileReference; lastKnownFileType = text.plist.strings; name = no; path = no.lproj/Localizable.strings; sourceTree = "<group>"; };
		5D090E4A1C9AEB8D0061344A /* pl */ = {isa = PBXFileReference; lastKnownFileType = text.plist.strings; name = pl; path = pl.lproj/Localizable.strings; sourceTree = "<group>"; };
		5D090E4B1C9AEB8D0061344A /* pt */ = {isa = PBXFileReference; lastKnownFileType = text.plist.strings; name = pt; path = pt.lproj/Localizable.strings; sourceTree = "<group>"; };
		5D090E4C1C9AEB8D0061344A /* pt_PT */ = {isa = PBXFileReference; lastKnownFileType = text.plist.strings; name = pt_PT; path = pt_PT.lproj/Localizable.strings; sourceTree = "<group>"; };
		5D090E4D1C9AEB8D0061344A /* ro */ = {isa = PBXFileReference; lastKnownFileType = text.plist.strings; name = ro; path = ro.lproj/Localizable.strings; sourceTree = "<group>"; };
		5D090E4E1C9AEB8D0061344A /* ru */ = {isa = PBXFileReference; lastKnownFileType = text.plist.strings; name = ru; path = ru.lproj/Localizable.strings; sourceTree = "<group>"; };
		5D090E4F1C9AEB8D0061344A /* sk */ = {isa = PBXFileReference; lastKnownFileType = text.plist.strings; name = sk; path = sk.lproj/Localizable.strings; sourceTree = "<group>"; };
		5D090E501C9AEB8D0061344A /* sv */ = {isa = PBXFileReference; lastKnownFileType = text.plist.strings; name = sv; path = sv.lproj/Localizable.strings; sourceTree = "<group>"; };
		5D090E511C9AEB8D0061344A /* th */ = {isa = PBXFileReference; lastKnownFileType = text.plist.strings; name = th; path = th.lproj/Localizable.strings; sourceTree = "<group>"; };
		5D090E521C9AEB8D0061344A /* tr */ = {isa = PBXFileReference; lastKnownFileType = text.plist.strings; name = tr; path = tr.lproj/Localizable.strings; sourceTree = "<group>"; };
		5D090E531C9AEB8D0061344A /* uk */ = {isa = PBXFileReference; lastKnownFileType = text.plist.strings; name = uk; path = uk.lproj/Localizable.strings; sourceTree = "<group>"; };
		5D090E541C9AEB8D0061344A /* vi */ = {isa = PBXFileReference; lastKnownFileType = text.plist.strings; name = vi; path = vi.lproj/Localizable.strings; sourceTree = "<group>"; };
		5D090E551C9AEB8D0061344A /* zh_CN */ = {isa = PBXFileReference; lastKnownFileType = text.plist.strings; name = zh_CN; path = zh_CN.lproj/Localizable.strings; sourceTree = "<group>"; };
		5D090E561C9AEB8D0061344A /* zh_TW */ = {isa = PBXFileReference; lastKnownFileType = text.plist.strings; name = zh_TW; path = zh_TW.lproj/Localizable.strings; sourceTree = "<group>"; };
		64307B381DF74FEF004AE4AC /* MDCActionExtension.appex */ = {isa = PBXFileReference; explicitFileType = "wrapper.app-extension"; includeInIndex = 0; path = MDCActionExtension.appex; sourceTree = BUILT_PRODUCTS_DIR; };
		64307B3A1DF74FEF004AE4AC /* MDCActionViewController.h */ = {isa = PBXFileReference; lastKnownFileType = sourcecode.c.h; path = MDCActionViewController.h; sourceTree = "<group>"; };
		64307B3B1DF74FEF004AE4AC /* MDCActionViewController.m */ = {isa = PBXFileReference; lastKnownFileType = sourcecode.c.objc; path = MDCActionViewController.m; sourceTree = "<group>"; };
		64307B3E1DF74FEF004AE4AC /* Base */ = {isa = PBXFileReference; lastKnownFileType = file.storyboard; name = Base; path = Base.lproj/MainInterface.storyboard; sourceTree = "<group>"; };
		64307B401DF74FEF004AE4AC /* Info.plist */ = {isa = PBXFileReference; lastKnownFileType = text.plist.xml; path = Info.plist; sourceTree = "<group>"; };
		64307B491DF76198004AE4AC /* Assets.xcassets */ = {isa = PBXFileReference; lastKnownFileType = folder.assetcatalog; path = Assets.xcassets; sourceTree = "<group>"; };
		64F6D8801F91522A00AA4B24 /* MDCCatalogDebugAlert.swift */ = {isa = PBXFileReference; fileEncoding = 4; lastKnownFileType = sourcecode.swift; path = MDCCatalogDebugAlert.swift; sourceTree = "<group>"; };
		64F6D8821F915CA600AA4B24 /* MDCDebugSafeAreaInsetsView.swift */ = {isa = PBXFileReference; lastKnownFileType = sourcecode.swift; path = MDCDebugSafeAreaInsetsView.swift; sourceTree = "<group>"; };
		664524B31C6BA62A001ADBF8 /* MDCCatalog.app */ = {isa = PBXFileReference; explicitFileType = wrapper.application; includeInIndex = 0; path = MDCCatalog.app; sourceTree = BUILT_PRODUCTS_DIR; };
		664524B61C6BA62A001ADBF8 /* AppDelegate.swift */ = {isa = PBXFileReference; lastKnownFileType = sourcecode.swift; path = AppDelegate.swift; sourceTree = "<group>"; };
		664524B81C6BA62A001ADBF8 /* MDCNodeListViewController.swift */ = {isa = PBXFileReference; lastKnownFileType = sourcecode.swift; path = MDCNodeListViewController.swift; sourceTree = "<group>"; };
		664524BD1C6BA62A001ADBF8 /* Assets.xcassets */ = {isa = PBXFileReference; lastKnownFileType = folder.assetcatalog; path = Assets.xcassets; sourceTree = "<group>"; };
		664524C01C6BA62A001ADBF8 /* Base */ = {isa = PBXFileReference; lastKnownFileType = file.storyboard; name = Base; path = Base.lproj/LaunchScreen.storyboard; sourceTree = "<group>"; };
		664524C21C6BA62A001ADBF8 /* Info.plist */ = {isa = PBXFileReference; lastKnownFileType = text.plist.xml; path = Info.plist; sourceTree = "<group>"; };
		665A34D91C6BD01900962055 /* MDCCatalog-Bridging-Header.h */ = {isa = PBXFileReference; lastKnownFileType = sourcecode.c.h; path = "MDCCatalog-Bridging-Header.h"; sourceTree = "<group>"; };
		6681FDFC1CC586660013A0C7 /* MDCCatalogTileView.swift */ = {isa = PBXFileReference; fileEncoding = 4; lastKnownFileType = sourcecode.swift; path = MDCCatalogTileView.swift; sourceTree = "<group>"; };
		66CD19282072A54000DE6340 /* AppTheme.swift */ = {isa = PBXFileReference; lastKnownFileType = sourcecode.swift; path = AppTheme.swift; sourceTree = "<group>"; };
		66D3389420730A3E00FFA1AB /* MDCThemePickerViewController.swift */ = {isa = PBXFileReference; lastKnownFileType = sourcecode.swift; path = MDCThemePickerViewController.swift; sourceTree = "<group>"; };
		88AB955E76304B684707293E /* Pods_MDCActionExtension.framework */ = {isa = PBXFileReference; explicitFileType = wrapper.framework; includeInIndex = 0; path = Pods_MDCActionExtension.framework; sourceTree = BUILT_PRODUCTS_DIR; };
		90B4FE989AA27838D0FB6A13 /* Pods-MDCCatalog.debug.xcconfig */ = {isa = PBXFileReference; includeInIndex = 1; lastKnownFileType = text.xcconfig; name = "Pods-MDCCatalog.debug.xcconfig"; path = "Pods/Target Support Files/Pods-MDCCatalog/Pods-MDCCatalog.debug.xcconfig"; sourceTree = "<group>"; };
		93314CA227FB65FEC87098C3 /* EarlGrey.framework */ = {isa = PBXFileReference; lastKnownFileType = wrapper.framework; name = EarlGrey.framework; path = Pods/EarlGrey/EarlGrey/EarlGrey.framework; sourceTree = SOURCE_ROOT; };
		BB375464F626CD555584A27F /* Pods_MDCSnapshotTests.framework */ = {isa = PBXFileReference; explicitFileType = wrapper.framework; includeInIndex = 0; path = Pods_MDCSnapshotTests.framework; sourceTree = BUILT_PRODUCTS_DIR; };
		C250A4553B960CD6E1604CB7 /* Pods-MDCCatalog.release.xcconfig */ = {isa = PBXFileReference; includeInIndex = 1; lastKnownFileType = text.xcconfig; name = "Pods-MDCCatalog.release.xcconfig"; path = "Pods/Target Support Files/Pods-MDCCatalog/Pods-MDCCatalog.release.xcconfig"; sourceTree = "<group>"; };
		D0ECF9608E1CF6AA39139933 /* Pods-MDCSnapshotTests.debug.xcconfig */ = {isa = PBXFileReference; includeInIndex = 1; lastKnownFileType = text.xcconfig; name = "Pods-MDCSnapshotTests.debug.xcconfig"; path = "Pods/Target Support Files/Pods-MDCSnapshotTests/Pods-MDCSnapshotTests.debug.xcconfig"; sourceTree = "<group>"; };
		DE309CF21C8DEB8400E73247 /* MDCCatalogComponentsController.swift */ = {isa = PBXFileReference; fileEncoding = 4; lastKnownFileType = sourcecode.swift; path = MDCCatalogComponentsController.swift; sourceTree = "<group>"; };
		DEF64EA31C8DEE83007C4EA0 /* MDCCatalogCollectionViewCell.swift */ = {isa = PBXFileReference; fileEncoding = 4; lastKnownFileType = sourcecode.swift; path = MDCCatalogCollectionViewCell.swift; sourceTree = "<group>"; };
		E94681B7591B9CD40924C92C /* EarlGrey.framework */ = {isa = PBXFileReference; lastKnownFileType = wrapper.framework; name = EarlGrey.framework; path = "${SRCROOT}/Pods/EarlGrey/EarlGrey/EarlGrey.framework"; sourceTree = SRCROOT; };
/* End PBXFileReference section */

/* Begin PBXFrameworksBuildPhase section */
		64307B351DF74FEF004AE4AC /* Frameworks */ = {
			isa = PBXFrameworksBuildPhase;
			buildActionMask = 2147483647;
			files = (
				4097C8B59D0DD1F00845D250 /* Pods_MDCActionExtension.framework in Frameworks */,
			);
			runOnlyForDeploymentPostprocessing = 0;
		};
		664524B01C6BA62A001ADBF8 /* Frameworks */ = {
			isa = PBXFrameworksBuildPhase;
			buildActionMask = 2147483647;
			files = (
				75F4516F2130AB879A7EDBD5 /* Pods_MDCCatalog.framework in Frameworks */,
			);
			runOnlyForDeploymentPostprocessing = 0;
		};
/* End PBXFrameworksBuildPhase section */

/* Begin PBXGroup section */
		5D090E331C9AEB8C0061344A /* Localizable */ = {
			isa = PBXGroup;
			children = (
				5D090E341C9AEB8C0061344A /* Localizable.strings */,
			);
			path = Localizable;
			sourceTree = "<group>";
		};
		64307B391DF74FEF004AE4AC /* MDCActionExtension */ = {
			isa = PBXGroup;
			children = (
				64307B3A1DF74FEF004AE4AC /* MDCActionViewController.h */,
				64307B3B1DF74FEF004AE4AC /* MDCActionViewController.m */,
				64307B481DF76170004AE4AC /* Resources */,
			);
			path = MDCActionExtension;
			sourceTree = "<group>";
		};
		64307B481DF76170004AE4AC /* Resources */ = {
			isa = PBXGroup;
			children = (
				64307B491DF76198004AE4AC /* Assets.xcassets */,
				64307B401DF74FEF004AE4AC /* Info.plist */,
				64307B3D1DF74FEF004AE4AC /* MainInterface.storyboard */,
			);
			name = Resources;
			sourceTree = "<group>";
		};
		664524AA1C6BA62A001ADBF8 = {
			isa = PBXGroup;
			children = (
				664524B51C6BA62A001ADBF8 /* MDCCatalog */,
				64307B391DF74FEF004AE4AC /* MDCActionExtension */,
				664524B41C6BA62A001ADBF8 /* Products */,
				E165A9868676B4998575E09A /* Pods */,
				C18E275F798D7A4D3C533DF1 /* Frameworks */,
			);
			sourceTree = "<group>";
		};
		664524B41C6BA62A001ADBF8 /* Products */ = {
			isa = PBXGroup;
			children = (
				664524B31C6BA62A001ADBF8 /* MDCCatalog.app */,
				E94681B7591B9CD40924C92C /* EarlGrey.framework */,
				64307B381DF74FEF004AE4AC /* MDCActionExtension.appex */,
			);
			name = Products;
			sourceTree = "<group>";
		};
		664524B51C6BA62A001ADBF8 /* MDCCatalog */ = {
			isa = PBXGroup;
			children = (
				664524B61C6BA62A001ADBF8 /* AppDelegate.swift */,
				66CD19282072A54000DE6340 /* AppTheme.swift */,
				665A34D91C6BD01900962055 /* MDCCatalog-Bridging-Header.h */,
				DEF64EA31C8DEE83007C4EA0 /* MDCCatalogCollectionViewCell.swift */,
				DE309CF21C8DEB8400E73247 /* MDCCatalogComponentsController.swift */,
				64F6D8801F91522A00AA4B24 /* MDCCatalogDebugAlert.swift */,
				6681FDFC1CC586660013A0C7 /* MDCCatalogTileView.swift */,
				0B4A5E6C1CC9307A00D2AC5D /* MDCCatalogWindow.swift */,
				64F6D8821F915CA600AA4B24 /* MDCDebugSafeAreaInsetsView.swift */,
				664524B81C6BA62A001ADBF8 /* MDCNodeListViewController.swift */,
				66D3389420730A3E00FFA1AB /* MDCThemePickerViewController.swift */,
				5CBA08362090E4DF009EA9D0 /* MDCMenuViewController.swift */,
				665A34DE1C6BDAE700962055 /* Resources */,
			);
			path = MDCCatalog;
			sourceTree = "<group>";
		};
		665A34DE1C6BDAE700962055 /* Resources */ = {
			isa = PBXGroup;
			children = (
				36C870B71E8AD6A20032EA7D /* RobotoMono-Medium.ttf */,
				404564F11E007C5E004C9D0A /* Roboto-Medium.ttf */,
				360D6F7E1DDE4C5200DF8DB7 /* RobotoMono-Regular.ttf */,
				5D090E331C9AEB8C0061344A /* Localizable */,
				664524BD1C6BA62A001ADBF8 /* Assets.xcassets */,
				664524BF1C6BA62A001ADBF8 /* LaunchScreen.storyboard */,
				664524C21C6BA62A001ADBF8 /* Info.plist */,
			);
			name = Resources;
			sourceTree = "<group>";
		};
		C18E275F798D7A4D3C533DF1 /* Frameworks */ = {
			isa = PBXGroup;
			children = (
				1A55EA1CC69E40D5EF866144 /* Pods_MDCCatalog.framework */,
				88AB955E76304B684707293E /* Pods_MDCActionExtension.framework */,
				0C98A248D8EC59DB853B8611 /* Pods_MDCEarlGreyTests.framework */,
				93314CA227FB65FEC87098C3 /* EarlGrey.framework */,
				BB375464F626CD555584A27F /* Pods_MDCSnapshotTests.framework */,
			);
			name = Frameworks;
			sourceTree = "<group>";
		};
		E165A9868676B4998575E09A /* Pods */ = {
			isa = PBXGroup;
			children = (
				90B4FE989AA27838D0FB6A13 /* Pods-MDCCatalog.debug.xcconfig */,
				C250A4553B960CD6E1604CB7 /* Pods-MDCCatalog.release.xcconfig */,
				183654B47DCDF28C315C006B /* Pods-MDCActionExtension.debug.xcconfig */,
				1259AD212C335B693CDA9EEA /* Pods-MDCActionExtension.release.xcconfig */,
				D0ECF9608E1CF6AA39139933 /* Pods-MDCSnapshotTests.debug.xcconfig */,
				218B9E562C16EA9D989710F1 /* Pods-MDCSnapshotTests.release.xcconfig */,
			);
			name = Pods;
			sourceTree = "<group>";
		};
/* End PBXGroup section */

/* Begin PBXNativeTarget section */
		64307B371DF74FEF004AE4AC /* MDCActionExtension */ = {
			isa = PBXNativeTarget;
			buildConfigurationList = 64307B461DF74FEF004AE4AC /* Build configuration list for PBXNativeTarget "MDCActionExtension" */;
			buildPhases = (
				CF1E8983301BB250EA61087B /* [CP] Check Pods Manifest.lock */,
				64307B341DF74FEF004AE4AC /* Sources */,
				64307B351DF74FEF004AE4AC /* Frameworks */,
				64307B361DF74FEF004AE4AC /* Resources */,
			);
			buildRules = (
			);
			dependencies = (
			);
			name = MDCActionExtension;
			productName = MDCActionExtension;
			productReference = 64307B381DF74FEF004AE4AC /* MDCActionExtension.appex */;
			productType = "com.apple.product-type.app-extension";
		};
		664524B21C6BA62A001ADBF8 /* MDCCatalog */ = {
			isa = PBXNativeTarget;
			buildConfigurationList = 664524C51C6BA62A001ADBF8 /* Build configuration list for PBXNativeTarget "MDCCatalog" */;
			buildPhases = (
				D34F9C3373AD1979FBA3F8E0 /* [CP] Check Pods Manifest.lock */,
				664524AF1C6BA62A001ADBF8 /* Sources */,
				664524B01C6BA62A001ADBF8 /* Frameworks */,
				664524B11C6BA62A001ADBF8 /* Resources */,
				72ACDAA295D1F2087113246F /* [CP] Embed Pods Frameworks */,
				64307B471DF74FEF004AE4AC /* Embed App Extensions */,
			);
			buildRules = (
			);
			dependencies = (
				64307B421DF74FEF004AE4AC /* PBXTargetDependency */,
			);
			name = MDCCatalog;
			productName = MDCCatalog;
			productReference = 664524B31C6BA62A001ADBF8 /* MDCCatalog.app */;
			productType = "com.apple.product-type.application";
		};
/* End PBXNativeTarget section */

/* Begin PBXProject section */
		664524AB1C6BA62A001ADBF8 /* Project object */ = {
			isa = PBXProject;
			attributes = {
				DefaultBuildSystemTypeForWorkspace = Original;
				LastSwiftUpdateCheck = 0830;
				LastUpgradeCheck = 0940;
				ORGANIZATIONNAME = Google;
				TargetAttributes = {
					64307B371DF74FEF004AE4AC = {
						CreatedOnToolsVersion = 8.2;
						DevelopmentTeam = EQHXZ8M8AV;
						LastSwiftMigration = 0810;
						ProvisioningStyle = Manual;
					};
					664524B21C6BA62A001ADBF8 = {
						CreatedOnToolsVersion = 7.3;
						DevelopmentTeam = EQHXZ8M8AV;
						LastSwiftMigration = 0810;
						ProvisioningStyle = Manual;
					};
				};
			};
			buildConfigurationList = 664524AE1C6BA62A001ADBF8 /* Build configuration list for PBXProject "MDCCatalog" */;
			compatibilityVersion = "Xcode 3.2";
			developmentRegion = English;
			hasScannedForEncodings = 0;
			knownRegions = (
				English,
				en,
				Base,
				ar,
				ca,
				cs,
				da,
				de,
				el,
				en_GB,
				es,
				fi,
				fr,
				he,
				hr,
				hu,
				id,
				it,
				ja,
				ko,
				ms,
				nl,
				no,
				pl,
				pt,
				pt_PT,
				ro,
				ru,
				sk,
				sv,
				th,
				tr,
				uk,
				vi,
				zh_CN,
				zh_TW,
			);
			mainGroup = 664524AA1C6BA62A001ADBF8;
			productRefGroup = 664524B41C6BA62A001ADBF8 /* Products */;
			projectDirPath = "";
			projectRoot = "";
			targets = (
				664524B21C6BA62A001ADBF8 /* MDCCatalog */,
				64307B371DF74FEF004AE4AC /* MDCActionExtension */,
			);
		};
/* End PBXProject section */

/* Begin PBXResourcesBuildPhase section */
		64307B361DF74FEF004AE4AC /* Resources */ = {
			isa = PBXResourcesBuildPhase;
			buildActionMask = 2147483647;
			files = (
				64307B4A1DF76198004AE4AC /* Assets.xcassets in Resources */,
				64307B3F1DF74FEF004AE4AC /* MainInterface.storyboard in Resources */,
			);
			runOnlyForDeploymentPostprocessing = 0;
		};
		664524B11C6BA62A001ADBF8 /* Resources */ = {
			isa = PBXResourcesBuildPhase;
			buildActionMask = 2147483647;
			files = (
				404564F21E007C5E004C9D0A /* Roboto-Medium.ttf in Resources */,
				36C870B81E8AD6A20032EA7D /* RobotoMono-Medium.ttf in Resources */,
				664524C11C6BA62A001ADBF8 /* LaunchScreen.storyboard in Resources */,
				5D090E571C9AEB8D0061344A /* Localizable.strings in Resources */,
				664524BE1C6BA62A001ADBF8 /* Assets.xcassets in Resources */,
				360D6F7F1DDE4C5200DF8DB7 /* RobotoMono-Regular.ttf in Resources */,
			);
			runOnlyForDeploymentPostprocessing = 0;
		};
/* End PBXResourcesBuildPhase section */

/* Begin PBXShellScriptBuildPhase section */
		72ACDAA295D1F2087113246F /* [CP] Embed Pods Frameworks */ = {
			isa = PBXShellScriptBuildPhase;
			buildActionMask = 2147483647;
			files = (
			);
			inputPaths = (
				"${PODS_ROOT}/Target Support Files/Pods-MDCCatalog/Pods-MDCCatalog-frameworks.sh",
				"${BUILT_PRODUCTS_DIR}/CatalogByConvention/CatalogByConvention.framework",
				"${BUILT_PRODUCTS_DIR}/MDFInternationalization/MDFInternationalization.framework",
				"${BUILT_PRODUCTS_DIR}/MDFTextAccessibility/MDFTextAccessibility.framework",
				"${BUILT_PRODUCTS_DIR}/MaterialCatalog/MaterialCatalog.framework",
				"${BUILT_PRODUCTS_DIR}/MaterialComponents/MaterialComponents.framework",
				"${BUILT_PRODUCTS_DIR}/MaterialComponentsBeta/MaterialComponentsBeta.framework",
				"${BUILT_PRODUCTS_DIR}/MaterialComponentsExamples/MaterialComponentsExamples.framework",
				"${BUILT_PRODUCTS_DIR}/MaterialComponentsSnapshotTests/MaterialComponentsSnapshotTests.framework",
				"${BUILT_PRODUCTS_DIR}/MotionAnimator/MotionAnimator.framework",
				"${BUILT_PRODUCTS_DIR}/MotionInterchange/MotionInterchange.framework",
			);
			name = "[CP] Embed Pods Frameworks";
			outputPaths = (
				"${TARGET_BUILD_DIR}/${FRAMEWORKS_FOLDER_PATH}/CatalogByConvention.framework",
				"${TARGET_BUILD_DIR}/${FRAMEWORKS_FOLDER_PATH}/MDFInternationalization.framework",
				"${TARGET_BUILD_DIR}/${FRAMEWORKS_FOLDER_PATH}/MDFTextAccessibility.framework",
				"${TARGET_BUILD_DIR}/${FRAMEWORKS_FOLDER_PATH}/MaterialCatalog.framework",
				"${TARGET_BUILD_DIR}/${FRAMEWORKS_FOLDER_PATH}/MaterialComponents.framework",
				"${TARGET_BUILD_DIR}/${FRAMEWORKS_FOLDER_PATH}/MaterialComponentsBeta.framework",
				"${TARGET_BUILD_DIR}/${FRAMEWORKS_FOLDER_PATH}/MaterialComponentsExamples.framework",
				"${TARGET_BUILD_DIR}/${FRAMEWORKS_FOLDER_PATH}/MaterialComponentsSnapshotTests.framework",
				"${TARGET_BUILD_DIR}/${FRAMEWORKS_FOLDER_PATH}/MotionAnimator.framework",
				"${TARGET_BUILD_DIR}/${FRAMEWORKS_FOLDER_PATH}/MotionInterchange.framework",
			);
			runOnlyForDeploymentPostprocessing = 0;
			shellPath = /bin/sh;
			shellScript = "\"${PODS_ROOT}/Target Support Files/Pods-MDCCatalog/Pods-MDCCatalog-frameworks.sh\"\n";
			showEnvVarsInLog = 0;
		};
		CF1E8983301BB250EA61087B /* [CP] Check Pods Manifest.lock */ = {
			isa = PBXShellScriptBuildPhase;
			buildActionMask = 2147483647;
			files = (
			);
			inputPaths = (
				"${PODS_PODFILE_DIR_PATH}/Podfile.lock",
				"${PODS_ROOT}/Manifest.lock",
			);
			name = "[CP] Check Pods Manifest.lock";
			outputPaths = (
				"$(DERIVED_FILE_DIR)/Pods-MDCActionExtension-checkManifestLockResult.txt",
			);
			runOnlyForDeploymentPostprocessing = 0;
			shellPath = /bin/sh;
			shellScript = "diff \"${PODS_PODFILE_DIR_PATH}/Podfile.lock\" \"${PODS_ROOT}/Manifest.lock\" > /dev/null\nif [ $? != 0 ] ; then\n    # print error to STDERR\n    echo \"error: The sandbox is not in sync with the Podfile.lock. Run 'pod install' or update your CocoaPods installation.\" >&2\n    exit 1\nfi\n# This output is used by Xcode 'outputs' to avoid re-running this script phase.\necho \"SUCCESS\" > \"${SCRIPT_OUTPUT_FILE_0}\"\n";
			showEnvVarsInLog = 0;
		};
		D34F9C3373AD1979FBA3F8E0 /* [CP] Check Pods Manifest.lock */ = {
			isa = PBXShellScriptBuildPhase;
			buildActionMask = 2147483647;
			files = (
			);
			inputPaths = (
				"${PODS_PODFILE_DIR_PATH}/Podfile.lock",
				"${PODS_ROOT}/Manifest.lock",
			);
			name = "[CP] Check Pods Manifest.lock";
			outputPaths = (
				"$(DERIVED_FILE_DIR)/Pods-MDCCatalog-checkManifestLockResult.txt",
			);
			runOnlyForDeploymentPostprocessing = 0;
			shellPath = /bin/sh;
			shellScript = "diff \"${PODS_PODFILE_DIR_PATH}/Podfile.lock\" \"${PODS_ROOT}/Manifest.lock\" > /dev/null\nif [ $? != 0 ] ; then\n    # print error to STDERR\n    echo \"error: The sandbox is not in sync with the Podfile.lock. Run 'pod install' or update your CocoaPods installation.\" >&2\n    exit 1\nfi\n# This output is used by Xcode 'outputs' to avoid re-running this script phase.\necho \"SUCCESS\" > \"${SCRIPT_OUTPUT_FILE_0}\"\n";
			showEnvVarsInLog = 0;
		};
/* End PBXShellScriptBuildPhase section */

/* Begin PBXSourcesBuildPhase section */
		64307B341DF74FEF004AE4AC /* Sources */ = {
			isa = PBXSourcesBuildPhase;
			buildActionMask = 2147483647;
			files = (
				64307B3C1DF74FEF004AE4AC /* MDCActionViewController.m in Sources */,
			);
			runOnlyForDeploymentPostprocessing = 0;
		};
		664524AF1C6BA62A001ADBF8 /* Sources */ = {
			isa = PBXSourcesBuildPhase;
			buildActionMask = 2147483647;
			files = (
				DE309CF31C8DEB8400E73247 /* MDCCatalogComponentsController.swift in Sources */,
				6681FDFD1CC586660013A0C7 /* MDCCatalogTileView.swift in Sources */,
				0B4A5E6D1CC9307A00D2AC5D /* MDCCatalogWindow.swift in Sources */,
				66CD19292072A54000DE6340 /* AppTheme.swift in Sources */,
				664524B91C6BA62A001ADBF8 /* MDCNodeListViewController.swift in Sources */,
				64F6D8811F91522A00AA4B24 /* MDCCatalogDebugAlert.swift in Sources */,
				5CBA08372090E4DF009EA9D0 /* MDCMenuViewController.swift in Sources */,
				64F6D8831F915CA600AA4B24 /* MDCDebugSafeAreaInsetsView.swift in Sources */,
				66D3389520730A3E00FFA1AB /* MDCThemePickerViewController.swift in Sources */,
				664524B71C6BA62A001ADBF8 /* AppDelegate.swift in Sources */,
				DEF64EA41C8DEE83007C4EA0 /* MDCCatalogCollectionViewCell.swift in Sources */,
			);
			runOnlyForDeploymentPostprocessing = 0;
		};
/* End PBXSourcesBuildPhase section */

/* Begin PBXTargetDependency section */
		64307B421DF74FEF004AE4AC /* PBXTargetDependency */ = {
			isa = PBXTargetDependency;
			target = 64307B371DF74FEF004AE4AC /* MDCActionExtension */;
			targetProxy = 64307B411DF74FEF004AE4AC /* PBXContainerItemProxy */;
		};
/* End PBXTargetDependency section */

/* Begin PBXVariantGroup section */
		5D090E341C9AEB8C0061344A /* Localizable.strings */ = {
			isa = PBXVariantGroup;
			children = (
				5D090E351C9AEB8C0061344A /* ar */,
				5D090E361C9AEB8C0061344A /* ca */,
				5D090E371C9AEB8C0061344A /* cs */,
				5D090E381C9AEB8C0061344A /* da */,
				5D090E391C9AEB8D0061344A /* de */,
				5D090E3A1C9AEB8D0061344A /* el */,
				5D090E3B1C9AEB8D0061344A /* en */,
				5D090E3C1C9AEB8D0061344A /* en_GB */,
				5D090E3D1C9AEB8D0061344A /* es */,
				5D090E3E1C9AEB8D0061344A /* fi */,
				5D090E3F1C9AEB8D0061344A /* fr */,
				5D090E401C9AEB8D0061344A /* he */,
				5D090E411C9AEB8D0061344A /* hr */,
				5D090E421C9AEB8D0061344A /* hu */,
				5D090E431C9AEB8D0061344A /* id */,
				5D090E441C9AEB8D0061344A /* it */,
				5D090E451C9AEB8D0061344A /* ja */,
				5D090E461C9AEB8D0061344A /* ko */,
				5D090E471C9AEB8D0061344A /* ms */,
				5D090E481C9AEB8D0061344A /* nl */,
				5D090E491C9AEB8D0061344A /* no */,
				5D090E4A1C9AEB8D0061344A /* pl */,
				5D090E4B1C9AEB8D0061344A /* pt */,
				5D090E4C1C9AEB8D0061344A /* pt_PT */,
				5D090E4D1C9AEB8D0061344A /* ro */,
				5D090E4E1C9AEB8D0061344A /* ru */,
				5D090E4F1C9AEB8D0061344A /* sk */,
				5D090E501C9AEB8D0061344A /* sv */,
				5D090E511C9AEB8D0061344A /* th */,
				5D090E521C9AEB8D0061344A /* tr */,
				5D090E531C9AEB8D0061344A /* uk */,
				5D090E541C9AEB8D0061344A /* vi */,
				5D090E551C9AEB8D0061344A /* zh_CN */,
				5D090E561C9AEB8D0061344A /* zh_TW */,
			);
			name = Localizable.strings;
			sourceTree = "<group>";
		};
		64307B3D1DF74FEF004AE4AC /* MainInterface.storyboard */ = {
			isa = PBXVariantGroup;
			children = (
				64307B3E1DF74FEF004AE4AC /* Base */,
			);
			name = MainInterface.storyboard;
			sourceTree = "<group>";
		};
		664524BF1C6BA62A001ADBF8 /* LaunchScreen.storyboard */ = {
			isa = PBXVariantGroup;
			children = (
				664524C01C6BA62A001ADBF8 /* Base */,
			);
			name = LaunchScreen.storyboard;
			sourceTree = "<group>";
		};
/* End PBXVariantGroup section */

/* Begin XCBuildConfiguration section */
		64307B441DF74FEF004AE4AC /* Debug */ = {
			isa = XCBuildConfiguration;
			baseConfigurationReference = 183654B47DCDF28C315C006B /* Pods-MDCActionExtension.debug.xcconfig */;
			buildSettings = {
				ASSETCATALOG_COMPILER_APPICON_NAME = ExtensionIcon;
				CLANG_ANALYZER_NONNULL = YES;
				CLANG_WARN_DOCUMENTATION_COMMENTS = YES;
				CLANG_WARN_INFINITE_RECURSION = YES;
				CLANG_WARN_SUSPICIOUS_MOVE = YES;
				"CODE_SIGN_IDENTITY[sdk=iphoneos*]" = "iPhone Developer";
				CODE_SIGN_STYLE = Manual;
				DEVELOPMENT_TEAM = EQHXZ8M8AV;
				INFOPLIST_FILE = MDCActionExtension/Info.plist;
				LD_RUNPATH_SEARCH_PATHS = "$(inherited) @executable_path/Frameworks @executable_path/../../Frameworks";
				PRODUCT_BUNDLE_IDENTIFIER = "com.google.mdc-catalog.MDCActionExtension";
				PRODUCT_NAME = "$(TARGET_NAME)";
				PROVISIONING_PROFILE_SPECIFIER = "Google Development";
				SKIP_INSTALL = YES;
				SWIFT_VERSION = 4.2;
			};
			name = Debug;
		};
		64307B451DF74FEF004AE4AC /* Release */ = {
			isa = XCBuildConfiguration;
			baseConfigurationReference = 1259AD212C335B693CDA9EEA /* Pods-MDCActionExtension.release.xcconfig */;
			buildSettings = {
				ASSETCATALOG_COMPILER_APPICON_NAME = ExtensionIcon;
				CLANG_ANALYZER_NONNULL = YES;
				CLANG_WARN_DOCUMENTATION_COMMENTS = YES;
				CLANG_WARN_INFINITE_RECURSION = YES;
				CLANG_WARN_SUSPICIOUS_MOVE = YES;
				"CODE_SIGN_IDENTITY[sdk=iphoneos*]" = "iPhone Developer";
				CODE_SIGN_STYLE = Manual;
				DEVELOPMENT_TEAM = EQHXZ8M8AV;
				INFOPLIST_FILE = MDCActionExtension/Info.plist;
				LD_RUNPATH_SEARCH_PATHS = "$(inherited) @executable_path/Frameworks @executable_path/../../Frameworks";
				PRODUCT_BUNDLE_IDENTIFIER = "com.google.mdc-catalog.MDCActionExtension";
				PRODUCT_NAME = "$(TARGET_NAME)";
				PROVISIONING_PROFILE_SPECIFIER = "Google Development";
				SKIP_INSTALL = YES;
				SWIFT_VERSION = 4.2;
			};
			name = Release;
		};
		664524C31C6BA62A001ADBF8 /* Debug */ = {
			isa = XCBuildConfiguration;
			buildSettings = {
				ALWAYS_SEARCH_USER_PATHS = NO;
				CLANG_ANALYZER_LOCALIZABILITY_NONLOCALIZED = YES;
				CLANG_CXX_LANGUAGE_STANDARD = "gnu++0x";
				CLANG_CXX_LIBRARY = "libc++";
				CLANG_ENABLE_MODULES = YES;
				CLANG_ENABLE_OBJC_ARC = YES;
				CLANG_WARN_BLOCK_CAPTURE_AUTORELEASING = YES;
				CLANG_WARN_BOOL_CONVERSION = YES;
				CLANG_WARN_COMMA = YES;
				CLANG_WARN_CONSTANT_CONVERSION = YES;
				CLANG_WARN_DEPRECATED_OBJC_IMPLEMENTATIONS = YES;
				CLANG_WARN_DIRECT_OBJC_ISA_USAGE = YES_ERROR;
				CLANG_WARN_EMPTY_BODY = YES;
				CLANG_WARN_ENUM_CONVERSION = YES;
				CLANG_WARN_INFINITE_RECURSION = YES;
				CLANG_WARN_INT_CONVERSION = YES;
				CLANG_WARN_NON_LITERAL_NULL_CONVERSION = YES;
				CLANG_WARN_OBJC_IMPLICIT_RETAIN_SELF = YES;
				CLANG_WARN_OBJC_LITERAL_CONVERSION = YES;
				CLANG_WARN_OBJC_ROOT_CLASS = YES_ERROR;
				CLANG_WARN_RANGE_LOOP_ANALYSIS = YES;
				CLANG_WARN_STRICT_PROTOTYPES = YES;
				CLANG_WARN_SUSPICIOUS_MOVE = YES;
				CLANG_WARN_UNREACHABLE_CODE = YES;
				CLANG_WARN__DUPLICATE_METHOD_MATCH = YES;
				"CODE_SIGN_IDENTITY[sdk=iphoneos*]" = "iPhone Developer";
				COPY_PHASE_STRIP = NO;
				DEBUG_INFORMATION_FORMAT = dwarf;
				ENABLE_STRICT_OBJC_MSGSEND = YES;
				ENABLE_TESTABILITY = YES;
				GCC_C_LANGUAGE_STANDARD = gnu99;
				GCC_DYNAMIC_NO_PIC = NO;
				GCC_NO_COMMON_BLOCKS = YES;
				GCC_OPTIMIZATION_LEVEL = 0;
				GCC_PREPROCESSOR_DEFINITIONS = (
					"DEBUG=1",
					"$(inherited)",
				);
				GCC_WARN_64_TO_32_BIT_CONVERSION = YES;
				GCC_WARN_ABOUT_RETURN_TYPE = YES_ERROR;
				GCC_WARN_UNDECLARED_SELECTOR = YES;
				GCC_WARN_UNINITIALIZED_AUTOS = YES_AGGRESSIVE;
				GCC_WARN_UNUSED_FUNCTION = YES;
				GCC_WARN_UNUSED_VARIABLE = YES;
				IPHONEOS_DEPLOYMENT_TARGET = 9.0;
				MTL_ENABLE_DEBUG_INFO = YES;
				ONLY_ACTIVE_ARCH = YES;
				SDKROOT = iphoneos;
				SWIFT_OPTIMIZATION_LEVEL = "-Onone";
				TARGETED_DEVICE_FAMILY = "1,2";
			};
			name = Debug;
		};
		664524C41C6BA62A001ADBF8 /* Release */ = {
			isa = XCBuildConfiguration;
			buildSettings = {
				ALWAYS_SEARCH_USER_PATHS = NO;
				CLANG_ANALYZER_LOCALIZABILITY_NONLOCALIZED = YES;
				CLANG_CXX_LANGUAGE_STANDARD = "gnu++0x";
				CLANG_CXX_LIBRARY = "libc++";
				CLANG_ENABLE_MODULES = YES;
				CLANG_ENABLE_OBJC_ARC = YES;
				CLANG_WARN_BLOCK_CAPTURE_AUTORELEASING = YES;
				CLANG_WARN_BOOL_CONVERSION = YES;
				CLANG_WARN_COMMA = YES;
				CLANG_WARN_CONSTANT_CONVERSION = YES;
				CLANG_WARN_DEPRECATED_OBJC_IMPLEMENTATIONS = YES;
				CLANG_WARN_DIRECT_OBJC_ISA_USAGE = YES_ERROR;
				CLANG_WARN_EMPTY_BODY = YES;
				CLANG_WARN_ENUM_CONVERSION = YES;
				CLANG_WARN_INFINITE_RECURSION = YES;
				CLANG_WARN_INT_CONVERSION = YES;
				CLANG_WARN_NON_LITERAL_NULL_CONVERSION = YES;
				CLANG_WARN_OBJC_IMPLICIT_RETAIN_SELF = YES;
				CLANG_WARN_OBJC_LITERAL_CONVERSION = YES;
				CLANG_WARN_OBJC_ROOT_CLASS = YES_ERROR;
				CLANG_WARN_RANGE_LOOP_ANALYSIS = YES;
				CLANG_WARN_STRICT_PROTOTYPES = YES;
				CLANG_WARN_SUSPICIOUS_MOVE = YES;
				CLANG_WARN_UNREACHABLE_CODE = YES;
				CLANG_WARN__DUPLICATE_METHOD_MATCH = YES;
				"CODE_SIGN_IDENTITY[sdk=iphoneos*]" = "iPhone Developer";
				COPY_PHASE_STRIP = NO;
				DEBUG_INFORMATION_FORMAT = "dwarf-with-dsym";
				ENABLE_NS_ASSERTIONS = NO;
				ENABLE_STRICT_OBJC_MSGSEND = YES;
				GCC_C_LANGUAGE_STANDARD = gnu99;
				GCC_NO_COMMON_BLOCKS = YES;
				GCC_WARN_64_TO_32_BIT_CONVERSION = YES;
				GCC_WARN_ABOUT_RETURN_TYPE = YES_ERROR;
				GCC_WARN_UNDECLARED_SELECTOR = YES;
				GCC_WARN_UNINITIALIZED_AUTOS = YES_AGGRESSIVE;
				GCC_WARN_UNUSED_FUNCTION = YES;
				GCC_WARN_UNUSED_VARIABLE = YES;
				IPHONEOS_DEPLOYMENT_TARGET = 9.0;
				MTL_ENABLE_DEBUG_INFO = NO;
				SDKROOT = iphoneos;
				SWIFT_OPTIMIZATION_LEVEL = "-Owholemodule";
				TARGETED_DEVICE_FAMILY = "1,2";
				VALIDATE_PRODUCT = YES;
			};
			name = Release;
		};
		664524C61C6BA62A001ADBF8 /* Debug */ = {
			isa = XCBuildConfiguration;
			baseConfigurationReference = 90B4FE989AA27838D0FB6A13 /* Pods-MDCCatalog.debug.xcconfig */;
			buildSettings = {
				ASSETCATALOG_COMPILER_APPICON_NAME = AppIcon;
				ASSETCATALOG_COMPILER_LAUNCHIMAGE_NAME = LaunchImage;
				CLANG_ENABLE_MODULES = YES;
				"CODE_SIGN_IDENTITY[sdk=iphoneos*]" = "iPhone Developer";
				CODE_SIGN_STYLE = Manual;
				DEVELOPMENT_TEAM = EQHXZ8M8AV;
				INFOPLIST_FILE = MDCCatalog/Info.plist;
				LD_RUNPATH_SEARCH_PATHS = "$(inherited) @executable_path/Frameworks";
				PRODUCT_BUNDLE_IDENTIFIER = com.google.MDCCatalog;
				PRODUCT_NAME = "$(TARGET_NAME)";
				PROVISIONING_PROFILE_SPECIFIER = "Google Development";
				SWIFT_OBJC_BRIDGING_HEADER = "MDCCatalog/MDCCatalog-Bridging-Header.h";
				SWIFT_OPTIMIZATION_LEVEL = "-Onone";
				SWIFT_VERSION = 4.2;
			};
			name = Debug;
		};
		664524C71C6BA62A001ADBF8 /* Release */ = {
			isa = XCBuildConfiguration;
			baseConfigurationReference = C250A4553B960CD6E1604CB7 /* Pods-MDCCatalog.release.xcconfig */;
			buildSettings = {
				ASSETCATALOG_COMPILER_APPICON_NAME = AppIcon;
				ASSETCATALOG_COMPILER_LAUNCHIMAGE_NAME = LaunchImage;
				CLANG_ENABLE_MODULES = YES;
				"CODE_SIGN_IDENTITY[sdk=iphoneos*]" = "iPhone Developer";
				CODE_SIGN_STYLE = Manual;
				DEVELOPMENT_TEAM = EQHXZ8M8AV;
				INFOPLIST_FILE = MDCCatalog/Info.plist;
				LD_RUNPATH_SEARCH_PATHS = "$(inherited) @executable_path/Frameworks";
				PRODUCT_BUNDLE_IDENTIFIER = com.google.MDCCatalog;
				PRODUCT_NAME = "$(TARGET_NAME)";
				PROVISIONING_PROFILE_SPECIFIER = "Google Development";
				SWIFT_OBJC_BRIDGING_HEADER = "MDCCatalog/MDCCatalog-Bridging-Header.h";
				SWIFT_VERSION = 4.2;
			};
			name = Release;
		};
/* End XCBuildConfiguration section */

/* Begin XCConfigurationList section */
		64307B461DF74FEF004AE4AC /* Build configuration list for PBXNativeTarget "MDCActionExtension" */ = {
			isa = XCConfigurationList;
			buildConfigurations = (
				64307B441DF74FEF004AE4AC /* Debug */,
				64307B451DF74FEF004AE4AC /* Release */,
			);
			defaultConfigurationIsVisible = 0;
			defaultConfigurationName = Release;
		};
		664524AE1C6BA62A001ADBF8 /* Build configuration list for PBXProject "MDCCatalog" */ = {
			isa = XCConfigurationList;
			buildConfigurations = (
				664524C31C6BA62A001ADBF8 /* Debug */,
				664524C41C6BA62A001ADBF8 /* Release */,
			);
			defaultConfigurationIsVisible = 0;
			defaultConfigurationName = Release;
		};
		664524C51C6BA62A001ADBF8 /* Build configuration list for PBXNativeTarget "MDCCatalog" */ = {
			isa = XCConfigurationList;
			buildConfigurations = (
				664524C61C6BA62A001ADBF8 /* Debug */,
				664524C71C6BA62A001ADBF8 /* Release */,
			);
			defaultConfigurationIsVisible = 0;
			defaultConfigurationName = Release;
		};
/* End XCConfigurationList section */
	};
	rootObject = 664524AB1C6BA62A001ADBF8 /* Project object */;
}
