// !$*UTF8*$!
{
	archiveVersion = 1;
	classes = {
	};
	objectVersion = 46;
	objects = {

/* Begin PBXBuildFile section */
		5D79E5801BEC181B00833C35 /* main.m in Sources */ = {isa = PBXBuildFile; fileRef = 5D79E57F1BEC181B00833C35 /* main.m */; };
		5D79E5831BEC181B00833C35 /* AppDelegate.m in Sources */ = {isa = PBXBuildFile; fileRef = 5D79E5821BEC181B00833C35 /* AppDelegate.m */; };
		5D79E5861BEC181B00833C35 /* ViewController.m in Sources */ = {isa = PBXBuildFile; fileRef = 5D79E5851BEC181B00833C35 /* ViewController.m */; };
		5D79E5891BEC181B00833C35 /* Main.storyboard in Resources */ = {isa = PBXBuildFile; fileRef = 5D79E5871BEC181B00833C35 /* Main.storyboard */; };
		5D79E58B1BEC181B00833C35 /* Assets.xcassets in Resources */ = {isa = PBXBuildFile; fileRef = 5D79E58A1BEC181B00833C35 /* Assets.xcassets */; };
		5D79E58E1BEC181B00833C35 /* LaunchScreen.storyboard in Resources */ = {isa = PBXBuildFile; fileRef = 5D79E58C1BEC181B00833C35 /* LaunchScreen.storyboard */; };
		5D79E5991BEC181B00833C35 /* ScrollViewDelegateMultiplexerExampleTests.m in Sources */ = {isa = PBXBuildFile; fileRef = 5D79E5981BEC181B00833C35 /* ScrollViewDelegateMultiplexerExampleTests.m */; };
		5D79E5A41BEC181B00833C35 /* ScrollViewDelegateMultiplexerExampleUITests.m in Sources */ = {isa = PBXBuildFile; fileRef = 5D79E5A31BEC181B00833C35 /* ScrollViewDelegateMultiplexerExampleUITests.m */; };
		5D79E5BE1BEC196B00833C35 /* MDCScrollViewDelegateMultiplexer.m in Sources */ = {isa = PBXBuildFile; fileRef = 5D79E5BC1BEC196B00833C35 /* MDCScrollViewDelegateMultiplexer.m */; };
		5D79E5C11BEC835100833C35 /* CustomLabel.m in Sources */ = {isa = PBXBuildFile; fileRef = 5D79E5C01BEC835100833C35 /* CustomLabel.m */; };
/* End PBXBuildFile section */

/* Begin PBXContainerItemProxy section */
		5D79E5951BEC181B00833C35 /* PBXContainerItemProxy */ = {
			isa = PBXContainerItemProxy;
			containerPortal = 5D79E5731BEC181B00833C35 /* Project object */;
			proxyType = 1;
			remoteGlobalIDString = 5D79E57A1BEC181B00833C35;
			remoteInfo = ScrollViewDelegateMultiplexerExample;
		};
		5D79E5A01BEC181B00833C35 /* PBXContainerItemProxy */ = {
			isa = PBXContainerItemProxy;
			containerPortal = 5D79E5731BEC181B00833C35 /* Project object */;
			proxyType = 1;
			remoteGlobalIDString = 5D79E57A1BEC181B00833C35;
			remoteInfo = ScrollViewDelegateMultiplexerExample;
		};
/* End PBXContainerItemProxy section */

/* Begin PBXFileReference section */
		5D79E57B1BEC181B00833C35 /* ScrollViewDelegateMultiplexerExample.app */ = {isa = PBXFileReference; explicitFileType = wrapper.application; includeInIndex = 0; path = ScrollViewDelegateMultiplexerExample.app; sourceTree = BUILT_PRODUCTS_DIR; };
		5D79E57F1BEC181B00833C35 /* main.m */ = {isa = PBXFileReference; lastKnownFileType = sourcecode.c.objc; path = main.m; sourceTree = "<group>"; };
		5D79E5811BEC181B00833C35 /* AppDelegate.h */ = {isa = PBXFileReference; lastKnownFileType = sourcecode.c.h; path = AppDelegate.h; sourceTree = "<group>"; };
		5D79E5821BEC181B00833C35 /* AppDelegate.m */ = {isa = PBXFileReference; lastKnownFileType = sourcecode.c.objc; path = AppDelegate.m; sourceTree = "<group>"; };
		5D79E5841BEC181B00833C35 /* ViewController.h */ = {isa = PBXFileReference; lastKnownFileType = sourcecode.c.h; path = ViewController.h; sourceTree = "<group>"; };
		5D79E5851BEC181B00833C35 /* ViewController.m */ = {isa = PBXFileReference; lastKnownFileType = sourcecode.c.objc; path = ViewController.m; sourceTree = "<group>"; };
		5D79E5881BEC181B00833C35 /* Base */ = {isa = PBXFileReference; lastKnownFileType = file.storyboard; name = Base; path = Base.lproj/Main.storyboard; sourceTree = "<group>"; };
		5D79E58A1BEC181B00833C35 /* Assets.xcassets */ = {isa = PBXFileReference; lastKnownFileType = folder.assetcatalog; path = Assets.xcassets; sourceTree = "<group>"; };
		5D79E58D1BEC181B00833C35 /* Base */ = {isa = PBXFileReference; lastKnownFileType = file.storyboard; name = Base; path = Base.lproj/LaunchScreen.storyboard; sourceTree = "<group>"; };
		5D79E58F1BEC181B00833C35 /* Info.plist */ = {isa = PBXFileReference; lastKnownFileType = text.plist.xml; path = Info.plist; sourceTree = "<group>"; };
		5D79E5941BEC181B00833C35 /* ScrollViewDelegateMultiplexerExampleTests.xctest */ = {isa = PBXFileReference; explicitFileType = wrapper.cfbundle; includeInIndex = 0; path = ScrollViewDelegateMultiplexerExampleTests.xctest; sourceTree = BUILT_PRODUCTS_DIR; };
		5D79E5981BEC181B00833C35 /* ScrollViewDelegateMultiplexerExampleTests.m */ = {isa = PBXFileReference; lastKnownFileType = sourcecode.c.objc; path = ScrollViewDelegateMultiplexerExampleTests.m; sourceTree = "<group>"; };
		5D79E59A1BEC181B00833C35 /* Info.plist */ = {isa = PBXFileReference; lastKnownFileType = text.plist.xml; path = Info.plist; sourceTree = "<group>"; };
		5D79E59F1BEC181B00833C35 /* ScrollViewDelegateMultiplexerExampleUITests.xctest */ = {isa = PBXFileReference; explicitFileType = wrapper.cfbundle; includeInIndex = 0; path = ScrollViewDelegateMultiplexerExampleUITests.xctest; sourceTree = BUILT_PRODUCTS_DIR; };
		5D79E5A31BEC181B00833C35 /* ScrollViewDelegateMultiplexerExampleUITests.m */ = {isa = PBXFileReference; lastKnownFileType = sourcecode.c.objc; path = ScrollViewDelegateMultiplexerExampleUITests.m; sourceTree = "<group>"; };
		5D79E5A51BEC181B00833C35 /* Info.plist */ = {isa = PBXFileReference; lastKnownFileType = text.plist.xml; path = Info.plist; sourceTree = "<group>"; };
		5D79E5B91BEC196B00833C35 /* MaterialScrollViewDelegateMultiplexer.h */ = {isa = PBXFileReference; fileEncoding = 4; lastKnownFileType = sourcecode.c.h; path = MaterialScrollViewDelegateMultiplexer.h; sourceTree = "<group>"; };
		5D79E5BB1BEC196B00833C35 /* MDCScrollViewDelegateMultiplexer.h */ = {isa = PBXFileReference; fileEncoding = 4; lastKnownFileType = sourcecode.c.h; path = MDCScrollViewDelegateMultiplexer.h; sourceTree = "<group>"; };
		5D79E5BC1BEC196B00833C35 /* MDCScrollViewDelegateMultiplexer.m */ = {isa = PBXFileReference; fileEncoding = 4; lastKnownFileType = sourcecode.c.objc; path = MDCScrollViewDelegateMultiplexer.m; sourceTree = "<group>"; };
		5D79E5BF1BEC835100833C35 /* CustomLabel.h */ = {isa = PBXFileReference; fileEncoding = 4; lastKnownFileType = sourcecode.c.h; path = CustomLabel.h; sourceTree = "<group>"; };
		5D79E5C01BEC835100833C35 /* CustomLabel.m */ = {isa = PBXFileReference; fileEncoding = 4; lastKnownFileType = sourcecode.c.objc; path = CustomLabel.m; sourceTree = "<group>"; };
/* End PBXFileReference section */

/* Begin PBXFrameworksBuildPhase section */
		5D79E5781BEC181B00833C35 /* Frameworks */ = {
			isa = PBXFrameworksBuildPhase;
			buildActionMask = 2147483647;
			files = (
			);
			runOnlyForDeploymentPostprocessing = 0;
		};
		5D79E5911BEC181B00833C35 /* Frameworks */ = {
			isa = PBXFrameworksBuildPhase;
			buildActionMask = 2147483647;
			files = (
			);
			runOnlyForDeploymentPostprocessing = 0;
		};
		5D79E59C1BEC181B00833C35 /* Frameworks */ = {
			isa = PBXFrameworksBuildPhase;
			buildActionMask = 2147483647;
			files = (
			);
			runOnlyForDeploymentPostprocessing = 0;
		};
/* End PBXFrameworksBuildPhase section */

/* Begin PBXGroup section */
		5D79E5721BEC181B00833C35 = {
			isa = PBXGroup;
			children = (
				5D79E5B81BEC196B00833C35 /* ScrollViewDelegateMultiplexer */,
				5D79E57D1BEC181B00833C35 /* ScrollViewDelegateMultiplexerExample */,
				5D79E5971BEC181B00833C35 /* ScrollViewDelegateMultiplexerExampleTests */,
				5D79E5A21BEC181B00833C35 /* ScrollViewDelegateMultiplexerExampleUITests */,
				5D79E57C1BEC181B00833C35 /* Products */,
			);
			sourceTree = "<group>";
		};
		5D79E57C1BEC181B00833C35 /* Products */ = {
			isa = PBXGroup;
			children = (
				5D79E57B1BEC181B00833C35 /* ScrollViewDelegateMultiplexerExample.app */,
				5D79E5941BEC181B00833C35 /* ScrollViewDelegateMultiplexerExampleTests.xctest */,
				5D79E59F1BEC181B00833C35 /* ScrollViewDelegateMultiplexerExampleUITests.xctest */,
			);
			name = Products;
			sourceTree = "<group>";
		};
		5D79E57D1BEC181B00833C35 /* ScrollViewDelegateMultiplexerExample */ = {
			isa = PBXGroup;
			children = (
				5D79E5811BEC181B00833C35 /* AppDelegate.h */,
				5D79E5821BEC181B00833C35 /* AppDelegate.m */,
				5D79E5841BEC181B00833C35 /* ViewController.h */,
				5D79E5851BEC181B00833C35 /* ViewController.m */,
				5D79E5BF1BEC835100833C35 /* CustomLabel.h */,
				5D79E5C01BEC835100833C35 /* CustomLabel.m */,
				5D79E5871BEC181B00833C35 /* Main.storyboard */,
				5D79E58A1BEC181B00833C35 /* Assets.xcassets */,
				5D79E58C1BEC181B00833C35 /* LaunchScreen.storyboard */,
				5D79E58F1BEC181B00833C35 /* Info.plist */,
				5D79E57E1BEC181B00833C35 /* Supporting Files */,
			);
			path = ScrollViewDelegateMultiplexerExample;
			sourceTree = "<group>";
		};
		5D79E57E1BEC181B00833C35 /* Supporting Files */ = {
			isa = PBXGroup;
			children = (
				5D79E57F1BEC181B00833C35 /* main.m */,
			);
			name = "Supporting Files";
			sourceTree = "<group>";
		};
		5D79E5971BEC181B00833C35 /* ScrollViewDelegateMultiplexerExampleTests */ = {
			isa = PBXGroup;
			children = (
				5D79E5981BEC181B00833C35 /* ScrollViewDelegateMultiplexerExampleTests.m */,
				5D79E59A1BEC181B00833C35 /* Info.plist */,
			);
			path = ScrollViewDelegateMultiplexerExampleTests;
			sourceTree = "<group>";
		};
		5D79E5A21BEC181B00833C35 /* ScrollViewDelegateMultiplexerExampleUITests */ = {
			isa = PBXGroup;
			children = (
				5D79E5A31BEC181B00833C35 /* ScrollViewDelegateMultiplexerExampleUITests.m */,
				5D79E5A51BEC181B00833C35 /* Info.plist */,
			);
			path = ScrollViewDelegateMultiplexerExampleUITests;
			sourceTree = "<group>";
		};
		5D79E5B81BEC196B00833C35 /* ScrollViewDelegateMultiplexer */ = {
			isa = PBXGroup;
			children = (
				5D79E5B91BEC196B00833C35 /* MaterialScrollViewDelegateMultiplexer.h */,
				5D79E5BB1BEC196B00833C35 /* MDCScrollViewDelegateMultiplexer.h */,
				5D79E5BC1BEC196B00833C35 /* MDCScrollViewDelegateMultiplexer.m */,
			);
			name = ScrollViewDelegateMultiplexer;
			path = ../src;
			sourceTree = "<group>";
		};
/* End PBXGroup section */

/* Begin PBXNativeTarget section */
		5D79E57A1BEC181B00833C35 /* ScrollViewDelegateMultiplexerExample */ = {
			isa = PBXNativeTarget;
			buildConfigurationList = 5D79E5A81BEC181B00833C35 /* Build configuration list for PBXNativeTarget "ScrollViewDelegateMultiplexerExample" */;
			buildPhases = (
				5D79E5771BEC181B00833C35 /* Sources */,
				5D79E5781BEC181B00833C35 /* Frameworks */,
				5D79E5791BEC181B00833C35 /* Resources */,
			);
			buildRules = (
			);
			dependencies = (
			);
			name = ScrollViewDelegateMultiplexerExample;
			productName = ScrollViewDelegateMultiplexerExample;
			productReference = 5D79E57B1BEC181B00833C35 /* ScrollViewDelegateMultiplexerExample.app */;
			productType = "com.apple.product-type.application";
		};
		5D79E5931BEC181B00833C35 /* ScrollViewDelegateMultiplexerExampleTests */ = {
			isa = PBXNativeTarget;
			buildConfigurationList = 5D79E5AB1BEC181B00833C35 /* Build configuration list for PBXNativeTarget "ScrollViewDelegateMultiplexerExampleTests" */;
			buildPhases = (
				5D79E5901BEC181B00833C35 /* Sources */,
				5D79E5911BEC181B00833C35 /* Frameworks */,
				5D79E5921BEC181B00833C35 /* Resources */,
			);
			buildRules = (
			);
			dependencies = (
				5D79E5961BEC181B00833C35 /* PBXTargetDependency */,
			);
			name = ScrollViewDelegateMultiplexerExampleTests;
			productName = ScrollViewDelegateMultiplexerExampleTests;
			productReference = 5D79E5941BEC181B00833C35 /* ScrollViewDelegateMultiplexerExampleTests.xctest */;
			productType = "com.apple.product-type.bundle.unit-test";
		};
		5D79E59E1BEC181B00833C35 /* ScrollViewDelegateMultiplexerExampleUITests */ = {
			isa = PBXNativeTarget;
			buildConfigurationList = 5D79E5AE1BEC181B00833C35 /* Build configuration list for PBXNativeTarget "ScrollViewDelegateMultiplexerExampleUITests" */;
			buildPhases = (
				5D79E59B1BEC181B00833C35 /* Sources */,
				5D79E59C1BEC181B00833C35 /* Frameworks */,
				5D79E59D1BEC181B00833C35 /* Resources */,
			);
			buildRules = (
			);
			dependencies = (
				5D79E5A11BEC181B00833C35 /* PBXTargetDependency */,
			);
			name = ScrollViewDelegateMultiplexerExampleUITests;
			productName = ScrollViewDelegateMultiplexerExampleUITests;
			productReference = 5D79E59F1BEC181B00833C35 /* ScrollViewDelegateMultiplexerExampleUITests.xctest */;
			productType = "com.apple.product-type.bundle.ui-testing";
		};
/* End PBXNativeTarget section */

/* Begin PBXProject section */
		5D79E5731BEC181B00833C35 /* Project object */ = {
			isa = PBXProject;
			attributes = {
				LastUpgradeCheck = 0710;
				ORGANIZATIONNAME = Google;
				TargetAttributes = {
					5D79E57A1BEC181B00833C35 = {
						CreatedOnToolsVersion = 7.1;
					};
					5D79E5931BEC181B00833C35 = {
						CreatedOnToolsVersion = 7.1;
						TestTargetID = 5D79E57A1BEC181B00833C35;
					};
					5D79E59E1BEC181B00833C35 = {
						CreatedOnToolsVersion = 7.1;
						TestTargetID = 5D79E57A1BEC181B00833C35;
					};
				};
			};
			buildConfigurationList = 5D79E5761BEC181B00833C35 /* Build configuration list for PBXProject "ScrollViewDelegateMultiplexerExample" */;
			compatibilityVersion = "Xcode 3.2";
			developmentRegion = English;
			hasScannedForEncodings = 0;
			knownRegions = (
				en,
				Base,
			);
			mainGroup = 5D79E5721BEC181B00833C35;
			productRefGroup = 5D79E57C1BEC181B00833C35 /* Products */;
			projectDirPath = "";
			projectRoot = "";
			targets = (
				5D79E57A1BEC181B00833C35 /* ScrollViewDelegateMultiplexerExample */,
				5D79E5931BEC181B00833C35 /* ScrollViewDelegateMultiplexerExampleTests */,
				5D79E59E1BEC181B00833C35 /* ScrollViewDelegateMultiplexerExampleUITests */,
			);
		};
/* End PBXProject section */

/* Begin PBXResourcesBuildPhase section */
		5D79E5791BEC181B00833C35 /* Resources */ = {
			isa = PBXResourcesBuildPhase;
			buildActionMask = 2147483647;
			files = (
				5D79E58E1BEC181B00833C35 /* LaunchScreen.storyboard in Resources */,
				5D79E58B1BEC181B00833C35 /* Assets.xcassets in Resources */,
				5D79E5891BEC181B00833C35 /* Main.storyboard in Resources */,
			);
			runOnlyForDeploymentPostprocessing = 0;
		};
		5D79E5921BEC181B00833C35 /* Resources */ = {
			isa = PBXResourcesBuildPhase;
			buildActionMask = 2147483647;
			files = (
			);
			runOnlyForDeploymentPostprocessing = 0;
		};
		5D79E59D1BEC181B00833C35 /* Resources */ = {
			isa = PBXResourcesBuildPhase;
			buildActionMask = 2147483647;
			files = (
			);
			runOnlyForDeploymentPostprocessing = 0;
		};
/* End PBXResourcesBuildPhase section */

/* Begin PBXSourcesBuildPhase section */
		5D79E5771BEC181B00833C35 /* Sources */ = {
			isa = PBXSourcesBuildPhase;
			buildActionMask = 2147483647;
			files = (
				5D79E5C11BEC835100833C35 /* CustomLabel.m in Sources */,
				5D79E5BE1BEC196B00833C35 /* MDCScrollViewDelegateMultiplexer.m in Sources */,
				5D79E5861BEC181B00833C35 /* ViewController.m in Sources */,
				5D79E5831BEC181B00833C35 /* AppDelegate.m in Sources */,
				5D79E5801BEC181B00833C35 /* main.m in Sources */,
			);
			runOnlyForDeploymentPostprocessing = 0;
		};
		5D79E5901BEC181B00833C35 /* Sources */ = {
			isa = PBXSourcesBuildPhase;
			buildActionMask = 2147483647;
			files = (
				5D79E5991BEC181B00833C35 /* ScrollViewDelegateMultiplexerExampleTests.m in Sources */,
			);
			runOnlyForDeploymentPostprocessing = 0;
		};
		5D79E59B1BEC181B00833C35 /* Sources */ = {
			isa = PBXSourcesBuildPhase;
			buildActionMask = 2147483647;
			files = (
				5D79E5A41BEC181B00833C35 /* ScrollViewDelegateMultiplexerExampleUITests.m in Sources */,
			);
			runOnlyForDeploymentPostprocessing = 0;
		};
/* End PBXSourcesBuildPhase section */

/* Begin PBXTargetDependency section */
		5D79E5961BEC181B00833C35 /* PBXTargetDependency */ = {
			isa = PBXTargetDependency;
			target = 5D79E57A1BEC181B00833C35 /* ScrollViewDelegateMultiplexerExample */;
			targetProxy = 5D79E5951BEC181B00833C35 /* PBXContainerItemProxy */;
		};
		5D79E5A11BEC181B00833C35 /* PBXTargetDependency */ = {
			isa = PBXTargetDependency;
			target = 5D79E57A1BEC181B00833C35 /* ScrollViewDelegateMultiplexerExample */;
			targetProxy = 5D79E5A01BEC181B00833C35 /* PBXContainerItemProxy */;
		};
/* End PBXTargetDependency section */

/* Begin PBXVariantGroup section */
		5D79E5871BEC181B00833C35 /* Main.storyboard */ = {
			isa = PBXVariantGroup;
			children = (
				5D79E5881BEC181B00833C35 /* Base */,
			);
			name = Main.storyboard;
			sourceTree = "<group>";
		};
		5D79E58C1BEC181B00833C35 /* LaunchScreen.storyboard */ = {
			isa = PBXVariantGroup;
			children = (
				5D79E58D1BEC181B00833C35 /* Base */,
			);
			name = LaunchScreen.storyboard;
			sourceTree = "<group>";
		};
/* End PBXVariantGroup section */

/* Begin XCBuildConfiguration section */
		5D79E5A61BEC181B00833C35 /* Debug */ = {
			isa = XCBuildConfiguration;
			buildSettings = {
				ALWAYS_SEARCH_USER_PATHS = NO;
				CLANG_CXX_LANGUAGE_STANDARD = "gnu++0x";
				CLANG_CXX_LIBRARY = "libc++";
				CLANG_ENABLE_MODULES = YES;
				CLANG_ENABLE_OBJC_ARC = YES;
				CLANG_WARN_BOOL_CONVERSION = YES;
				CLANG_WARN_CONSTANT_CONVERSION = YES;
				CLANG_WARN_DIRECT_OBJC_ISA_USAGE = YES_ERROR;
				CLANG_WARN_EMPTY_BODY = YES;
				CLANG_WARN_ENUM_CONVERSION = YES;
				CLANG_WARN_INT_CONVERSION = YES;
				CLANG_WARN_OBJC_ROOT_CLASS = YES_ERROR;
				CLANG_WARN_UNREACHABLE_CODE = YES;
				CLANG_WARN__DUPLICATE_METHOD_MATCH = YES;
				"CODE_SIGN_IDENTITY[sdk=iphoneos*]" = "iPhone Developer";
				COPY_PHASE_STRIP = NO;
				DEBUG_INFORMATION_FORMAT = dwarf;
				ENABLE_STRICT_OBJC_MSGSEND = YES;
				ENABLE_TESTABILITY = YES;
				GCC_C_LANGUAGE_STANDARD = gnu99;
				GCC_DYNAMIC_NO_PIC = NO;
				GCC_NO_COMMON_BLOCKS = YES;
				GCC_OPTIMIZATION_LEVEL = 0;
				GCC_PREPROCESSOR_DEFINITIONS = (
					"DEBUG=1",
					"$(inherited)",
				);
				GCC_WARN_64_TO_32_BIT_CONVERSION = YES;
				GCC_WARN_ABOUT_RETURN_TYPE = YES_ERROR;
				GCC_WARN_UNDECLARED_SELECTOR = YES;
				GCC_WARN_UNINITIALIZED_AUTOS = YES_AGGRESSIVE;
				GCC_WARN_UNUSED_FUNCTION = YES;
				GCC_WARN_UNUSED_VARIABLE = YES;
				IPHONEOS_DEPLOYMENT_TARGET = 9.1;
				MTL_ENABLE_DEBUG_INFO = YES;
				ONLY_ACTIVE_ARCH = YES;
				SDKROOT = iphoneos;
				TARGETED_DEVICE_FAMILY = "1,2";
			};
			name = Debug;
		};
		5D79E5A71BEC181B00833C35 /* Release */ = {
			isa = XCBuildConfiguration;
			buildSettings = {
				ALWAYS_SEARCH_USER_PATHS = NO;
				CLANG_CXX_LANGUAGE_STANDARD = "gnu++0x";
				CLANG_CXX_LIBRARY = "libc++";
				CLANG_ENABLE_MODULES = YES;
				CLANG_ENABLE_OBJC_ARC = YES;
				CLANG_WARN_BOOL_CONVERSION = YES;
				CLANG_WARN_CONSTANT_CONVERSION = YES;
				CLANG_WARN_DIRECT_OBJC_ISA_USAGE = YES_ERROR;
				CLANG_WARN_EMPTY_BODY = YES;
				CLANG_WARN_ENUM_CONVERSION = YES;
				CLANG_WARN_INT_CONVERSION = YES;
				CLANG_WARN_OBJC_ROOT_CLASS = YES_ERROR;
				CLANG_WARN_UNREACHABLE_CODE = YES;
				CLANG_WARN__DUPLICATE_METHOD_MATCH = YES;
				"CODE_SIGN_IDENTITY[sdk=iphoneos*]" = "iPhone Developer";
				COPY_PHASE_STRIP = NO;
				DEBUG_INFORMATION_FORMAT = "dwarf-with-dsym";
				ENABLE_NS_ASSERTIONS = NO;
				ENABLE_STRICT_OBJC_MSGSEND = YES;
				GCC_C_LANGUAGE_STANDARD = gnu99;
				GCC_NO_COMMON_BLOCKS = YES;
				GCC_WARN_64_TO_32_BIT_CONVERSION = YES;
				GCC_WARN_ABOUT_RETURN_TYPE = YES_ERROR;
				GCC_WARN_UNDECLARED_SELECTOR = YES;
				GCC_WARN_UNINITIALIZED_AUTOS = YES_AGGRESSIVE;
				GCC_WARN_UNUSED_FUNCTION = YES;
				GCC_WARN_UNUSED_VARIABLE = YES;
				IPHONEOS_DEPLOYMENT_TARGET = 9.1;
				MTL_ENABLE_DEBUG_INFO = NO;
				SDKROOT = iphoneos;
				TARGETED_DEVICE_FAMILY = "1,2";
				VALIDATE_PRODUCT = YES;
			};
			name = Release;
		};
		5D79E5A91BEC181B00833C35 /* Debug */ = {
			isa = XCBuildConfiguration;
			buildSettings = {
				ASSETCATALOG_COMPILER_APPICON_NAME = AppIcon;
				INFOPLIST_FILE = ScrollViewDelegateMultiplexerExample/Info.plist;
				LD_RUNPATH_SEARCH_PATHS = "$(inherited) @executable_path/Frameworks";
				PRODUCT_BUNDLE_IDENTIFIER = com.google.MaterialComonents.ScrollViewDelegateMultiplexerExample;
				PRODUCT_NAME = "$(TARGET_NAME)";
			};
			name = Debug;
		};
		5D79E5AA1BEC181B00833C35 /* Release */ = {
			isa = XCBuildConfiguration;
			buildSettings = {
				ASSETCATALOG_COMPILER_APPICON_NAME = AppIcon;
				INFOPLIST_FILE = ScrollViewDelegateMultiplexerExample/Info.plist;
				LD_RUNPATH_SEARCH_PATHS = "$(inherited) @executable_path/Frameworks";
				PRODUCT_BUNDLE_IDENTIFIER = com.google.MaterialComonents.ScrollViewDelegateMultiplexerExample;
				PRODUCT_NAME = "$(TARGET_NAME)";
			};
			name = Release;
		};
		5D79E5AC1BEC181B00833C35 /* Debug */ = {
			isa = XCBuildConfiguration;
			buildSettings = {
				BUNDLE_LOADER = "$(TEST_HOST)";
				INFOPLIST_FILE = ScrollViewDelegateMultiplexerExampleTests/Info.plist;
				LD_RUNPATH_SEARCH_PATHS = "$(inherited) @executable_path/Frameworks @loader_path/Frameworks";
				PRODUCT_BUNDLE_IDENTIFIER = com.google.MaterialComonents.ScrollViewDelegateMultiplexerExampleTests;
				PRODUCT_NAME = "$(TARGET_NAME)";
				TEST_HOST = "$(BUILT_PRODUCTS_DIR)/ScrollViewDelegateMultiplexerExample.app/ScrollViewDelegateMultiplexerExample";
			};
			name = Debug;
		};
		5D79E5AD1BEC181B00833C35 /* Release */ = {
			isa = XCBuildConfiguration;
			buildSettings = {
				BUNDLE_LOADER = "$(TEST_HOST)";
				INFOPLIST_FILE = ScrollViewDelegateMultiplexerExampleTests/Info.plist;
				LD_RUNPATH_SEARCH_PATHS = "$(inherited) @executable_path/Frameworks @loader_path/Frameworks";
				PRODUCT_BUNDLE_IDENTIFIER = com.google.MaterialComonents.ScrollViewDelegateMultiplexerExampleTests;
				PRODUCT_NAME = "$(TARGET_NAME)";
				TEST_HOST = "$(BUILT_PRODUCTS_DIR)/ScrollViewDelegateMultiplexerExample.app/ScrollViewDelegateMultiplexerExample";
			};
			name = Release;
		};
		5D79E5AF1BEC181B00833C35 /* Debug */ = {
			isa = XCBuildConfiguration;
			buildSettings = {
				INFOPLIST_FILE = ScrollViewDelegateMultiplexerExampleUITests/Info.plist;
				LD_RUNPATH_SEARCH_PATHS = "$(inherited) @executable_path/Frameworks @loader_path/Frameworks";
				PRODUCT_BUNDLE_IDENTIFIER = com.google.MaterialComonents.ScrollViewDelegateMultiplexerExampleUITests;
				PRODUCT_NAME = "$(TARGET_NAME)";
				TEST_TARGET_NAME = ScrollViewDelegateMultiplexerExample;
				USES_XCTRUNNER = YES;
			};
			name = Debug;
		};
		5D79E5B01BEC181B00833C35 /* Release */ = {
			isa = XCBuildConfiguration;
			buildSettings = {
				INFOPLIST_FILE = ScrollViewDelegateMultiplexerExampleUITests/Info.plist;
				LD_RUNPATH_SEARCH_PATHS = "$(inherited) @executable_path/Frameworks @loader_path/Frameworks";
				PRODUCT_BUNDLE_IDENTIFIER = com.google.MaterialComonents.ScrollViewDelegateMultiplexerExampleUITests;
				PRODUCT_NAME = "$(TARGET_NAME)";
				TEST_TARGET_NAME = ScrollViewDelegateMultiplexerExample;
				USES_XCTRUNNER = YES;
			};
			name = Release;
		};
/* End XCBuildConfiguration section */

/* Begin XCConfigurationList section */
		5D79E5761BEC181B00833C35 /* Build configuration list for PBXProject "ScrollViewDelegateMultiplexerExample" */ = {
			isa = XCConfigurationList;
			buildConfigurations = (
				5D79E5A61BEC181B00833C35 /* Debug */,
				5D79E5A71BEC181B00833C35 /* Release */,
			);
			defaultConfigurationIsVisible = 0;
			defaultConfigurationName = Release;
		};
		5D79E5A81BEC181B00833C35 /* Build configuration list for PBXNativeTarget "ScrollViewDelegateMultiplexerExample" */ = {
			isa = XCConfigurationList;
			buildConfigurations = (
				5D79E5A91BEC181B00833C35 /* Debug */,
				5D79E5AA1BEC181B00833C35 /* Release */,
			);
			defaultConfigurationIsVisible = 0;
			defaultConfigurationName = Release;
		};
		5D79E5AB1BEC181B00833C35 /* Build configuration list for PBXNativeTarget "ScrollViewDelegateMultiplexerExampleTests" */ = {
			isa = XCConfigurationList;
			buildConfigurations = (
				5D79E5AC1BEC181B00833C35 /* Debug */,
				5D79E5AD1BEC181B00833C35 /* Release */,
			);
			defaultConfigurationIsVisible = 0;
			defaultConfigurationName = Release;
		};
		5D79E5AE1BEC181B00833C35 /* Build configuration list for PBXNativeTarget "ScrollViewDelegateMultiplexerExampleUITests" */ = {
			isa = XCConfigurationList;
			buildConfigurations = (
				5D79E5AF1BEC181B00833C35 /* Debug */,
				5D79E5B01BEC181B00833C35 /* Release */,
			);
			defaultConfigurationIsVisible = 0;
			defaultConfigurationName = Release;
		};
/* End XCConfigurationList section */
	};
	rootObject = 5D79E5731BEC181B00833C35 /* Project object */;
}
