PODS:
  - CatalogByConvention (1.0.0)
  - CatalogExamples (12.1.1)
  - CatalogUnitTests (12.1.1)
  - Resistor (12.1.1)

DEPENDENCIES:
  - CatalogByConvention (from `../../`)
  - CatalogExamples (from `../`)
  - CatalogUnitTests (from `../`)
  - Resistor (from `../components/Resistor`)

EXTERNAL SOURCES:
  CatalogByConvention:
    :path: ../../
  CatalogExamples:
    :path: ../
  CatalogUnitTests:
    :path: ../
  Resistor:
    :path: ../components/Resistor

SPEC CHECKSUMS:
  CatalogByConvention: 0137d280781667dd3d856a14cdf507f5ac8eedc0
  CatalogExamples: 8cffc57870982105ef8cc40e162fcdf550595343
  CatalogUnitTests: 28fd9a743d80d98f0d3410dd96ac37e31fc51503
  Resistor: f538e741349b302ac1be16ebf3fc0c3fb9bef182

PODFILE CHECKSUM: f14a477885bb971999b5fa8afb20a539b2bcabdc

COCOAPODS: 1.0.1
