PODS:
  - MaterialComponents/AppBar (22.1.1):
    - MaterialComponents/FlexibleHeader
    - MaterialComponents/HeaderStackView
    - MaterialComponents/NavigationBar
    - MaterialComponents/private/Icons/ic_arrow_back
    - MaterialComponents/private/RTL
    - MaterialComponents/ShadowElevations
    - MaterialComponents/ShadowLayer
    - MaterialComponents/Typography
  - MaterialComponents/ButtonBar (22.1.1):
    - MaterialComponents/Buttons
    - MaterialComponents/private/RTL
  - MaterialComponents/Buttons (22.1.1):
    - MaterialComponents/Ink
    - MaterialComponents/ShadowElevations
    - MaterialComponents/ShadowLayer
    - MaterialComponents/Typography
    - MDFTextAccessibility
  - MaterialComponents/FlexibleHeader (22.1.1):
    - MaterialComponents/private/Application
    - MDFTextAccessibility
  - MaterialComponents/HeaderStackView (22.1.1)
  - MaterialComponents/Ink (22.1.1)
  - MaterialComponents/NavigationBar (22.1.1):
    - MaterialComponents/ButtonBar
    - MaterialComponents/private/RTL
    - MaterialComponents/Typography
    - MDFTextAccessibility
  - MaterialComponents/PageControl (22.1.1)
  - MaterialComponents/private/Application (22.1.1)
  - MaterialComponents/private/Icons/Base (22.1.1)
  - MaterialComponents/private/Icons/ic_arrow_back (22.1.1):
    - MaterialComponents/private/Icons/Base
  - MaterialComponents/private/RTL (22.1.1)
  - MaterialComponents/ShadowElevations (22.1.1)
  - MaterialComponents/ShadowLayer (22.1.1)
  - MaterialComponents/Typography (22.1.1):
    - MaterialComponents/private/Application
  - MDFTextAccessibility (1.1.4)
  - RemoteImageServiceForMDCDemos (22.1.1)

DEPENDENCIES:
  - MaterialComponents/AppBar (from `../../`)
  - MaterialComponents/PageControl (from `../../`)
  - RemoteImageServiceForMDCDemos (from `../supplemental`)

EXTERNAL SOURCES:
  MaterialComponents:
    :path: "../../"
  RemoteImageServiceForMDCDemos:
    :path: "../supplemental"

SPEC CHECKSUMS:
  MaterialComponents: 22f26b4327c85a8be7d3b9c20f4d44f3393cbb80
  MDFTextAccessibility: aa897b2675bc614c01a331053af680deea692148
  RemoteImageServiceForMDCDemos: 8912d773e42ab061c45a2c09f98f1c4b7f7d552b

PODFILE CHECKSUM: 5eb94d7fb8deeb6709b7300f5d0e0e1a75902cca

COCOAPODS: 1.2.0
