PODS:
  - MaterialComponents/AppBar (36.3.0):
    - MaterialComponents/AppBar/ColorThemer (= 36.3.0)
    - MaterialComponents/AppBar/Component (= 36.3.0)
  - MaterialComponents/AppBar/ColorThemer (36.3.0):
    - MaterialComponents/AppBar/Component
    - MaterialComponents/Themes
  - MaterialComponents/AppBar/Component (36.3.0):
    - MaterialComponents/FlexibleHeader
    - MaterialComponents/HeaderStackView
    - MaterialComponents/NavigationBar
    - MaterialComponents/private/Application
    - MaterialComponents/private/Icons/ic_arrow_back
    - MaterialComponents/private/RTL
    - MaterialComponents/private/UIMetrics
    - MaterialComponents/ShadowElevations
    - MaterialComponents/ShadowLayer
    - MaterialComponents/Typography
  - MaterialComponents/ButtonBar/Component (36.3.0):
    - MaterialComponents/Buttons
    - MaterialComponents/private/RTL
  - MaterialComponents/Buttons (36.3.0):
    - MaterialComponents/Buttons/ColorThemer (= 36.3.0)
    - MaterialComponents/Buttons/Component (= 36.3.0)
    - MaterialComponents/Buttons/TitleColorAccessibilityMutator (= 36.3.0)
    - MaterialComponents/Ink
    - MaterialComponents/private/Math
    - MaterialComponents/ShadowElevations
    - MaterialComponents/ShadowLayer
    - MaterialComponents/Typography
    - MDFTextAccessibility
  - MaterialComponents/Buttons/ColorThemer (36.3.0):
    - MaterialComponents/Buttons/Component
    - MaterialComponents/Ink
    - MaterialComponents/private/Math
    - MaterialComponents/ShadowElevations
    - MaterialComponents/ShadowLayer
    - MaterialComponents/Themes
    - MaterialComponents/Typography
    - MDFTextAccessibility
  - MaterialComponents/Buttons/Component (36.3.0):
    - MaterialComponents/Ink
    - MaterialComponents/private/Math
    - MaterialComponents/ShadowElevations
    - MaterialComponents/ShadowLayer
    - MaterialComponents/Typography
    - MDFTextAccessibility
  - MaterialComponents/Buttons/TitleColorAccessibilityMutator (36.3.0):
    - MaterialComponents/Buttons/Component
    - MaterialComponents/Ink
    - MaterialComponents/private/Math
    - MaterialComponents/ShadowElevations
    - MaterialComponents/ShadowLayer
    - MaterialComponents/Typography
    - MDFTextAccessibility
  - MaterialComponents/FlexibleHeader (36.3.0):
    - MaterialComponents/FlexibleHeader/ColorThemer (= 36.3.0)
    - MaterialComponents/FlexibleHeader/Component (= 36.3.0)
    - MaterialComponents/private/Application
    - MDFTextAccessibility
  - MaterialComponents/FlexibleHeader/ColorThemer (36.3.0):
    - MaterialComponents/FlexibleHeader/Component
    - MaterialComponents/private/Application
    - MaterialComponents/Themes
    - MDFTextAccessibility
  - MaterialComponents/FlexibleHeader/Component (36.3.0):
    - MaterialComponents/private/Application
    - MaterialComponents/private/UIMetrics
    - MDFTextAccessibility
  - MaterialComponents/HeaderStackView (36.3.0):
    - MaterialComponents/HeaderStackView/ColorThemer (= 36.3.0)
    - MaterialComponents/HeaderStackView/Component (= 36.3.0)
  - MaterialComponents/HeaderStackView/ColorThemer (36.3.0):
    - MaterialComponents/HeaderStackView/Component
    - MaterialComponents/Themes
  - MaterialComponents/HeaderStackView/Component (36.3.0)
  - MaterialComponents/Ink (36.3.0):
    - MaterialComponents/Ink/ColorThemer (= 36.3.0)
    - MaterialComponents/Ink/Component (= 36.3.0)
  - MaterialComponents/Ink/ColorThemer (36.3.0):
    - MaterialComponents/Ink/Component
    - MaterialComponents/Themes
  - MaterialComponents/Ink/Component (36.3.0)
  - MaterialComponents/NavigationBar (36.3.0):
    - MaterialComponents/NavigationBar/ColorThemer (= 36.3.0)
    - MaterialComponents/NavigationBar/Component (= 36.3.0)
  - MaterialComponents/NavigationBar/ColorThemer (36.3.0):
    - MaterialComponents/NavigationBar/Component
    - MaterialComponents/Themes
  - MaterialComponents/NavigationBar/Component (36.3.0):
    - MaterialComponents/ButtonBar/Component
    - MaterialComponents/private/Math
    - MaterialComponents/private/RTL
    - MaterialComponents/Typography
    - MDFTextAccessibility
  - MaterialComponents/PageControl (36.3.0):
    - MaterialComponents/PageControl/ColorThemer (= 36.3.0)
    - MaterialComponents/PageControl/Component (= 36.3.0)
  - MaterialComponents/PageControl/ColorThemer (36.3.0):
    - MaterialComponents/PageControl/Component
    - MaterialComponents/Themes
  - MaterialComponents/PageControl/Component (36.3.0)
  - MaterialComponents/private/Application (36.3.0)
  - MaterialComponents/private/Icons/Base (36.3.0)
  - MaterialComponents/private/Icons/ic_arrow_back (36.3.0):
    - MaterialComponents/private/Icons/Base
  - MaterialComponents/private/Math (36.3.0)
  - MaterialComponents/private/RTL (36.3.0)
  - MaterialComponents/private/UIMetrics (36.3.0):
    - MaterialComponents/private/Application
  - MaterialComponents/ShadowElevations (36.3.0)
  - MaterialComponents/ShadowLayer (36.3.0):
    - MaterialComponents/ShadowElevations
  - MaterialComponents/Themes (36.3.0)
  - MaterialComponents/Typography (36.3.0):
    - MaterialComponents/private/Application
  - MDFTextAccessibility (1.2.0)
  - RemoteImageServiceForMDCDemos (36.3.0)

DEPENDENCIES:
  - MaterialComponents/AppBar (from `../../`)
  - MaterialComponents/PageControl (from `../../`)
  - RemoteImageServiceForMDCDemos (from `../supplemental`)

EXTERNAL SOURCES:
  MaterialComponents:
    :path: ../../
  RemoteImageServiceForMDCDemos:
    :path: ../supplemental

SPEC CHECKSUMS:
  MaterialComponents: 504a97d8eb8d91258c43fc1c26ddd45d924d7519
  MDFTextAccessibility: 94098925e0853551c5a311ce7c1ecefbe297cdb6
  RemoteImageServiceForMDCDemos: c1f06bcc1fa949997377fe97870d035d49e9229d

PODFILE CHECKSUM: 5eb94d7fb8deeb6709b7300f5d0e0e1a75902cca

COCOAPODS: 1.2.1
